
Microsoft Visual Studio Solution File, Format Version 12.00
# Visual Studio Version 17
VisualStudioVersion = 17.0.32112.339
MinimumVisualStudioVersion = 10.0.40219.1
Project("{8BC9CEB8-8B4A-11D0-8D11-00A0C91BC942}") = "Messages Processor", "Messages Processor\Messages Processor.vcxproj", "{950EBAF2-8A41-4D60-9A26-CB6BA506A56A}"
EndProject
Project("{2150E333-8FDC-42A3-9474-1A3956D46DE8}") = "Solution Items", "Solution Items", "{804AB258-4836-41B2-93EF-7749BEC2CC25}"
	ProjectSection(SolutionItems) = preProject
		..\..\cspro\Properties.props = ..\..\cspro\Properties.props
	EndProjectSection
EndProject
Global
	GlobalSection(SolutionConfigurationPlatforms) = preSolution
		Debug|x86 = Debug|x86
	EndGlobalSection
	GlobalSection(ProjectConfigurationPlatforms) = postSolution
		{950EBAF2-8A41-4D60-9A26-CB6BA506A56A}.Debug|x86.ActiveCfg = Debug|Win32
		{950EBAF2-8A41-4D60-9A26-CB6BA506A56A}.Debug|x86.Build.0 = Debug|Win32
	EndGlobalSection
	GlobalSection(SolutionProperties) = preSolution
		HideSolutionNode = FALSE
	EndGlobalSection
	GlobalSection(ExtensibilityGlobals) = postSolution
		SolutionGuid = {4674BA16-4B74-4CF7-B78F-4CFE2C1E45B8}
	EndGlobalSection
EndGlobal
