<?xml version="1.0" encoding="utf-8"?>
<Project ToolsVersion="4.0" xmlns="http://schemas.microsoft.com/developer/msbuild/2003">
  <ItemGroup>
    <Filter Include="Source Files">
      <UniqueIdentifier>{4FC737F1-C7A5-4376-A066-2A32D752A2FF}</UniqueIdentifier>
      <Extensions>cpp;c;cc;cxx;c++;cppm;ixx;def;odl;idl;hpj;bat;asm;asmx</Extensions>
    </Filter>
    <Filter Include="Header Files">
      <UniqueIdentifier>{93995380-89BD-4b04-88EB-625FBE52EBFB}</UniqueIdentifier>
      <Extensions>h;hh;hpp;hxx;h++;hm;inl;inc;ipp;xsd</Extensions>
    </Filter>
    <Filter Include="Header Files\Properties">
      <UniqueIdentifier>{5d6fa029-0b27-4d94-823a-9e03348a37d9}</UniqueIdentifier>
    </Filter>
    <Filter Include="Source Files\Properties">
      <UniqueIdentifier>{35428d20-e057-453a-a872-5e5cb7e9eb30}</UniqueIdentifier>
    </Filter>
  </ItemGroup>
  <ItemGroup>
    <ClCompile Include="stdafx.cpp">
      <Filter>Source Files</Filter>
    </ClCompile>
    <ClCompile Include="zAppO.cpp">
      <Filter>Source Files</Filter>
    </ClCompile>
    <ClCompile Include="Language.cpp">
      <Filter>Source Files</Filter>
    </ClCompile>
    <ClCompile Include="Application.cpp">
      <Filter>Source Files</Filter>
    </ClCompile>
    <ClCompile Include="DictionaryDescription.cpp">
      <Filter>Source Files</Filter>
    </ClCompile>
    <ClCompile Include="MappingDefines.cpp">
      <Filter>Source Files</Filter>
    </ClCompile>
    <ClCompile Include="Properties\ParadataProperties.cpp">
      <Filter>Source Files\Properties</Filter>
    </ClCompile>
    <ClCompile Include="Properties\ApplicationProperties.cpp">
      <Filter>Source Files\Properties</Filter>
    </ClCompile>
    <ClCompile Include="Properties\MappingProperties.cpp">
      <Filter>Source Files\Properties</Filter>
    </ClCompile>
    <ClCompile Include="Properties\MappingTileProviderProperties.cpp">
      <Filter>Source Files\Properties</Filter>
    </ClCompile>
    <ClCompile Include="LabelSet.cpp">
      <Filter>Source Files</Filter>
    </ClCompile>
    <ClCompile Include="OccurrenceLabels.cpp">
      <Filter>Source Files</Filter>
    </ClCompile>
    <ClCompile Include="AppSyncParameters.cpp">
      <Filter>Source Files</Filter>
    </ClCompile>
    <ClCompile Include="Pre80SpecFile.cpp">
      <Filter>Source Files</Filter>
    </ClCompile>
    <ClCompile Include="PFF.cpp">
      <Filter>Source Files</Filter>
    </ClCompile>
    <ClCompile Include="EnumJsonSerializers.cpp">
      <Filter>Source Files</Filter>
    </ClCompile>
    <ClCompile Include="LogicSettings.cpp">
      <Filter>Source Files</Filter>
    </ClCompile>
    <ClCompile Include="AppFileType.cpp">
      <Filter>Source Files</Filter>
    </ClCompile>
    <ClCompile Include="Properties\JsonProperties.cpp">
      <Filter>Source Files\Properties</Filter>
    </ClCompile>
    <ClCompile Include="CodeFile.cpp">
      <Filter>Source Files</Filter>
    </ClCompile>
  </ItemGroup>
  <ItemGroup>
    <ClInclude Include="zAppO.h">
      <Filter>Header Files</Filter>
    </ClInclude>
    <ClInclude Include="stdafx.h">
      <Filter>Header Files</Filter>
    </ClInclude>
    <ClInclude Include="Language.h">
      <Filter>Header Files</Filter>
    </ClInclude>
    <ClInclude Include="Application.h">
      <Filter>Header Files</Filter>
    </ClInclude>
    <ClInclude Include="AppSyncParameters.h">
      <Filter>Header Files</Filter>
    </ClInclude>
    <ClInclude Include="DictionaryDescription.h">
      <Filter>Header Files</Filter>
    </ClInclude>
    <ClInclude Include="MappingDefines.h">
      <Filter>Header Files</Filter>
    </ClInclude>
    <ClInclude Include="SyncTypes.h">
      <Filter>Header Files</Filter>
    </ClInclude>
    <ClInclude Include="Properties\MappingTileProviderProperties.h">
      <Filter>Header Files\Properties</Filter>
    </ClInclude>
    <ClInclude Include="Properties\ParadataProperties.h">
      <Filter>Header Files\Properties</Filter>
    </ClInclude>
    <ClInclude Include="Properties\ApplicationProperties.h">
      <Filter>Header Files\Properties</Filter>
    </ClInclude>
    <ClInclude Include="Properties\MappingProperties.h">
      <Filter>Header Files\Properties</Filter>
    </ClInclude>
    <ClInclude Include="LabelSet.h">
      <Filter>Header Files</Filter>
    </ClInclude>
    <ClInclude Include="OccurrenceLabels.h">
      <Filter>Header Files</Filter>
    </ClInclude>
    <ClInclude Include="LanguageSerializerHelper.h">
      <Filter>Header Files</Filter>
    </ClInclude>
    <ClInclude Include="PFF.h">
      <Filter>Header Files</Filter>
    </ClInclude>
    <ClInclude Include="FieldStatus.h">
      <Filter>Header Files</Filter>
    </ClInclude>
    <ClInclude Include="LogicSettings.h">
      <Filter>Header Files</Filter>
    </ClInclude>
    <ClInclude Include="AppFileType.h">
      <Filter>Header Files</Filter>
    </ClInclude>
    <ClInclude Include="Properties\JsonProperties.h">
      <Filter>Header Files\Properties</Filter>
    </ClInclude>
    <ClInclude Include="CodeFile.h">
      <Filter>Header Files</Filter>
    </ClInclude>
  </ItemGroup>
</Project>