<?xml version="1.0" encoding="utf-8"?>
<Project ToolsVersion="4.0" xmlns="http://schemas.microsoft.com/developer/msbuild/2003">
  <ItemGroup>
    <Filter Include="Source Files">
      <UniqueIdentifier>{4d3a283d-5d09-4506-8fe2-69dc5e6eeeca}</UniqueIdentifier>
      <Extensions>cpp;c;cxx;rc;def;r;odl;idl;hpj;bat</Extensions>
    </Filter>
    <Filter Include="Header Files">
      <UniqueIdentifier>{6603a5f3-4a27-4fb2-96ba-bc3d8a642a56}</UniqueIdentifier>
      <Extensions>h;hpp;hxx;hm;inl</Extensions>
    </Filter>
  </ItemGroup>
  <ItemGroup>
    <ClCompile Include="BCMenu.cpp">
      <Filter>Source Files</Filter>
    </ClCompile>
    <ClCompile Include="FILEDLG.CPP">
      <Filter>Source Files</Filter>
    </ClCompile>
    <ClCompile Include="fileutil.cpp">
      <Filter>Source Files</Filter>
    </ClCompile>
    <ClCompile Include="imsaDlg.CPP">
      <Filter>Source Files</Filter>
    </ClCompile>
    <ClCompile Include="imsaStr.CPP">
      <Filter>Source Files</Filter>
    </ClCompile>
    <ClCompile Include="INTERAPP.CPP">
      <Filter>Source Files</Filter>
    </ClCompile>
    <ClCompile Include="NumEdit.cpp">
      <Filter>Source Files</Filter>
    </ClCompile>
    <ClCompile Include="PGSETUP.CPP">
      <Filter>Source Files</Filter>
    </ClCompile>
    <ClCompile Include="SPECFILE.CPP">
      <Filter>Source Files</Filter>
    </ClCompile>
    <ClCompile Include="StdAfx.cpp">
      <Filter>Source Files</Filter>
    </ClCompile>
    <ClCompile Include="WinFocSw.cpp">
      <Filter>Source Files</Filter>
    </ClCompile>
    <ClCompile Include="zUtilO.cpp">
      <Filter>Source Files</Filter>
    </ClCompile>
    <ClCompile Include="StdioFileUnicode.cpp">
      <Filter>Source Files</Filter>
    </ClCompile>
    <ClCompile Include="TemporaryFile.cpp">
      <Filter>Source Files</Filter>
    </ClCompile>
    <ClCompile Include="SimpleDbMap.cpp">
      <Filter>Source Files</Filter>
    </ClCompile>
    <ClCompile Include="TransactionManager.cpp">
      <Filter>Source Files</Filter>
    </ClCompile>
    <ClCompile Include="Versioning.cpp">
      <Filter>Source Files</Filter>
    </ClCompile>
    <ClCompile Include="Viewers.cpp">
      <Filter>Source Files</Filter>
    </ClCompile>
    <ClCompile Include="SqlLogicFunctions.cpp">
      <Filter>Source Files</Filter>
    </ClCompile>
    <ClCompile Include="CustomFont.cpp">
      <Filter>Source Files</Filter>
    </ClCompile>
    <ClCompile Include="WinBluetoothFunctions.cpp">
      <Filter>Source Files</Filter>
    </ClCompile>
    <ClCompile Include="CommonStore.cpp">
      <Filter>Source Files</Filter>
    </ClCompile>
    <ClCompile Include="NameShortener.cpp">
      <Filter>Source Files</Filter>
    </ClCompile>
    <ClCompile Include="PortableColor.cpp">
      <Filter>Source Files</Filter>
    </ClCompile>
    <ClCompile Include="CredentialStore.cpp">
      <Filter>Source Files</Filter>
    </ClCompile>
    <ClCompile Include="BasicLogger.cpp">
      <Filter>Source Files</Filter>
    </ClCompile>
    <ClCompile Include="SQLiteSchema.cpp">
      <Filter>Source Files</Filter>
    </ClCompile>
    <ClCompile Include="Randomizer.cpp">
      <Filter>Source Files</Filter>
    </ClCompile>
    <ClCompile Include="TextSourceEditable.cpp">
      <Filter>Source Files</Filter>
    </ClCompile>
    <ClCompile Include="TextSourceExternal.cpp">
      <Filter>Source Files</Filter>
    </ClCompile>
    <ClCompile Include="DataTypes.cpp">
      <Filter>Source Files</Filter>
    </ClCompile>
    <ClCompile Include="MimeType.cpp">
      <Filter>Source Files</Filter>
    </ClCompile>
    <ClCompile Include="PropertyString.cpp">
      <Filter>Source Files</Filter>
    </ClCompile>
    <ClCompile Include="ConnectionString.cpp">
      <Filter>Source Files</Filter>
    </ClCompile>
    <ClCompile Include="MediaStore.cpp">
      <Filter>Source Files</Filter>
    </ClCompile>
    <ClCompile Include="TextSource.cpp">
      <Filter>Source Files</Filter>
    </ClCompile>
    <ClCompile Include="WindowHelpers.cpp">
      <Filter>Source Files</Filter>
    </ClCompile>
    <ClCompile Include="FileExtensions.cpp">
      <Filter>Source Files</Filter>
    </ClCompile>
    <ClCompile Include="PortableFont.cpp">
      <Filter>Source Files</Filter>
    </ClCompile>
    <ClCompile Include="WindowsInterapp.cpp">
      <Filter>Source Files</Filter>
    </ClCompile>
    <ClCompile Include="ProcessSummary.cpp">
      <Filter>Source Files</Filter>
    </ClCompile>
    <ClCompile Include="PathHelpers.cpp">
      <Filter>Source Files</Filter>
    </ClCompile>
    <ClCompile Include="DataExchange.cpp">
      <Filter>Source Files</Filter>
    </ClCompile>
    <ClCompile Include="BinaryDataMetadata.cpp">
      <Filter>Source Files</Filter>
    </ClCompile>
    <ClCompile Include="MimeTypeMap.cpp">
      <Filter>Source Files</Filter>
    </ClCompile>
    <ClCompile Include="SettingsDb.cpp">
      <Filter>Source Files</Filter>
    </ClCompile>
    <ClCompile Include="SpecialDirectoryLister.cpp">
      <Filter>Source Files</Filter>
    </ClCompile>
    <ClCompile Include="VirtualDirectoryLister.cpp">
      <Filter>Source Files</Filter>
    </ClCompile>
    <ClCompile Include="BinaryDataAccessor.cpp">
      <Filter>Source Files</Filter>
    </ClCompile>
    <ClCompile Include="CSProExecutables.cpp">
      <Filter>Source Files</Filter>
    </ClCompile>
    <ClCompile Include="ExecutionStack.cpp">
      <Filter>Source Files</Filter>
    </ClCompile>
    <ClCompile Include="PortableFileSystem.cpp">
      <Filter>Source Files</Filter>
    </ClCompile>
  </ItemGroup>
  <ItemGroup>
    <ResourceCompile Include="zUtilO.rc">
      <Filter>Source Files</Filter>
    </ResourceCompile>
  </ItemGroup>
  <ItemGroup>
    <ClInclude Include="AppLdr.h">
      <Filter>Header Files</Filter>
    </ClInclude>
    <ClInclude Include="ArrUtil.h">
      <Filter>Header Files</Filter>
    </ClInclude>
    <ClInclude Include="BCMenu.h">
      <Filter>Header Files</Filter>
    </ClInclude>
    <ClInclude Include="FILEDLG.H">
      <Filter>Header Files</Filter>
    </ClInclude>
    <ClInclude Include="FileUtil.h">
      <Filter>Header Files</Filter>
    </ClInclude>
    <ClInclude Include="imsaDlg.H">
      <Filter>Header Files</Filter>
    </ClInclude>
    <ClInclude Include="imsaStr.H">
      <Filter>Header Files</Filter>
    </ClInclude>
    <ClInclude Include="INTERAPP.H">
      <Filter>Header Files</Filter>
    </ClInclude>
    <ClInclude Include="NumEdit.h">
      <Filter>Header Files</Filter>
    </ClInclude>
    <ClInclude Include="PGSETUP.H">
      <Filter>Header Files</Filter>
    </ClInclude>
    <ClInclude Include="SPECFILE.H">
      <Filter>Header Files</Filter>
    </ClInclude>
    <ClInclude Include="StdAfx.h">
      <Filter>Header Files</Filter>
    </ClInclude>
    <ClInclude Include="UndoStack.h">
      <Filter>Header Files</Filter>
    </ClInclude>
    <ClInclude Include="WinFocSw.h">
      <Filter>Header Files</Filter>
    </ClInclude>
    <ClInclude Include="zUtilO.h">
      <Filter>Header Files</Filter>
    </ClInclude>
    <ClInclude Include="StdioFileUnicode.h">
      <Filter>Header Files</Filter>
    </ClInclude>
    <ClInclude Include="Versioning.h">
      <Filter>Header Files</Filter>
    </ClInclude>
    <ClInclude Include="TemporaryFile.h">
      <Filter>Header Files</Filter>
    </ClInclude>
    <ClInclude Include="SimpleDbMap.h">
      <Filter>Header Files</Filter>
    </ClInclude>
    <ClInclude Include="TransactionManager.h">
      <Filter>Header Files</Filter>
    </ClInclude>
    <ClInclude Include="SQLiteTransaction.h">
      <Filter>Header Files</Filter>
    </ClInclude>
    <ClInclude Include="MemoryHelpers.h">
      <Filter>Header Files</Filter>
    </ClInclude>
    <ClInclude Include="Viewers.h">
      <Filter>Header Files</Filter>
    </ClInclude>
    <ClInclude Include="SqlLogicFunctions.h">
      <Filter>Header Files</Filter>
    </ClInclude>
    <ClInclude Include="CustomFont.h">
      <Filter>Header Files</Filter>
    </ClInclude>
    <ClInclude Include="WinBluetoothFunctions.h">
      <Filter>Header Files</Filter>
    </ClInclude>
    <ClInclude Include="CommonStore.h">
      <Filter>Header Files</Filter>
    </ClInclude>
    <ClInclude Include="NameShortener.h">
      <Filter>Header Files</Filter>
    </ClInclude>
    <ClInclude Include="PortableColor.h">
      <Filter>Header Files</Filter>
    </ClInclude>
    <ClInclude Include="ICredentialStore.h">
      <Filter>Header Files</Filter>
    </ClInclude>
    <ClInclude Include="CredentialStore.h">
      <Filter>Header Files</Filter>
    </ClInclude>
    <ClInclude Include="BasicLogger.h">
      <Filter>Header Files</Filter>
    </ClInclude>
    <ClInclude Include="SQLiteSchema.h">
      <Filter>Header Files</Filter>
    </ClInclude>
    <ClInclude Include="VectorMap.h">
      <Filter>Header Files</Filter>
    </ClInclude>
    <ClInclude Include="ExpansiveList.h">
      <Filter>Header Files</Filter>
    </ClInclude>
    <ClInclude Include="ProcessSummary.h">
      <Filter>Header Files</Filter>
    </ClInclude>
    <ClInclude Include="ApplicationLoadException.h">
      <Filter>Header Files</Filter>
    </ClInclude>
    <ClInclude Include="Randomizer.h">
      <Filter>Header Files</Filter>
    </ClInclude>
    <ClInclude Include="TextSource.h">
      <Filter>Header Files</Filter>
    </ClInclude>
    <ClInclude Include="TextSourceExternal.h">
      <Filter>Header Files</Filter>
    </ClInclude>
    <ClInclude Include="TextSourceEditable.h">
      <Filter>Header Files</Filter>
    </ClInclude>
    <ClInclude Include="resource.h">
      <Filter>Header Files</Filter>
    </ClInclude>
    <ClInclude Include="UWMRanges.h">
      <Filter>Header Files</Filter>
    </ClInclude>
    <ClInclude Include="DataTypes.h">
      <Filter>Header Files</Filter>
    </ClInclude>
    <ClInclude Include="FromString.h">
      <Filter>Header Files</Filter>
    </ClInclude>
    <ClInclude Include="MimeType.h">
      <Filter>Header Files</Filter>
    </ClInclude>
    <ClInclude Include="PropertyString.h">
      <Filter>Header Files</Filter>
    </ClInclude>
    <ClInclude Include="ConnectionString.h">
      <Filter>Header Files</Filter>
    </ClInclude>
    <ClInclude Include="UWM.h">
      <Filter>Header Files</Filter>
    </ClInclude>
    <ClInclude Include="MediaStore.h">
      <Filter>Header Files</Filter>
    </ClInclude>
    <ClInclude Include="TreeCtrlHelpers.h">
      <Filter>Header Files</Filter>
    </ClInclude>
    <ClInclude Include="WindowHelpers.h">
      <Filter>Header Files</Filter>
    </ClInclude>
    <ClInclude Include="FileExtensions.h">
      <Filter>Header Files</Filter>
    </ClInclude>
    <ClInclude Include="PortableFont.h">
      <Filter>Header Files</Filter>
    </ClInclude>
    <ClInclude Include="WindowsInterapp.h">
      <Filter>Header Files</Filter>
    </ClInclude>
    <ClInclude Include="PathHelpers.h">
      <Filter>Header Files</Filter>
    </ClInclude>
    <ClInclude Include="DataExchange.h">
      <Filter>Header Files</Filter>
    </ClInclude>
    <ClInclude Include="BinaryDataMetadata.h">
      <Filter>Header Files</Filter>
    </ClInclude>
    <ClInclude Include="WindowsWS.h">
      <Filter>Header Files</Filter>
    </ClInclude>
    <ClInclude Include="SettingsDb.h">
      <Filter>Header Files</Filter>
    </ClInclude>
    <ClInclude Include="SpecialDirectoryLister.h">
      <Filter>Header Files</Filter>
    </ClInclude>
    <ClInclude Include="VirtualDirectoryLister.h">
      <Filter>Header Files</Filter>
    </ClInclude>
    <ClInclude Include="BinaryData.h">
      <Filter>Header Files</Filter>
    </ClInclude>
    <ClInclude Include="BinaryDataReader.h">
      <Filter>Header Files</Filter>
    </ClInclude>
    <ClInclude Include="BinaryDataAccessor.h">
      <Filter>Header Files</Filter>
    </ClInclude>
    <ClInclude Include="TextSourceString.h">
      <Filter>Header Files</Filter>
    </ClInclude>
    <ClInclude Include="CSProExecutables.h">
      <Filter>Header Files</Filter>
    </ClInclude>
    <ClInclude Include="ExecutionStack.h">
      <Filter>Header Files</Filter>
    </ClInclude>
    <ClInclude Include="PortableFileSystem.h">
      <Filter>Header Files</Filter>
    </ClInclude>
  </ItemGroup>
</Project>