<?xml version="1.0" encoding="utf-8"?>
<Project ToolsVersion="4.0" xmlns="http://schemas.microsoft.com/developer/msbuild/2003">
  <ItemGroup>
    <Filter Include="Source Files">
      <UniqueIdentifier>{bb406af8-bf80-4868-80cb-295e63ba687f}</UniqueIdentifier>
      <Extensions>cpp;c;cxx;rc;def;r;odl;idl;hpj;bat</Extensions>
    </Filter>
    <Filter Include="Header Files">
      <UniqueIdentifier>{b8a9539e-8f37-4ed3-bafe-06438e164fe3}</UniqueIdentifier>
      <Extensions>h;hpp;hxx;hm;inl</Extensions>
    </Filter>
  </ItemGroup>
  <ItemGroup>
    <ClCompile Include="GradLbl.cpp">
      <Filter>Source Files</Filter>
    </ClCompile>
    <ClCompile Include="OXDlgBar.cpp">
      <Filter>Source Files</Filter>
    </ClCompile>
    <ClCompile Include="OxDrDkCt.cpp">
      <Filter>Source Files</Filter>
    </ClCompile>
    <ClCompile Include="OxFWndDk.cpp">
      <Filter>Source Files</Filter>
    </ClCompile>
    <ClCompile Include="oxgedt.cpp">
      <Filter>Source Files</Filter>
    </ClCompile>
    <ClCompile Include="oxghdr.cpp">
      <Filter>Source Files</Filter>
    </ClCompile>
    <ClCompile Include="oxMDkFW.cpp">
      <Filter>Source Files</Filter>
    </ClCompile>
    <ClCompile Include="OxMFlWnd.cpp">
      <Filter>Source Files</Filter>
    </ClCompile>
    <ClCompile Include="OxRTrack.cpp">
      <Filter>Source Files</Filter>
    </ClCompile>
    <ClCompile Include="OxSplRec.cpp">
      <Filter>Source Files</Filter>
    </ClCompile>
    <ClCompile Include="OxszCtlB.cpp">
      <Filter>Source Files</Filter>
    </ClCompile>
    <ClCompile Include="OxszDKB.cpp">
      <Filter>Source Files</Filter>
    </ClCompile>
    <ClCompile Include="OxSzDlgB.cpp">
      <Filter>Source Files</Filter>
    </ClCompile>
    <ClCompile Include="oxtbvw.cpp">
      <Filter>Source Files</Filter>
    </ClCompile>
    <ClCompile Include="StdAfx.cpp">
      <Filter>Source Files</Filter>
    </ClCompile>
    <ClCompile Include="TreePrps.cpp">
      <Filter>Source Files</Filter>
    </ClCompile>
    <ClCompile Include="zUtoolO.cpp">
      <Filter>Source Files</Filter>
    </ClCompile>
  </ItemGroup>
  <ItemGroup>
    <ResourceCompile Include="zUtoolO.rc">
      <Filter>Source Files</Filter>
    </ResourceCompile>
  </ItemGroup>
  <ItemGroup>
    <ClInclude Include="GradLbl.h">
      <Filter>Header Files</Filter>
    </ClInclude>
    <ClInclude Include="OXDlgBar.h">
      <Filter>Header Files</Filter>
    </ClInclude>
    <ClInclude Include="OXDllExt.h">
      <Filter>Header Files</Filter>
    </ClInclude>
    <ClInclude Include="OxDrDkCt.h">
      <Filter>Header Files</Filter>
    </ClInclude>
    <ClInclude Include="OxFWndDk.h">
      <Filter>Header Files</Filter>
    </ClInclude>
    <ClInclude Include="oxgedt.h">
      <Filter>Header Files</Filter>
    </ClInclude>
    <ClInclude Include="oxghdr.h">
      <Filter>Header Files</Filter>
    </ClInclude>
    <ClInclude Include="OXGLRES.H">
      <Filter>Header Files</Filter>
    </ClInclude>
    <ClInclude Include="oxMDkFW.h">
      <Filter>Header Files</Filter>
    </ClInclude>
    <ClInclude Include="OxMFlWnd.h">
      <Filter>Header Files</Filter>
    </ClInclude>
    <ClInclude Include="OxRTrack.h">
      <Filter>Header Files</Filter>
    </ClInclude>
    <ClInclude Include="OxSplRec.h">
      <Filter>Header Files</Filter>
    </ClInclude>
    <ClInclude Include="OXszCtlB.h">
      <Filter>Header Files</Filter>
    </ClInclude>
    <ClInclude Include="OxszDKB.h">
      <Filter>Header Files</Filter>
    </ClInclude>
    <ClInclude Include="OxSzDlgB.h">
      <Filter>Header Files</Filter>
    </ClInclude>
    <ClInclude Include="oxtbvw.h">
      <Filter>Header Files</Filter>
    </ClInclude>
    <ClInclude Include="StdAfx.h">
      <Filter>Header Files</Filter>
    </ClInclude>
    <ClInclude Include="TreePrps.h">
      <Filter>Header Files</Filter>
    </ClInclude>
    <ClInclude Include="zUtoolO.h">
      <Filter>Header Files</Filter>
    </ClInclude>
    <ClInclude Include="Resource.h">
      <Filter>Header Files</Filter>
    </ClInclude>
    <ClInclude Include="UWM.h">
      <Filter>Header Files</Filter>
    </ClInclude>
    <ClInclude Include="resource_shared.h">
      <Filter>Header Files</Filter>
    </ClInclude>
  </ItemGroup>
</Project>