<?xml version="1.0" encoding="utf-8"?>
<Project ToolsVersion="4.0" xmlns="http://schemas.microsoft.com/developer/msbuild/2003">
  <ItemGroup>
    <Filter Include="Source Files">
      <UniqueIdentifier>{4FC737F1-C7A5-4376-A066-2A32D752A2FF}</UniqueIdentifier>
      <Extensions>cpp;c;cc;cxx;def;odl;idl;hpj;bat;asm;asmx</Extensions>
    </Filter>
    <Filter Include="Header Files">
      <UniqueIdentifier>{93995380-89BD-4b04-88EB-625FBE52EBFB}</UniqueIdentifier>
      <Extensions>h;hh;hpp;hxx;hm;inl;inc;ipp;xsd</Extensions>
    </Filter>
    <Filter Include="Resource Files">
      <UniqueIdentifier>{67DA6AB6-F800-4c08-8B7A-83BB121AAD01}</UniqueIdentifier>
      <Extensions>rc;ico;cur;bmp;dlg;rc2;rct;bin;rgs;gif;jpg;jpeg;jpe;resx;tiff;tif;png;wav;mfcribbon-ms</Extensions>
    </Filter>
  </ItemGroup>
  <ItemGroup>
    <ClCompile Include="zInterfaceF.cpp">
      <Filter>Source Files</Filter>
    </ClCompile>
    <ClCompile Include="StdAfx.cpp">
      <Filter>Source Files</Filter>
    </ClCompile>
    <ClCompile Include="UniverseDlg.cpp">
      <Filter>Source Files</Filter>
    </ClCompile>
    <ClCompile Include="DictionaryTreeCtrl.cpp">
      <Filter>Source Files</Filter>
    </ClCompile>
    <ClCompile Include="DictionaryTreeNode.cpp">
      <Filter>Source Files</Filter>
    </ClCompile>
    <ClCompile Include="ClickableDictionaryTreeCtrl.cpp">
      <Filter>Source Files</Filter>
    </ClCompile>
    <ClCompile Include="BatchLogicViewerDlg.cpp">
      <Filter>Source Files</Filter>
    </ClCompile>
    <ClCompile Include="LangDlgBar.cpp">
      <Filter>Source Files</Filter>
    </ClCompile>
    <ClCompile Include="LogicSettingsDlg.cpp">
      <Filter>Source Files</Filter>
    </ClCompile>
    <ClCompile Include="TreeNode.cpp">
      <Filter>Source Files</Filter>
    </ClCompile>
  </ItemGroup>
  <ItemGroup>
    <ClInclude Include="zInterfaceF.h">
      <Filter>Header Files</Filter>
    </ClInclude>
    <ClInclude Include="StdAfx.h">
      <Filter>Header Files</Filter>
    </ClInclude>
    <ClInclude Include="UniverseDlg.h">
      <Filter>Header Files</Filter>
    </ClInclude>
    <ClInclude Include="DictionaryTreeCtrl.h">
      <Filter>Header Files</Filter>
    </ClInclude>
    <ClInclude Include="DictionaryTreeNode.h">
      <Filter>Header Files</Filter>
    </ClInclude>
    <ClInclude Include="DictionaryTreeActionResponder.h">
      <Filter>Header Files</Filter>
    </ClInclude>
    <ClInclude Include="ClickableDictionaryTreeCtrl.h">
      <Filter>Header Files</Filter>
    </ClInclude>
    <ClInclude Include="resource_shared.h">
      <Filter>Header Files</Filter>
    </ClInclude>
    <ClInclude Include="resource.h">
      <Filter>Header Files</Filter>
    </ClInclude>
    <ClInclude Include="UWM.h">
      <Filter>Header Files</Filter>
    </ClInclude>
    <ClInclude Include="BatchLogicViewerDlg.h">
      <Filter>Header Files</Filter>
    </ClInclude>
    <ClInclude Include="LangDlgBar.h">
      <Filter>Header Files</Filter>
    </ClInclude>
    <ClInclude Include="LogicSettingsDlg.h">
      <Filter>Header Files</Filter>
    </ClInclude>
    <ClInclude Include="TreeNode.h">
      <Filter>Header Files</Filter>
    </ClInclude>
  </ItemGroup>
  <ItemGroup>
    <Image Include="res\dictionary.ico">
      <Filter>Resource Files</Filter>
    </Image>
    <Image Include="res\dictionary-item.ico">
      <Filter>Resource Files</Filter>
    </Image>
    <Image Include="res\dictionary-level.ico">
      <Filter>Resource Files</Filter>
    </Image>
    <Image Include="res\dictionary-record.ico">
      <Filter>Resource Files</Filter>
    </Image>
    <Image Include="res\dictionary-subitem.ico">
      <Filter>Resource Files</Filter>
    </Image>
    <Image Include="res\dictionary-valueset.ico">
      <Filter>Resource Files</Filter>
    </Image>
    <Image Include="res\dictionary-id-record.ico">
      <Filter>Resource Files</Filter>
    </Image>
    <Image Include="res\selection-states.bmp">
      <Filter>Resource Files</Filter>
    </Image>
    <Image Include="res\form-block.ico">
      <Filter>Resource Files</Filter>
    </Image>
    <Image Include="res\form-block-logic.ico">
      <Filter>Resource Files</Filter>
    </Image>
    <Image Include="res\form-block-logic-question.ico">
      <Filter>Resource Files</Filter>
    </Image>
    <Image Include="res\form-block-question.ico">
      <Filter>Resource Files</Filter>
    </Image>
    <Image Include="res\dictionary-relation.ico">
      <Filter>Resource Files</Filter>
    </Image>
    <Image Include="res\logic-file.ico">
      <Filter>Resource Files</Filter>
    </Image>
    <Image Include="res\report-file.ico">
      <Filter>Resource Files</Filter>
    </Image>
  </ItemGroup>
  <ItemGroup>
    <ResourceCompile Include="zInterfaceF.rc">
      <Filter>Resource Files</Filter>
    </ResourceCompile>
  </ItemGroup>
</Project>