<?xml version="1.0" encoding="utf-8"?>
<Project ToolsVersion="4.0" xmlns="http://schemas.microsoft.com/developer/msbuild/2003">
  <ItemGroup>
    <Filter Include="Source Files">
      <UniqueIdentifier>{4FC737F1-C7A5-4376-A066-2A32D752A2FF}</UniqueIdentifier>
      <Extensions>cpp;c;cc;cxx;c++;cppm;ixx;def;odl;idl;hpj;bat;asm;asmx</Extensions>
    </Filter>
    <Filter Include="Header Files">
      <UniqueIdentifier>{93995380-89BD-4b04-88EB-625FBE52EBFB}</UniqueIdentifier>
      <Extensions>h;hh;hpp;hxx;h++;hm;inl;inc;ipp;xsd</Extensions>
    </Filter>
    <Filter Include="pugixml">
      <UniqueIdentifier>{c6df6405-eb44-4ebb-8904-32e2b1477c2b}</UniqueIdentifier>
      <Extensions>cpp;c;cc;cxx;c++;cppm;ixx;def;odl;idl;hpj;bat;asm;asmx</Extensions>
    </Filter>
  </ItemGroup>
  <ItemGroup>
    <ClCompile Include="stdafx.cpp">
      <Filter>Source Files</Filter>
    </ClCompile>
    <ClCompile Include="WindowsMapUI.cpp">
      <Filter>Source Files</Filter>
    </ClCompile>
    <ClCompile Include="WindowsMapDlg.cpp">
      <Filter>Source Files</Filter>
    </ClCompile>
    <ClCompile Include="OfflineTileProvider.cpp">
      <Filter>Source Files</Filter>
    </ClCompile>
    <ClCompile Include="MBTilesReader.cpp">
      <Filter>Source Files</Filter>
    </ClCompile>
    <ClCompile Include="GeoJson.cpp">
      <Filter>Source Files</Filter>
    </ClCompile>
    <ClCompile Include="TPKReader.cpp">
      <Filter>Source Files</Filter>
    </ClCompile>
    <ClCompile Include="..\external\pugixml\pugixml.cpp">
      <Filter>pugixml</Filter>
    </ClCompile>
    <ClCompile Include="WindowsMapUISingleThread.cpp">
      <Filter>Source Files</Filter>
    </ClCompile>
    <ClCompile Include="CoordinateConverter.cpp">
      <Filter>Source Files</Filter>
    </ClCompile>
    <ClCompile Include="MappingPropertiesTester.cpp">
      <Filter>Source Files</Filter>
    </ClCompile>
    <ClCompile Include="CurrentLocation.cpp">
      <Filter>Source Files</Filter>
    </ClCompile>
  </ItemGroup>
  <ItemGroup>
    <ClInclude Include="zMapping.h">
      <Filter>Header Files</Filter>
    </ClInclude>
    <ClInclude Include="stdafx.h">
      <Filter>Header Files</Filter>
    </ClInclude>
    <ClInclude Include="IMapUI.h">
      <Filter>Header Files</Filter>
    </ClInclude>
    <ClInclude Include="WindowsMapUI.h">
      <Filter>Header Files</Filter>
    </ClInclude>
    <ClInclude Include="WindowsMapDlg.h">
      <Filter>Header Files</Filter>
    </ClInclude>
    <ClInclude Include="WindowsMapUIThreadRunner.h">
      <Filter>Header Files</Filter>
    </ClInclude>
    <ClInclude Include="UWM.h">
      <Filter>Header Files</Filter>
    </ClInclude>
    <ClInclude Include="OfflineTileProvider.h">
      <Filter>Header Files</Filter>
    </ClInclude>
    <ClInclude Include="MBTilesReader.h">
      <Filter>Header Files</Filter>
    </ClInclude>
    <ClInclude Include="OfflineTileReader.h">
      <Filter>Header Files</Filter>
    </ClInclude>
    <ClInclude Include="Geometry.h">
      <Filter>Header Files</Filter>
    </ClInclude>
    <ClInclude Include="GeoJson.h">
      <Filter>Header Files</Filter>
    </ClInclude>
    <ClInclude Include="GreatCircle.h">
      <Filter>Header Files</Filter>
    </ClInclude>
    <ClInclude Include="TPKReader.h">
      <Filter>Header Files</Filter>
    </ClInclude>
    <ClInclude Include="WindowsMapUISingleThread.h">
      <Filter>Header Files</Filter>
    </ClInclude>
    <ClInclude Include="CoordinateConverter.h">
      <Filter>Header Files</Filter>
    </ClInclude>
    <ClInclude Include="DefaultBaseMapEvaluator.h">
      <Filter>Header Files</Filter>
    </ClInclude>
    <ClInclude Include="MappingPropertiesTester.h">
      <Filter>Header Files</Filter>
    </ClInclude>
    <ClInclude Include="CurrentLocation.h">
      <Filter>Header Files</Filter>
    </ClInclude>
  </ItemGroup>
</Project>