<?xml version="1.0" encoding="utf-8"?>
<Project ToolsVersion="4.0" xmlns="http://schemas.microsoft.com/developer/msbuild/2003">
  <ItemGroup>
    <Filter Include="Source Files">
      <UniqueIdentifier>{4FC737F1-C7A5-4376-A066-2A32D752A2FF}</UniqueIdentifier>
      <Extensions>cpp;c;cc;cxx;def;odl;idl;hpj;bat;asm;asmx</Extensions>
    </Filter>
    <Filter Include="Header Files">
      <UniqueIdentifier>{93995380-89BD-4b04-88EB-625FBE52EBFB}</UniqueIdentifier>
      <Extensions>h;hh;hpp;hxx;hm;inl;inc;xsd</Extensions>
    </Filter>
    <Filter Include="Test Files">
      <UniqueIdentifier>{483f86c0-9950-469b-9272-12bc080a0496}</UniqueIdentifier>
    </Filter>
  </ItemGroup>
  <ItemGroup>
    <ClInclude Include="stdafx.h">
      <Filter>Header Files</Filter>
    </ClInclude>
    <ClInclude Include="FakeServer.h">
      <Filter>Header Files</Filter>
    </ClInclude>
    <ClInclude Include="FakeServerFactory.h">
      <Filter>Header Files</Filter>
    </ClInclude>
    <ClInclude Include="TestRepoBuilder.h">
      <Filter>Header Files</Filter>
    </ClInclude>
    <ClInclude Include="FailableHttpConnection.h">
      <Filter>Header Files</Filter>
    </ClInclude>
    <ClInclude Include="CaseTestHelpers.h">
      <Filter>Header Files</Filter>
    </ClInclude>
  </ItemGroup>
  <ItemGroup>
    <ClCompile Include="stdafx.cpp">
      <Filter>Source Files</Filter>
    </ClCompile>
    <ClCompile Include="IntegrationTest.cpp">
      <Filter>Source Files</Filter>
    </ClCompile>
    <ClCompile Include="JsonConverterTest.cpp">
      <Filter>Source Files</Filter>
    </ClCompile>
    <ClCompile Include="VectorClockTest.cpp">
      <Filter>Source Files</Filter>
    </ClCompile>
    <ClCompile Include="SyncClientTest.cpp">
      <Filter>Source Files</Filter>
    </ClCompile>
    <ClCompile Include="SyncObexHandlerTest.cpp">
      <Filter>Source Files</Filter>
    </ClCompile>
    <ClCompile Include="CurlHttpConnectionTest.cpp">
      <Filter>Source Files</Filter>
    </ClCompile>
    <ClCompile Include="CSWebSyncServerConnectionTest.cpp">
      <Filter>Source Files</Filter>
    </ClCompile>
    <ClCompile Include="DropboxSyncServerConnectionTest.cpp">
      <Filter>Source Files</Filter>
    </ClCompile>
    <ClCompile Include="CurlFtpConnectionTest.cpp">
      <Filter>Source Files</Filter>
    </ClCompile>
    <ClCompile Include="FTPSyncServerConnectionTest.cpp">
      <Filter>Source Files</Filter>
    </ClCompile>
    <ClCompile Include="JsonStreamParserTest.cpp">
      <Filter>Source Files</Filter>
    </ClCompile>
    <ClCompile Include="CaseJsonWriterTest.cpp">
      <Filter>Source Files</Filter>
    </ClCompile>
    <ClCompile Include="GeoJsonParserTest.cpp">
      <Filter>Source Files</Filter>
    </ClCompile>
  </ItemGroup>
  <ItemGroup>
    <CustomBuild Include="TestFiles\TestDict.dcf">
      <Filter>Test Files</Filter>
    </CustomBuild>
    <CustomBuild Include="TestFiles\ThreeLevelTest.csdb">
      <Filter>Test Files</Filter>
    </CustomBuild>
  </ItemGroup>
  <ItemGroup>
    <Image Include="TestFiles\cspro-logo.png">
      <Filter>Test Files</Filter>
    </Image>
  </ItemGroup>
</Project>