<?xml version="1.0" encoding="utf-8"?>
<Project ToolsVersion="4.0" xmlns="http://schemas.microsoft.com/developer/msbuild/2003">
  <ItemGroup>
    <Filter Include="Source Files">
      <UniqueIdentifier>{b7133a3c-60f0-4bc7-a61a-accefedd1919}</UniqueIdentifier>
      <Extensions>cpp;c;cxx;rc;def;r;odl;idl;hpj;bat</Extensions>
    </Filter>
    <Filter Include="Header Files">
      <UniqueIdentifier>{a6acca5f-fd55-4b3d-90d8-868ca0d87389}</UniqueIdentifier>
      <Extensions>h;hpp;hxx;hm;inl</Extensions>
    </Filter>
    <Filter Include="Resource Files">
      <UniqueIdentifier>{efd09032-6e1d-4c13-b67a-c34805254f4d}</UniqueIdentifier>
      <Extensions>rc;ico;cur;bmp;dlg;rc2;rct;bin;rgs;gif;jpg;jpeg;jpe;resx;tiff;tif;png;wav;mfcribbon-ms</Extensions>
    </Filter>
  </ItemGroup>
  <ItemGroup>
    <ClCompile Include="CSFreq.cpp">
      <Filter>Source Files</Filter>
    </ClCompile>
    <ClCompile Include="FreqDoc.cpp">
      <Filter>Source Files</Filter>
    </ClCompile>
    <ClCompile Include="FreqView.cpp">
      <Filter>Source Files</Filter>
    </ClCompile>
    <ClCompile Include="FrqOptV.cpp">
      <Filter>Source Files</Filter>
    </ClCompile>
    <ClCompile Include="MainFrm.cpp">
      <Filter>Source Files</Filter>
    </ClCompile>
    <ClCompile Include="StdAfx.cpp">
      <Filter>Source Files</Filter>
    </ClCompile>
  </ItemGroup>
  <ItemGroup>
    <ClInclude Include="CSFreq.h">
      <Filter>Header Files</Filter>
    </ClInclude>
    <ClInclude Include="DDTRCTL.H">
      <Filter>Header Files</Filter>
    </ClInclude>
    <ClInclude Include="FreqDoc.h">
      <Filter>Header Files</Filter>
    </ClInclude>
    <ClInclude Include="FreqView.h">
      <Filter>Header Files</Filter>
    </ClInclude>
    <ClInclude Include="FrqOptV.h">
      <Filter>Header Files</Filter>
    </ClInclude>
    <ClInclude Include="MainFrm.h">
      <Filter>Header Files</Filter>
    </ClInclude>
    <ClInclude Include="StdAfx.h">
      <Filter>Header Files</Filter>
    </ClInclude>
    <ClInclude Include="Resource.h">
      <Filter>Header Files</Filter>
    </ClInclude>
  </ItemGroup>
  <ItemGroup>
    <None Include="res\idr_main.ico">
      <Filter>Resource Files</Filter>
    </None>
    <None Include="res\itemunav.ico">
      <Filter>Resource Files</Filter>
    </None>
    <None Include="res\Toolbar.bmp">
      <Filter>Resource Files</Filter>
    </None>
  </ItemGroup>
  <ItemGroup>
    <ResourceCompile Include="CSFreq.rc">
      <Filter>Resource Files</Filter>
    </ResourceCompile>
  </ItemGroup>
</Project>