<?xml version="1.0" encoding="utf-8"?>
<Project ToolsVersion="4.0" xmlns="http://schemas.microsoft.com/developer/msbuild/2003">
  <ItemGroup>
    <Filter Include="Source Files">
      <UniqueIdentifier>{e40a0a34-f1f3-4ddc-9f03-b14fb9f1e287}</UniqueIdentifier>
      <Extensions>cpp;c;cxx;rc;def;r;odl;idl;hpj;bat</Extensions>
    </Filter>
    <Filter Include="Header Files">
      <UniqueIdentifier>{481ff727-1c7d-4899-9441-d555bc200313}</UniqueIdentifier>
      <Extensions>h;hpp;hxx;hm;inl</Extensions>
    </Filter>
    <Filter Include="Source Files\scrypt">
      <UniqueIdentifier>{491b279a-d18a-45bb-9345-2f7e59dd8c85}</UniqueIdentifier>
    </Filter>
    <Filter Include="Header Files\scrypt">
      <UniqueIdentifier>{2b463c8d-21b8-437c-b96f-8774e6e6160c}</UniqueIdentifier>
    </Filter>
    <Filter Include="Header Files\rijndael">
      <UniqueIdentifier>{60af3f2c-8ee2-4df8-8c3d-b3454ae466e7}</UniqueIdentifier>
    </Filter>
    <Filter Include="Source Files\rijndael">
      <UniqueIdentifier>{d7f6f0d9-1b16-46a1-8988-afe08d42274e}</UniqueIdentifier>
    </Filter>
  </ItemGroup>
  <ItemGroup>
    <ClCompile Include="acum.cpp">
      <Filter>Source Files</Filter>
    </ClCompile>
    <ClCompile Include="Memctrl.cpp">
      <Filter>Source Files</Filter>
    </ClCompile>
    <ClCompile Include="Special.cpp">
      <Filter>Source Files</Filter>
    </ClCompile>
    <ClCompile Include="StdAfx.cpp">
      <Filter>Source Files</Filter>
    </ClCompile>
    <ClCompile Include="ImsaStrMem.cpp">
      <Filter>Source Files</Filter>
    </ClCompile>
    <ClCompile Include="Tools.cpp">
      <Filter>Source Files</Filter>
    </ClCompile>
    <ClCompile Include="VarFuncs.cpp">
      <Filter>Source Files</Filter>
    </ClCompile>
    <ClCompile Include="zToolsO.cpp">
      <Filter>Source Files</Filter>
    </ClCompile>
    <ClCompile Include="BinaryGen.cpp">
      <Filter>Source Files</Filter>
    </ClCompile>
    <ClCompile Include="bzlib.c">
      <Filter>Source Files</Filter>
    </ClCompile>
    <ClCompile Include="PortableFunctions.cpp">
      <Filter>Source Files</Filter>
    </ClCompile>
    <ClCompile Include="md5.c">
      <Filter>Source Files</Filter>
    </ClCompile>
    <ClCompile Include="Encryption.cpp">
      <Filter>Source Files</Filter>
    </ClCompile>
    <ClCompile Include="WinRegistry.cpp">
      <Filter>Source Files</Filter>
    </ClCompile>
    <ClCompile Include="Utf8Convert.cpp">
      <Filter>Source Files</Filter>
    </ClCompile>
    <ClCompile Include="WinClipboard.cpp">
      <Filter>Source Files</Filter>
    </ClCompile>
    <ClCompile Include="base64.cpp">
      <Filter>Source Files</Filter>
    </ClCompile>
    <ClCompile Include="CSProException.cpp">
      <Filter>Source Files</Filter>
    </ClCompile>
    <ClCompile Include="scrypt\insecure_memzero.c">
      <Filter>Source Files\scrypt</Filter>
    </ClCompile>
    <ClCompile Include="scrypt\sha256.c">
      <Filter>Source Files\scrypt</Filter>
    </ClCompile>
    <ClCompile Include="Hash.cpp">
      <Filter>Source Files</Filter>
    </ClCompile>
    <ClCompile Include="rijndael\rijndael-alg-fst.c">
      <Filter>Source Files\rijndael</Filter>
    </ClCompile>
    <ClCompile Include="DateTime.cpp">
      <Filter>Source Files</Filter>
    </ClCompile>
    <ClCompile Include="FileIO.cpp">
      <Filter>Source Files</Filter>
    </ClCompile>
    <ClCompile Include="WinSettings.cpp">
      <Filter>Source Files</Filter>
    </ClCompile>
    <ClCompile Include="Encoders.cpp">
      <Filter>Source Files</Filter>
    </ClCompile>
    <ClCompile Include="Serializer.cpp">
      <Filter>Source Files</Filter>
    </ClCompile>
    <ClCompile Include="DelimitedTextCreator.cpp">
      <Filter>Source Files</Filter>
    </ClCompile>
    <ClCompile Include="Screen.cpp">
      <Filter>Source Files</Filter>
    </ClCompile>
    <ClCompile Include="DirectoryLister.cpp">
      <Filter>Source Files</Filter>
    </ClCompile>
    <ClCompile Include="StringOperations.cpp">
      <Filter>Source Files</Filter>
    </ClCompile>
    <ClCompile Include="NumberToString.cpp">
      <Filter>Source Files</Filter>
    </ClCompile>
    <ClCompile Include="Utf8FileStream.cpp">
      <Filter>Source Files</Filter>
    </ClCompile>
    <ClCompile Include="ErrorMessageDisplayer.cpp">
      <Filter>Source Files</Filter>
    </ClCompile>
    <ClCompile Include="FuzzyWuzzy.cpp">
      <Filter>Source Files</Filter>
    </ClCompile>
    <ClCompile Include="ObjectTransporter.cpp">
      <Filter>Source Files</Filter>
    </ClCompile>
    <ClCompile Include="ProcessRunner.cpp">
      <Filter>Source Files</Filter>
    </ClCompile>
    <ClCompile Include="uuid.cpp">
      <Filter>Source Files</Filter>
    </ClCompile>
    <ClCompile Include="TextConverterAnsi.cpp">
      <Filter>Source Files</Filter>
    </ClCompile>
  </ItemGroup>
  <ItemGroup>
    <ClInclude Include="acum.h">
      <Filter>Header Files</Filter>
    </ClInclude>
    <ClInclude Include="ApiKeys.h">
      <Filter>Header Files</Filter>
    </ClInclude>
    <ClInclude Include="StdAfx.h">
      <Filter>Header Files</Filter>
    </ClInclude>
    <ClInclude Include="TOOLS.H">
      <Filter>Header Files</Filter>
    </ClInclude>
    <ClInclude Include="bzlib.h">
      <Filter>Header Files</Filter>
    </ClInclude>
    <ClInclude Include="PortableFunctions.h">
      <Filter>Header Files</Filter>
    </ClInclude>
    <ClInclude Include="md5.h">
      <Filter>Header Files</Filter>
    </ClInclude>
    <ClInclude Include="zToolsO.h">
      <Filter>Header Files</Filter>
    </ClInclude>
    <ClInclude Include="WinRegistry.h">
      <Filter>Header Files</Filter>
    </ClInclude>
    <ClInclude Include="ConstantConserver.h">
      <Filter>Header Files</Filter>
    </ClInclude>
    <ClInclude Include="Special.h">
      <Filter>Header Files</Filter>
    </ClInclude>
    <ClInclude Include="VarFuncs.h">
      <Filter>Header Files</Filter>
    </ClInclude>
    <ClInclude Include="Utf8Convert.h">
      <Filter>Header Files</Filter>
    </ClInclude>
    <ClInclude Include="WinClipboard.h">
      <Filter>Header Files</Filter>
    </ClInclude>
    <ClInclude Include="VectorHelpers.h">
      <Filter>Header Files</Filter>
    </ClInclude>
    <ClInclude Include="NumberConverter.h">
      <Filter>Header Files</Filter>
    </ClInclude>
    <ClInclude Include="base64.h">
      <Filter>Header Files</Filter>
    </ClInclude>
    <ClInclude Include="TextFormatter.h">
      <Filter>Header Files</Filter>
    </ClInclude>
    <ClInclude Include="CSProException.h">
      <Filter>Header Files</Filter>
    </ClInclude>
    <ClInclude Include="Hash.h">
      <Filter>Header Files</Filter>
    </ClInclude>
    <ClInclude Include="Encryption.h">
      <Filter>Header Files</Filter>
    </ClInclude>
    <ClInclude Include="scrypt\insecure_memzero.h">
      <Filter>Header Files\scrypt</Filter>
    </ClInclude>
    <ClInclude Include="scrypt\sha256.h">
      <Filter>Header Files\scrypt</Filter>
    </ClInclude>
    <ClInclude Include="scrypt\sysendian.h">
      <Filter>Header Files\scrypt</Filter>
    </ClInclude>
    <ClInclude Include="rijndael\rijndael-alg-fst.h">
      <Filter>Header Files\rijndael</Filter>
    </ClInclude>
    <ClInclude Include="TimeAgoConverter.h">
      <Filter>Header Files</Filter>
    </ClInclude>
    <ClInclude Include="DateTime.h">
      <Filter>Header Files</Filter>
    </ClInclude>
    <ClInclude Include="FileIO.h">
      <Filter>Header Files</Filter>
    </ClInclude>
    <ClInclude Include="WinSettings.h">
      <Filter>Header Files</Filter>
    </ClInclude>
    <ClInclude Include="Encoders.h">
      <Filter>Header Files</Filter>
    </ClInclude>
    <ClInclude Include="ValueConserver.h">
      <Filter>Header Files</Filter>
    </ClInclude>
    <ClInclude Include="Serializer.h">
      <Filter>Header Files</Filter>
    </ClInclude>
    <ClInclude Include="PenSerializer.h">
      <Filter>Header Files</Filter>
    </ClInclude>
    <ClInclude Include="FloatingPointMath.h">
      <Filter>Header Files</Filter>
    </ClInclude>
    <ClInclude Include="SharedSettings.h">
      <Filter>Header Files</Filter>
    </ClInclude>
    <ClInclude Include="DelimitedTextCreator.h">
      <Filter>Header Files</Filter>
    </ClInclude>
    <ClInclude Include="RaiiHelpers.h">
      <Filter>Header Files</Filter>
    </ClInclude>
    <ClInclude Include="StringPos.h">
      <Filter>Header Files</Filter>
    </ClInclude>
    <ClInclude Include="Screen.h">
      <Filter>Header Files</Filter>
    </ClInclude>
    <ClInclude Include="DirectoryLister.h">
      <Filter>Header Files</Filter>
    </ClInclude>
    <ClInclude Include="StringView.h">
      <Filter>Header Files</Filter>
    </ClInclude>
    <ClInclude Include="StringOperations.h">
      <Filter>Header Files</Filter>
    </ClInclude>
    <ClInclude Include="assert_cast.h">
      <Filter>Header Files</Filter>
    </ClInclude>
    <ClInclude Include="SerializerHelper.h">
      <Filter>Header Files</Filter>
    </ClInclude>
    <ClInclude Include="NumberToString.h">
      <Filter>Header Files</Filter>
    </ClInclude>
    <ClInclude Include="Utf8FileStream.h">
      <Filter>Header Files</Filter>
    </ClInclude>
    <ClInclude Include="ErrorMessageDisplayer.h">
      <Filter>Header Files</Filter>
    </ClInclude>
    <ClInclude Include="UWM.h">
      <Filter>Header Files</Filter>
    </ClInclude>
    <ClInclude Include="SharedPointerHelpers.h">
      <Filter>Header Files</Filter>
    </ClInclude>
    <ClInclude Include="NullTerminatedString.h">
      <Filter>Header Files</Filter>
    </ClInclude>
    <ClInclude Include="WindowsDesktopMessage.h">
      <Filter>Header Files</Filter>
    </ClInclude>
    <ClInclude Include="PointerType.h">
      <Filter>Header Files</Filter>
    </ClInclude>
    <ClInclude Include="StringNoCase.h">
      <Filter>Header Files</Filter>
    </ClInclude>
    <ClInclude Include="EnumHelpers.h">
      <Filter>Header Files</Filter>
    </ClInclude>
    <ClInclude Include="VariantVisitOverload.h">
      <Filter>Header Files</Filter>
    </ClInclude>
    <ClInclude Include="FuzzyWuzzy.h">
      <Filter>Header Files</Filter>
    </ClInclude>
    <ClInclude Include="StandardTemplates.h">
      <Filter>Header Files</Filter>
    </ClInclude>
    <ClInclude Include="VectorIterators.h">
      <Filter>Header Files</Filter>
    </ClInclude>
    <ClInclude Include="Range.h">
      <Filter>Header Files</Filter>
    </ClInclude>
    <ClInclude Include="span.h">
      <Filter>Header Files</Filter>
    </ClInclude>
    <ClInclude Include="ObjectTransporter.h">
      <Filter>Header Files</Filter>
    </ClInclude>
    <ClInclude Include="ObjectCacher.h">
      <Filter>Header Files</Filter>
    </ClInclude>
    <ClInclude Include="MemoryStream.h">
      <Filter>Header Files</Filter>
    </ClInclude>
    <ClInclude Include="OperatingSystem.h">
      <Filter>Header Files</Filter>
    </ClInclude>
    <ClInclude Include="CommonObjectTransporter.h">
      <Filter>Header Files</Filter>
    </ClInclude>
    <ClInclude Include="ProcessRunner.h">
      <Filter>Header Files</Filter>
    </ClInclude>
    <ClInclude Include="HandleHolder.h">
      <Filter>Header Files</Filter>
    </ClInclude>
    <ClInclude Include="PointerClasses.h">
      <Filter>Header Files</Filter>
    </ClInclude>
    <ClInclude Include="EscapesAndLogicOperators.h">
      <Filter>Header Files</Filter>
    </ClInclude>
    <ClInclude Include="NewlineSubstitutor.h">
      <Filter>Header Files</Filter>
    </ClInclude>
    <ClInclude Include="TextConverter.h">
      <Filter>Header Files</Filter>
    </ClInclude>
  </ItemGroup>
</Project>