<?xml version="1.0" encoding="utf-8"?>
<Project ToolsVersion="4.0" xmlns="http://schemas.microsoft.com/developer/msbuild/2003">
  <ItemGroup>
    <Filter Include="Source Files">
      <UniqueIdentifier>{4FC737F1-C7A5-4376-A066-2A32D752A2FF}</UniqueIdentifier>
      <Extensions>cpp;c;cc;cxx;def;odl;idl;hpj;bat;asm;asmx</Extensions>
    </Filter>
    <Filter Include="Header Files">
      <UniqueIdentifier>{93995380-89BD-4b04-88EB-625FBE52EBFB}</UniqueIdentifier>
      <Extensions>h;hh;hpp;hxx;hm;inl;inc;ipp;xsd</Extensions>
    </Filter>
    <Filter Include="Message Files">
      <UniqueIdentifier>{8aeae509-9873-4f0d-8ea0-5769a8a3d078}</UniqueIdentifier>
    </Filter>
  </ItemGroup>
  <ItemGroup>
    <ClCompile Include="stdafx.cpp">
      <Filter>Source Files</Filter>
    </ClCompile>
    <ClCompile Include="MessageFile.cpp">
      <Filter>Source Files</Filter>
    </ClCompile>
    <ClCompile Include="SystemMessages.cpp">
      <Filter>Source Files</Filter>
    </ClCompile>
    <ClCompile Include="MessageManager.cpp">
      <Filter>Source Files</Filter>
    </ClCompile>
    <ClCompile Include="MessageEvaluator.cpp">
      <Filter>Source Files</Filter>
    </ClCompile>
    <ClCompile Include="Messages.cpp">
      <Filter>Source Files</Filter>
    </ClCompile>
    <ClCompile Include="SystemMessageIssuer.cpp">
      <Filter>Source Files</Filter>
    </ClCompile>
  </ItemGroup>
  <ItemGroup>
    <ClInclude Include="zMessageO.h">
      <Filter>Header Files</Filter>
    </ClInclude>
    <ClInclude Include="stdafx.h">
      <Filter>Header Files</Filter>
    </ClInclude>
    <ClInclude Include="MessageFile.h">
      <Filter>Header Files</Filter>
    </ClInclude>
    <ClInclude Include="SystemMessages.h">
      <Filter>Header Files</Filter>
    </ClInclude>
    <ClInclude Include="MessageManager.h">
      <Filter>Header Files</Filter>
    </ClInclude>
    <ClInclude Include="MessageType.h">
      <Filter>Header Files</Filter>
    </ClInclude>
    <ClInclude Include="MessageEvaluator.h">
      <Filter>Header Files</Filter>
    </ClInclude>
    <ClInclude Include="MessageParameterEvaluator.h">
      <Filter>Header Files</Filter>
    </ClInclude>
    <ClInclude Include="VariableArgumentsMessageParameterEvaluator.h">
      <Filter>Header Files</Filter>
    </ClInclude>
    <ClInclude Include="Messages.h">
      <Filter>Header Files</Filter>
    </ClInclude>
    <ClInclude Include="SystemMessageIssuer.h">
      <Filter>Header Files</Filter>
    </ClInclude>
    <ClInclude Include="MessageSummary.h">
      <Filter>Header Files</Filter>
    </ClInclude>
    <ClInclude Include="MessageBoxSystemMessageIssuer.h">
      <Filter>Header Files</Filter>
    </ClInclude>
    <ClInclude Include="ExceptionThrowingSystemMessageIssuer.h">
      <Filter>Header Files</Filter>
    </ClInclude>
  </ItemGroup>
  <ItemGroup>
    <CustomBuild Include="..\CSProDesigner.mgf">
      <Filter>Message Files</Filter>
    </CustomBuild>
    <CustomBuild Include="..\CSProRuntime.en.mgf">
      <Filter>Message Files</Filter>
    </CustomBuild>
    <CustomBuild Include="..\CSProRuntime.es.mgf">
      <Filter>Message Files</Filter>
    </CustomBuild>
    <CustomBuild Include="..\CSProRuntime.fr.mgf">
      <Filter>Message Files</Filter>
    </CustomBuild>
    <CustomBuild Include="..\CSProRuntime.pt.mgf">
      <Filter>Message Files</Filter>
    </CustomBuild>
    <CustomBuild Include="..\CSProRuntime.ru.mgf">
      <Filter>Message Files</Filter>
    </CustomBuild>
    <CustomBuild Include="..\CSProRuntime.vi.mgf">
      <Filter>Message Files</Filter>
    </CustomBuild>
    <CustomBuild Include="..\CSProRuntime.zh.mgf">
      <Filter>Message Files</Filter>
    </CustomBuild>
  </ItemGroup>
</Project>