<?xml version="1.0" encoding="utf-8"?>
<Project ToolsVersion="4.0" xmlns="http://schemas.microsoft.com/developer/msbuild/2003">
  <ItemGroup>
    <Filter Include="Source Files">
      <UniqueIdentifier>{4FC737F1-C7A5-4376-A066-2A32D752A2FF}</UniqueIdentifier>
      <Extensions>cpp;c;cc;cxx;c++;cppm;ixx;def;odl;idl;hpj;bat;asm;asmx</Extensions>
    </Filter>
    <Filter Include="Header Files">
      <UniqueIdentifier>{93995380-89BD-4b04-88EB-625FBE52EBFB}</UniqueIdentifier>
      <Extensions>h;hh;hpp;hxx;h++;hm;inl;inc;ipp;xsd</Extensions>
    </Filter>
    <Filter Include="Resource Files">
      <UniqueIdentifier>{67DA6AB6-F800-4c08-8B7A-83BB121AAD01}</UniqueIdentifier>
      <Extensions>rc;ico;cur;bmp;dlg;rc2;rct;bin;rgs;gif;jpg;jpeg;jpe;resx;tiff;tif;png;wav;mfcribbon-ms</Extensions>
    </Filter>
  </ItemGroup>
  <ItemGroup>
    <ClCompile Include="stdafx.cpp">
      <Filter>Source Files</Filter>
    </ClCompile>
    <ClCompile Include="WebViewSyncOperationMarker.cpp">
      <Filter>Source Files</Filter>
    </ClCompile>
    <ClCompile Include="CssStyleParser.cpp">
      <Filter>Source Files</Filter>
    </ClCompile>
    <ClCompile Include="HtmlTextConverter.cpp">
      <Filter>Source Files</Filter>
    </ClCompile>
    <ClCompile Include="LocalFileServer.cpp">
      <Filter>Source Files</Filter>
    </ClCompile>
    <ClCompile Include="HtmlViewDlg.cpp">
      <Filter>Source Files</Filter>
    </ClCompile>
    <ClCompile Include="HtmlViewCtrl.cpp">
      <Filter>Source Files</Filter>
    </ClCompile>
    <ClCompile Include="zHtml.cpp">
      <Filter>Source Files</Filter>
    </ClCompile>
    <ClCompile Include="HtmlEditorCtrl.cpp">
      <Filter>Source Files</Filter>
    </ClCompile>
    <ClCompile Include="SharedHtmlLocalFileServer.cpp">
      <Filter>Source Files</Filter>
    </ClCompile>
    <ClCompile Include="InsertLinkDlg.cpp">
      <Filter>Source Files</Filter>
    </ClCompile>
    <ClCompile Include="CSHtmlDlgRunner.cpp">
      <Filter>Source Files</Filter>
    </ClCompile>
    <ClCompile Include="HtmlDlgBaseRunner.cpp">
      <Filter>Source Files</Filter>
    </ClCompile>
    <ClCompile Include="HtmlDlgBase.cpp">
      <Filter>Source Files</Filter>
    </ClCompile>
    <ClCompile Include="CSProHostObject.cpp">
      <Filter>Source Files</Filter>
    </ClCompile>
    <ClCompile Include="ModalDialogSimulator.cpp">
      <Filter>Source Files</Filter>
    </ClCompile>
    <ClCompile Include="PortableLocalhostWindows.cpp">
      <Filter>Source Files</Filter>
    </ClCompile>
    <ClCompile Include="AccessUrlSerializer.cpp">
      <Filter>Source Files</Filter>
    </ClCompile>
    <ClCompile Include="HtmlBrowserView.cpp">
      <Filter>Source Files</Filter>
    </ClCompile>
    <ClCompile Include="UriResolver.cpp">
      <Filter>Source Files</Filter>
    </ClCompile>
    <ClCompile Include="DocumentVirtualFileMappingHandler.cpp">
      <Filter>Source Files</Filter>
    </ClCompile>
    <ClCompile Include="HtmlViewerView.cpp">
      <Filter>Source Files</Filter>
    </ClCompile>
    <ClCompile Include="LocalhostUrl.cpp">
      <Filter>Source Files</Filter>
    </ClCompile>
    <ClCompile Include="VirtualFileMappingHandlers.cpp">
      <Filter>Source Files</Filter>
    </ClCompile>
    <ClCompile Include="FileSystemVirtualFileMappingHandler.cpp">
      <Filter>Source Files</Filter>
    </ClCompile>
  </ItemGroup>
  <ItemGroup>
    <ClInclude Include="zHtml.h">
      <Filter>Header Files</Filter>
    </ClInclude>
    <ClInclude Include="stdafx.h">
      <Filter>Header Files</Filter>
    </ClInclude>
    <ClInclude Include="resource.h">
      <Filter>Header Files</Filter>
    </ClInclude>
    <ClInclude Include="WebViewSyncOperationMarker.h">
      <Filter>Header Files</Filter>
    </ClInclude>
    <ClInclude Include="UWM.h">
      <Filter>Header Files</Filter>
    </ClInclude>
    <ClInclude Include="HtmlTextConverter.h">
      <Filter>Header Files</Filter>
    </ClInclude>
    <ClInclude Include="HtmlWriter.h">
      <Filter>Header Files</Filter>
    </ClInclude>
    <ClInclude Include="LocalFileServer.h">
      <Filter>Header Files</Filter>
    </ClInclude>
    <ClInclude Include="HtmlViewCtrl.h">
      <Filter>Header Files</Filter>
    </ClInclude>
    <ClInclude Include="HtmlViewDlg.h">
      <Filter>Header Files</Filter>
    </ClInclude>
    <ClInclude Include="HtmlEditorCtrl.h">
      <Filter>Header Files</Filter>
    </ClInclude>
    <ClInclude Include="SharedHtmlLocalFileServer.h">
      <Filter>Header Files</Filter>
    </ClInclude>
    <ClInclude Include="ModalDialogSimulator.h">
      <Filter>Header Files</Filter>
    </ClInclude>
    <ClInclude Include="CSHtmlDlgRunner.h">
      <Filter>Header Files</Filter>
    </ClInclude>
    <ClInclude Include="InsertLinkDlg.h">
      <Filter>Header Files</Filter>
    </ClInclude>
    <ClInclude Include="UseHtmlDialogs.h">
      <Filter>Header Files</Filter>
    </ClInclude>
    <ClInclude Include="HtmlDlgBaseRunner.h">
      <Filter>Header Files</Filter>
    </ClInclude>
    <ClInclude Include="HtmlDlgBase.h">
      <Filter>Header Files</Filter>
    </ClInclude>
    <ClInclude Include="CSProHostObject.h">
      <Filter>Header Files</Filter>
    </ClInclude>
    <ClInclude Include="VirtualFileMapping.h">
      <Filter>Header Files</Filter>
    </ClInclude>
    <ClInclude Include="PortableLocalhost.h">
      <Filter>Header Files</Filter>
    </ClInclude>
    <ClInclude Include="AccessUrlSerializer.h">
      <Filter>Header Files</Filter>
    </ClInclude>
    <ClInclude Include="HtmlBrowserView.h">
      <Filter>Header Files</Filter>
    </ClInclude>
    <ClInclude Include="UriResolver.h">
      <Filter>Header Files</Filter>
    </ClInclude>
    <ClInclude Include="NavigationAddress.h">
      <Filter>Header Files</Filter>
    </ClInclude>
    <ClInclude Include="DocumentVirtualFileMappingHandler.h">
      <Filter>Header Files</Filter>
    </ClInclude>
    <ClInclude Include="LocalhostSettings.h">
      <Filter>Header Files</Filter>
    </ClInclude>
    <ClInclude Include="HtmlViewerView.h">
      <Filter>Header Files</Filter>
    </ClInclude>
    <ClInclude Include="LocalhostUrl.h">
      <Filter>Header Files</Filter>
    </ClInclude>
    <ClInclude Include="FileSystemVirtualFileMappingHandler.h">
      <Filter>Header Files</Filter>
    </ClInclude>
  </ItemGroup>
  <ItemGroup>
    <ResourceCompile Include="zHtml.rc">
      <Filter>Resource Files</Filter>
    </ResourceCompile>
  </ItemGroup>
  <ItemGroup>
    <None Include="packages.config" />
  </ItemGroup>
</Project>