<?xml version="1.0" encoding="utf-8"?>
<Project ToolsVersion="4.0" xmlns="http://schemas.microsoft.com/developer/msbuild/2003">
  <ItemGroup>
    <Filter Include="Source Files">
      <UniqueIdentifier>{c6bce818-3013-42e9-a784-091dc3308b4c}</UniqueIdentifier>
      <Extensions>cpp;c;cxx;rc;def;r;odl;idl;hpj;bat</Extensions>
    </Filter>
    <Filter Include="Header Files">
      <UniqueIdentifier>{9fbe55de-0bb0-4c60-a6ec-3448832b4e42}</UniqueIdentifier>
      <Extensions>h;hpp;hxx;hm;inl</Extensions>
    </Filter>
  </ItemGroup>
  <ItemGroup>
    <ClCompile Include="DDClass.cpp">
      <Filter>Source Files</Filter>
    </ClCompile>
    <ClCompile Include="StdAfx.cpp">
      <Filter>Source Files</Filter>
    </ClCompile>
    <ClCompile Include="zDictO.cpp">
      <Filter>Source Files</Filter>
    </ClCompile>
    <ClCompile Include="ValueProcessor.cpp">
      <Filter>Source Files</Filter>
    </ClCompile>
    <ClCompile Include="ValueSetResponse.cpp">
      <Filter>Source Files</Filter>
    </ClCompile>
    <ClCompile Include="DictionaryComparer.cpp">
      <Filter>Source Files</Filter>
    </ClCompile>
    <ClCompile Include="ItemIndexHelper.cpp">
      <Filter>Source Files</Filter>
    </ClCompile>
    <ClCompile Include="DictionaryValidator.cpp">
      <Filter>Source Files</Filter>
    </ClCompile>
    <ClCompile Include="CaptureInfo.cpp">
      <Filter>Source Files</Filter>
    </ClCompile>
    <ClCompile Include="DictBase.cpp">
      <Filter>Source Files</Filter>
    </ClCompile>
    <ClCompile Include="DictNamedBase.cpp">
      <Filter>Source Files</Filter>
    </ClCompile>
    <ClCompile Include="DictValue.cpp">
      <Filter>Source Files</Filter>
    </ClCompile>
    <ClCompile Include="DictValuePair.cpp">
      <Filter>Source Files</Filter>
    </ClCompile>
    <ClCompile Include="DictValueSet.cpp">
      <Filter>Source Files</Filter>
    </ClCompile>
    <ClCompile Include="DictItem.cpp">
      <Filter>Source Files</Filter>
    </ClCompile>
    <ClCompile Include="Definitions.cpp">
      <Filter>Source Files</Filter>
    </ClCompile>
    <ClCompile Include="DictRecord.cpp">
      <Filter>Source Files</Filter>
    </ClCompile>
    <ClCompile Include="DictLevel.cpp">
      <Filter>Source Files</Filter>
    </ClCompile>
    <ClCompile Include="DictRelation.cpp">
      <Filter>Source Files</Filter>
    </ClCompile>
    <ClCompile Include="Pre80SpecFile.cpp">
      <Filter>Source Files</Filter>
    </ClCompile>
    <ClCompile Include="ValueSetFixer.cpp">
      <Filter>Source Files</Filter>
    </ClCompile>
  </ItemGroup>
  <ItemGroup>
    <ClInclude Include="DDClass.h">
      <Filter>Header Files</Filter>
    </ClInclude>
    <ClInclude Include="StdAfx.h">
      <Filter>Header Files</Filter>
    </ClInclude>
    <ClInclude Include="zDictO.h">
      <Filter>Header Files</Filter>
    </ClInclude>
    <ClInclude Include="ValueProcessor.h">
      <Filter>Header Files</Filter>
    </ClInclude>
    <ClInclude Include="ValueSetResponse.h">
      <Filter>Header Files</Filter>
    </ClInclude>
    <ClInclude Include="DictionaryComparer.h">
      <Filter>Header Files</Filter>
    </ClInclude>
    <ClInclude Include="ItemIndex.h">
      <Filter>Header Files</Filter>
    </ClInclude>
    <ClInclude Include="ItemIndexHelper.h">
      <Filter>Header Files</Filter>
    </ClInclude>
    <ClInclude Include="DictionaryIterator.h">
      <Filter>Header Files</Filter>
    </ClInclude>
    <ClInclude Include="DictionaryCreator.h">
      <Filter>Header Files</Filter>
    </ClInclude>
    <ClInclude Include="Definitions.h">
      <Filter>Header Files</Filter>
    </ClInclude>
    <ClInclude Include="Rules.h">
      <Filter>Header Files</Filter>
    </ClInclude>
    <ClInclude Include="DictionaryValidator.h">
      <Filter>Header Files</Filter>
    </ClInclude>
    <ClInclude Include="CaptureInfo.h">
      <Filter>Header Files</Filter>
    </ClInclude>
    <ClInclude Include="DictBase.h">
      <Filter>Header Files</Filter>
    </ClInclude>
    <ClInclude Include="DictNamedBase.h">
      <Filter>Header Files</Filter>
    </ClInclude>
    <ClInclude Include="DictValue.h">
      <Filter>Header Files</Filter>
    </ClInclude>
    <ClInclude Include="DictValuePair.h">
      <Filter>Header Files</Filter>
    </ClInclude>
    <ClInclude Include="DictValueSet.h">
      <Filter>Header Files</Filter>
    </ClInclude>
    <ClInclude Include="DictItem.h">
      <Filter>Header Files</Filter>
    </ClInclude>
    <ClInclude Include="DictRecord.h">
      <Filter>Header Files</Filter>
    </ClInclude>
    <ClInclude Include="DictLevel.h">
      <Filter>Header Files</Filter>
    </ClInclude>
    <ClInclude Include="DictRelation.h">
      <Filter>Header Files</Filter>
    </ClInclude>
    <ClInclude Include="DictionarySerializerHelper.h">
      <Filter>Header Files</Filter>
    </ClInclude>
    <ClInclude Include="ValueSetFixer.h">
      <Filter>Header Files</Filter>
    </ClInclude>
  </ItemGroup>
</Project>