<?xml version="1.0" encoding="utf-8"?>
<Project ToolsVersion="4.0" xmlns="http://schemas.microsoft.com/developer/msbuild/2003">
  <ItemGroup>
    <Filter Include="Source Files">
      <UniqueIdentifier>{4FC737F1-C7A5-4376-A066-2A32D752A2FF}</UniqueIdentifier>
      <Extensions>cpp;c;cc;cxx;def;odl;idl;hpj;bat;asm;asmx</Extensions>
    </Filter>
    <Filter Include="Header Files">
      <UniqueIdentifier>{93995380-89BD-4b04-88EB-625FBE52EBFB}</UniqueIdentifier>
      <Extensions>h;hh;hpp;hxx;hm;inl;inc;ipp;xsd</Extensions>
    </Filter>
    <Filter Include="Header Files\Application Loaders">
      <UniqueIdentifier>{c77a3697-d52f-47a3-bc55-6cb561547b1c}</UniqueIdentifier>
    </Filter>
    <Filter Include="Source Files\Application Loaders">
      <UniqueIdentifier>{258a4226-e3ad-4355-84c9-eb8be9d30c17}</UniqueIdentifier>
    </Filter>
    <Filter Include="Header Files\Compiler">
      <UniqueIdentifier>{0d6629b0-831d-444c-ba6e-a25b1037b8f3}</UniqueIdentifier>
    </Filter>
    <Filter Include="Source Files\Compiler">
      <UniqueIdentifier>{ee78634e-5ded-4343-9139-32e88dc7a588}</UniqueIdentifier>
    </Filter>
    <Filter Include="Header Files\Nodes">
      <UniqueIdentifier>{6d6e716b-ef73-4e3f-afe4-be1e8667e0e2}</UniqueIdentifier>
    </Filter>
    <Filter Include="Header Files\Messages">
      <UniqueIdentifier>{9d9183bf-eaae-4098-9876-4f18f1ad5e2a}</UniqueIdentifier>
    </Filter>
  </ItemGroup>
  <ItemGroup>
    <ClCompile Include="stdafx.cpp">
      <Filter>Source Files</Filter>
    </ClCompile>
    <ClCompile Include="ProcType.cpp">
      <Filter>Source Files</Filter>
    </ClCompile>
    <ClCompile Include="SystemApp.cpp">
      <Filter>Source Files</Filter>
    </ClCompile>
    <ClCompile Include="Versioning.cpp">
      <Filter>Source Files</Filter>
    </ClCompile>
    <ClCompile Include="Pff.cpp">
      <Filter>Source Files</Filter>
    </ClCompile>
    <ClCompile Include="Array.cpp">
      <Filter>Source Files</Filter>
    </ClCompile>
    <ClCompile Include="File.cpp">
      <Filter>Source Files</Filter>
    </ClCompile>
    <ClCompile Include="List.cpp">
      <Filter>Source Files</Filter>
    </ClCompile>
    <ClCompile Include="UserFunction.cpp">
      <Filter>Source Files</Filter>
    </ClCompile>
    <ClCompile Include="Block.cpp">
      <Filter>Source Files</Filter>
    </ClCompile>
    <ClCompile Include="Map.cpp">
      <Filter>Source Files</Filter>
    </ClCompile>
    <ClCompile Include="WorkVariable.cpp">
      <Filter>Source Files</Filter>
    </ClCompile>
    <ClCompile Include="RunnableSymbol.cpp">
      <Filter>Source Files</Filter>
    </ClCompile>
    <ClCompile Include="LogicByteCode.cpp">
      <Filter>Source Files</Filter>
    </ClCompile>
    <ClCompile Include="PreinitializedVariable.cpp">
      <Filter>Source Files</Filter>
    </ClCompile>
    <ClCompile Include="FileApplicationLoader.cpp">
      <Filter>Source Files\Application Loaders</Filter>
    </ClCompile>
    <ClCompile Include="PenReaderApplicationLoader.cpp">
      <Filter>Source Files\Application Loaders</Filter>
    </ClCompile>
    <ClCompile Include="PenWriterApplicationLoader.cpp">
      <Filter>Source Files\Application Loaders</Filter>
    </ClCompile>
    <ClCompile Include="ApplicationBuilder.cpp">
      <Filter>Source Files</Filter>
    </ClCompile>
    <ClCompile Include="Audio.cpp">
      <Filter>Source Files</Filter>
    </ClCompile>
    <ClCompile Include="HashMap.cpp">
      <Filter>Source Files</Filter>
    </ClCompile>
    <ClCompile Include="SaveArrayFile.cpp">
      <Filter>Source Files</Filter>
    </ClCompile>
    <ClCompile Include="Imputation.cpp">
      <Filter>Source Files</Filter>
    </ClCompile>
    <ClCompile Include="PffExecutor.cpp">
      <Filter>Source Files</Filter>
    </ClCompile>
    <ClCompile Include="NamedFrequency.cpp">
      <Filter>Source Files</Filter>
    </ClCompile>
    <ClCompile Include="WorkString.cpp">
      <Filter>Source Files</Filter>
    </ClCompile>
    <ClCompile Include="EngineRecord.cpp">
      <Filter>Source Files</Filter>
    </ClCompile>
    <ClCompile Include="EngineDictionary.cpp">
      <Filter>Source Files</Filter>
    </ClCompile>
    <ClCompile Include="EngineCase.cpp">
      <Filter>Source Files</Filter>
    </ClCompile>
    <ClCompile Include="EngineDataRepository.cpp">
      <Filter>Source Files</Filter>
    </ClCompile>
    <ClCompile Include="Image.cpp">
      <Filter>Source Files</Filter>
    </ClCompile>
    <ClCompile Include="Document.cpp">
      <Filter>Source Files</Filter>
    </ClCompile>
    <ClCompile Include="Geometry.cpp">
      <Filter>Source Files</Filter>
    </ClCompile>
    <ClCompile Include="Flow.cpp">
      <Filter>Source Files</Filter>
    </ClCompile>
    <ClCompile Include="Report.cpp">
      <Filter>Source Files</Filter>
    </ClCompile>
    <ClCompile Include="UserFunctionLocalSymbolsManager.cpp">
      <Filter>Source Files</Filter>
    </ClCompile>
    <ClCompile Include="SymbolCalculator.cpp">
      <Filter>Source Files</Filter>
    </ClCompile>
    <ClCompile Include="UserFunctionArgumentChecker.cpp">
      <Filter>Source Files</Filter>
    </ClCompile>
    <ClCompile Include="ReportTokenizer.cpp">
      <Filter>Source Files</Filter>
    </ClCompile>
    <ClCompile Include="RuntimeEvent.cpp">
      <Filter>Source Files</Filter>
    </ClCompile>
    <ClCompile Include="PersistentVariableProcessor.cpp">
      <Filter>Source Files</Filter>
    </ClCompile>
    <ClCompile Include="Compiler\LogicCompiler.cpp">
      <Filter>Source Files\Compiler</Filter>
    </ClCompile>
    <ClCompile Include="Compiler\NodeCreationCC.cpp">
      <Filter>Source Files\Compiler</Filter>
    </ClCompile>
    <ClCompile Include="Compiler\ExpressionsCC.cpp">
      <Filter>Source Files\Compiler</Filter>
    </ClCompile>
    <ClCompile Include="Compiler\ArrayCC.cpp">
      <Filter>Source Files\Compiler</Filter>
    </ClCompile>
    <ClCompile Include="Compiler\AudioCC.cpp">
      <Filter>Source Files\Compiler</Filter>
    </ClCompile>
    <ClCompile Include="Compiler\DocumentCC.cpp">
      <Filter>Source Files\Compiler</Filter>
    </ClCompile>
    <ClCompile Include="Compiler\EngineDictionaryCC.cpp">
      <Filter>Source Files\Compiler</Filter>
    </ClCompile>
    <ClCompile Include="Compiler\FreqCC.cpp">
      <Filter>Source Files\Compiler</Filter>
    </ClCompile>
    <ClCompile Include="Compiler\GeometryCC.cpp">
      <Filter>Source Files\Compiler</Filter>
    </ClCompile>
    <ClCompile Include="Compiler\HashMapCC.cpp">
      <Filter>Source Files\Compiler</Filter>
    </ClCompile>
    <ClCompile Include="Compiler\ImageCC.cpp">
      <Filter>Source Files\Compiler</Filter>
    </ClCompile>
    <ClCompile Include="Compiler\ImputeCC.cpp">
      <Filter>Source Files\Compiler</Filter>
    </ClCompile>
    <ClCompile Include="Compiler\JsonCC.cpp">
      <Filter>Source Files\Compiler</Filter>
    </ClCompile>
    <ClCompile Include="Compiler\ListCC.cpp">
      <Filter>Source Files\Compiler</Filter>
    </ClCompile>
    <ClCompile Include="Compiler\MapCC.cpp">
      <Filter>Source Files\Compiler</Filter>
    </ClCompile>
    <ClCompile Include="Compiler\MessagesCC.cpp">
      <Filter>Source Files\Compiler</Filter>
    </ClCompile>
    <ClCompile Include="Compiler\BarcodeCC.cpp">
      <Filter>Source Files\Compiler</Filter>
    </ClCompile>
    <ClCompile Include="Compiler\PathCC.cpp">
      <Filter>Source Files\Compiler</Filter>
    </ClCompile>
    <ClCompile Include="Compiler\PffCC.cpp">
      <Filter>Source Files\Compiler</Filter>
    </ClCompile>
    <ClCompile Include="Compiler\ReportCC.cpp">
      <Filter>Source Files\Compiler</Filter>
    </ClCompile>
    <ClCompile Include="Compiler\SwitchCC.cpp">
      <Filter>Source Files\Compiler</Filter>
    </ClCompile>
    <ClCompile Include="Compiler\SymbolsCC.cpp">
      <Filter>Source Files\Compiler</Filter>
    </ClCompile>
    <ClCompile Include="Compiler\SystemAppCC.cpp">
      <Filter>Source Files\Compiler</Filter>
    </ClCompile>
    <ClCompile Include="Compiler\UserInterfaceCC.cpp">
      <Filter>Source Files\Compiler</Filter>
    </ClCompile>
    <ClCompile Include="Compiler\UserFunctionCC.cpp">
      <Filter>Source Files\Compiler</Filter>
    </ClCompile>
    <ClCompile Include="Compiler\ValueSetCC.cpp">
      <Filter>Source Files\Compiler</Filter>
    </ClCompile>
    <ClCompile Include="Compiler\VariableCC.cpp">
      <Filter>Source Files\Compiler</Filter>
    </ClCompile>
    <ClCompile Include="Compiler\StringsCC.cpp">
      <Filter>Source Files\Compiler</Filter>
    </ClCompile>
    <ClCompile Include="Compiler\OptionalNamedArgumentsCompiler.cpp">
      <Filter>Source Files\Compiler</Filter>
    </ClCompile>
    <ClCompile Include="Compiler\NumbersCC.cpp">
      <Filter>Source Files\Compiler</Filter>
    </ClCompile>
    <ClCompile Include="EngineData.cpp">
      <Filter>Source Files</Filter>
    </ClCompile>
    <ClCompile Include="Compiler\NextTokenCC.cpp">
      <Filter>Source Files\Compiler</Filter>
    </ClCompile>
    <ClCompile Include="Compiler\DataAccessCC.cpp">
      <Filter>Source Files\Compiler</Filter>
    </ClCompile>
    <ClCompile Include="Compiler\ControlFlowCC.cpp">
      <Filter>Source Files\Compiler</Filter>
    </ClCompile>
    <ClCompile Include="Compiler\FunctionsGenericCC.cpp">
      <Filter>Source Files\Compiler</Filter>
    </ClCompile>
    <ClCompile Include="Compiler\FunctionsVariousCC.cpp">
      <Filter>Source Files\Compiler</Filter>
    </ClCompile>
    <ClCompile Include="Compiler\ArgumentSpecificationCompiler.cpp">
      <Filter>Source Files\Compiler</Filter>
    </ClCompile>
    <ClCompile Include="Compiler\FileCC.cpp">
      <Filter>Source Files\Compiler</Filter>
    </ClCompile>
    <ClCompile Include="Compiler\CompilerHelper.cpp">
      <Filter>Source Files\Compiler</Filter>
    </ClCompile>
    <ClCompile Include="Compiler\DictionaryCC.cpp">
      <Filter>Source Files\Compiler</Filter>
    </ClCompile>
    <ClCompile Include="ValueSet.cpp">
      <Filter>Source Files</Filter>
    </ClCompile>
    <ClCompile Include="ResponseProcessor.cpp">
      <Filter>Source Files</Filter>
    </ClCompile>
    <ClCompile Include="LoopStack.cpp">
      <Filter>Source Files</Filter>
    </ClCompile>
    <ClCompile Include="Compiler\TraceCC.cpp">
      <Filter>Source Files\Compiler</Filter>
    </ClCompile>
    <ClCompile Include="Compiler\UserbarCC.cpp">
      <Filter>Source Files\Compiler</Filter>
    </ClCompile>
    <ClCompile Include="Compiler\QueryCC.cpp">
      <Filter>Source Files\Compiler</Filter>
    </ClCompile>
    <ClCompile Include="Compiler\GpsCC.cpp">
      <Filter>Source Files\Compiler</Filter>
    </ClCompile>
    <ClCompile Include="Compiler\SyncCC.cpp">
      <Filter>Source Files\Compiler</Filter>
    </ClCompile>
    <ClCompile Include="Compiler\TokenCC.cpp">
      <Filter>Source Files\Compiler</Filter>
    </ClCompile>
    <ClCompile Include="Compiler\ActionInvokerCC.cpp">
      <Filter>Source Files\Compiler</Filter>
    </ClCompile>
    <ClCompile Include="EngineItem.cpp">
      <Filter>Source Files</Filter>
    </ClCompile>
    <ClCompile Include="Compiler\ItemCC.cpp">
      <Filter>Source Files\Compiler</Filter>
    </ClCompile>
    <ClCompile Include="BinarySymbolData.cpp">
      <Filter>Source Files</Filter>
    </ClCompile>
    <ClCompile Include="BinarySymbol.cpp">
      <Filter>Source Files</Filter>
    </ClCompile>
    <ClCompile Include="Compiler\CaseCC.cpp">
      <Filter>Source Files\Compiler</Filter>
    </ClCompile>
  </ItemGroup>
  <ItemGroup>
    <ClInclude Include="stdafx.h">
      <Filter>Header Files</Filter>
    </ClInclude>
    <ClInclude Include="zEngineO.h">
      <Filter>Header Files</Filter>
    </ClInclude>
    <ClInclude Include="ProcType.h">
      <Filter>Header Files</Filter>
    </ClInclude>
    <ClInclude Include="SystemApp.h">
      <Filter>Header Files</Filter>
    </ClInclude>
    <ClInclude Include="Versioning.h">
      <Filter>Header Files</Filter>
    </ClInclude>
    <ClInclude Include="Pff.h">
      <Filter>Header Files</Filter>
    </ClInclude>
    <ClInclude Include="Array.h">
      <Filter>Header Files</Filter>
    </ClInclude>
    <ClInclude Include="File.h">
      <Filter>Header Files</Filter>
    </ClInclude>
    <ClInclude Include="List.h">
      <Filter>Header Files</Filter>
    </ClInclude>
    <ClInclude Include="UserFunction.h">
      <Filter>Header Files</Filter>
    </ClInclude>
    <ClInclude Include="DeprecatedSymbol.h">
      <Filter>Header Files</Filter>
    </ClInclude>
    <ClInclude Include="Block.h">
      <Filter>Header Files</Filter>
    </ClInclude>
    <ClInclude Include="Map.h">
      <Filter>Header Files</Filter>
    </ClInclude>
    <ClInclude Include="WorkVariable.h">
      <Filter>Header Files</Filter>
    </ClInclude>
    <ClInclude Include="RunnableSymbol.h">
      <Filter>Header Files</Filter>
    </ClInclude>
    <ClInclude Include="LoopStack.h">
      <Filter>Header Files</Filter>
    </ClInclude>
    <ClInclude Include="LogicByteCode.h">
      <Filter>Header Files</Filter>
    </ClInclude>
    <ClInclude Include="PreinitializedVariable.h">
      <Filter>Header Files</Filter>
    </ClInclude>
    <ClInclude Include="ApplicationLoader.h">
      <Filter>Header Files\Application Loaders</Filter>
    </ClInclude>
    <ClInclude Include="FileApplicationLoader.h">
      <Filter>Header Files\Application Loaders</Filter>
    </ClInclude>
    <ClInclude Include="PenReaderApplicationLoader.h">
      <Filter>Header Files\Application Loaders</Filter>
    </ClInclude>
    <ClInclude Include="PenWriterApplicationLoader.h">
      <Filter>Header Files\Application Loaders</Filter>
    </ClInclude>
    <ClInclude Include="EngineCaseConstructionReporter.h">
      <Filter>Header Files</Filter>
    </ClInclude>
    <ClInclude Include="ApplicationBuilder.h">
      <Filter>Header Files</Filter>
    </ClInclude>
    <ClInclude Include="Audio.h">
      <Filter>Header Files</Filter>
    </ClInclude>
    <ClInclude Include="HashMap.h">
      <Filter>Header Files</Filter>
    </ClInclude>
    <ClInclude Include="SubscriptText.h">
      <Filter>Header Files</Filter>
    </ClInclude>
    <ClInclude Include="SaveArrayFile.h">
      <Filter>Header Files</Filter>
    </ClInclude>
    <ClInclude Include="Imputation.h">
      <Filter>Header Files</Filter>
    </ClInclude>
    <ClInclude Include="PffExecutor.h">
      <Filter>Header Files</Filter>
    </ClInclude>
    <ClInclude Include="NamedFrequency.h">
      <Filter>Header Files</Filter>
    </ClInclude>
    <ClInclude Include="WorkString.h">
      <Filter>Header Files</Filter>
    </ClInclude>
    <ClInclude Include="OnKeyMapping.h">
      <Filter>Header Files</Filter>
    </ClInclude>
    <ClInclude Include="EngineRecord.h">
      <Filter>Header Files</Filter>
    </ClInclude>
    <ClInclude Include="EngineCase.h">
      <Filter>Header Files</Filter>
    </ClInclude>
    <ClInclude Include="EngineDataRepository.h">
      <Filter>Header Files</Filter>
    </ClInclude>
    <ClInclude Include="EngineDictionary.h">
      <Filter>Header Files</Filter>
    </ClInclude>
    <ClInclude Include="EngineDictionaryFactory.h">
      <Filter>Header Files</Filter>
    </ClInclude>
    <ClInclude Include="Image.h">
      <Filter>Header Files</Filter>
    </ClInclude>
    <ClInclude Include="Document.h">
      <Filter>Header Files</Filter>
    </ClInclude>
    <ClInclude Include="Geometry.h">
      <Filter>Header Files</Filter>
    </ClInclude>
    <ClInclude Include="Flow.h">
      <Filter>Header Files</Filter>
    </ClInclude>
    <ClInclude Include="Report.h">
      <Filter>Header Files</Filter>
    </ClInclude>
    <ClInclude Include="UserFunctionLocalSymbolsManager.h">
      <Filter>Header Files</Filter>
    </ClInclude>
    <ClInclude Include="SymbolCalculator.h">
      <Filter>Header Files</Filter>
    </ClInclude>
    <ClInclude Include="UserFunctionArgumentChecker.h">
      <Filter>Header Files</Filter>
    </ClInclude>
    <ClInclude Include="ReportTokenizer.h">
      <Filter>Header Files</Filter>
    </ClInclude>
    <ClInclude Include="EngineAccessor.h">
      <Filter>Header Files</Filter>
    </ClInclude>
    <ClInclude Include="RuntimeEvent.h">
      <Filter>Header Files</Filter>
    </ClInclude>
    <ClInclude Include="PersistentVariableProcessor.h">
      <Filter>Header Files</Filter>
    </ClInclude>
    <ClInclude Include="AllSymbols.h">
      <Filter>Header Files</Filter>
    </ClInclude>
    <ClInclude Include="SymbolSerializerHelper.h">
      <Filter>Header Files</Filter>
    </ClInclude>
    <ClInclude Include="Nodes\BaseNodes.h">
      <Filter>Header Files\Nodes</Filter>
    </ClInclude>
    <ClInclude Include="Compiler\LogicCompiler.h">
      <Filter>Header Files\Compiler</Filter>
    </ClInclude>
    <ClInclude Include="Compiler\NodeCreationCC.h">
      <Filter>Header Files\Compiler</Filter>
    </ClInclude>
    <ClInclude Include="EngineData.h">
      <Filter>Header Files</Filter>
    </ClInclude>
    <ClInclude Include="Compiler\IncludesCC.h">
      <Filter>Header Files\Compiler</Filter>
    </ClInclude>
    <ClInclude Include="Nodes\Barcode.h">
      <Filter>Header Files\Nodes</Filter>
    </ClInclude>
    <ClInclude Include="Compiler\OptionalNamedArgumentsCompiler.h">
      <Filter>Header Files\Compiler</Filter>
    </ClInclude>
    <ClInclude Include="Compiler\SymbolCompilerModifier.h">
      <Filter>Header Files\Compiler</Filter>
    </ClInclude>
    <ClInclude Include="Nodes\UserInterface.h">
      <Filter>Header Files\Nodes</Filter>
    </ClInclude>
    <ClInclude Include="Nodes\Switch.h">
      <Filter>Header Files\Nodes</Filter>
    </ClInclude>
    <ClInclude Include="Messages\EngineMessages.h">
      <Filter>Header Files\Messages</Filter>
    </ClInclude>
    <ClInclude Include="Nodes\Path.h">
      <Filter>Header Files\Nodes</Filter>
    </ClInclude>
    <ClInclude Include="Nodes\Messages.h">
      <Filter>Header Files\Nodes</Filter>
    </ClInclude>
    <ClInclude Include="Compiler\ArgumentSpecificationCompiler.h">
      <Filter>Header Files\Compiler</Filter>
    </ClInclude>
    <ClInclude Include="Nodes\Report.h">
      <Filter>Header Files\Nodes</Filter>
    </ClInclude>
    <ClInclude Include="Nodes\File.h">
      <Filter>Header Files\Nodes</Filter>
    </ClInclude>
    <ClInclude Include="Compiler\CompilerHelper.h">
      <Filter>Header Files\Compiler</Filter>
    </ClInclude>
    <ClInclude Include="Nodes\Encryption.h">
      <Filter>Header Files\Nodes</Filter>
    </ClInclude>
    <ClInclude Include="Nodes\DataAccess.h">
      <Filter>Header Files\Nodes</Filter>
    </ClInclude>
    <ClInclude Include="Compiler\CompilationExtendedInformation.h">
      <Filter>Header Files\Compiler</Filter>
    </ClInclude>
    <ClInclude Include="Nodes\Various.h">
      <Filter>Header Files\Nodes</Filter>
    </ClInclude>
    <ClInclude Include="Nodes\Date.h">
      <Filter>Header Files\Nodes</Filter>
    </ClInclude>
    <ClInclude Include="Nodes\Dictionaries.h">
      <Filter>Header Files\Nodes</Filter>
    </ClInclude>
    <ClInclude Include="Compiler\TokenHelper.h">
      <Filter>Header Files\Compiler</Filter>
    </ClInclude>
    <ClInclude Include="AllSymbolDeclarations.h">
      <Filter>Header Files</Filter>
    </ClInclude>
    <ClInclude Include="ValueSet.h">
      <Filter>Header Files</Filter>
    </ClInclude>
    <ClInclude Include="ResponseProcessor.h">
      <Filter>Header Files</Filter>
    </ClInclude>
    <ClInclude Include="Nodes\Impute.h">
      <Filter>Header Files\Nodes</Filter>
    </ClInclude>
    <ClInclude Include="Nodes\ControlFlow.h">
      <Filter>Header Files\Nodes</Filter>
    </ClInclude>
    <ClInclude Include="Compiler\CommonStoreCompilerHelper.h">
      <Filter>Header Files\Compiler</Filter>
    </ClInclude>
    <ClInclude Include="Compiler\PublishDateCompilerHelper.h">
      <Filter>Header Files\Compiler</Filter>
    </ClInclude>
    <ClInclude Include="Compiler\ImputeAutomaticStatCompilerHelper.h">
      <Filter>Header Files\Compiler</Filter>
    </ClInclude>
    <ClInclude Include="Compiler\LoopStackCompilerHelper.h">
      <Filter>Header Files\Compiler</Filter>
    </ClInclude>
    <ClInclude Include="Messages\MessageIssuer.h">
      <Filter>Header Files\Messages</Filter>
    </ClInclude>
    <ClInclude Include="Compiler\CompilerMessageIssuer.h">
      <Filter>Header Files\Compiler</Filter>
    </ClInclude>
    <ClInclude Include="Nodes\UserFunction.h">
      <Filter>Header Files\Nodes</Filter>
    </ClInclude>
    <ClInclude Include="Userbar.h">
      <Filter>Header Files</Filter>
    </ClInclude>
    <ClInclude Include="Nodes\GPS.h">
      <Filter>Header Files\Nodes</Filter>
    </ClInclude>
    <ClInclude Include="Nodes\Query.h">
      <Filter>Header Files\Nodes</Filter>
    </ClInclude>
    <ClInclude Include="Nodes\Trace.h">
      <Filter>Header Files\Nodes</Filter>
    </ClInclude>
    <ClInclude Include="Nodes\Frequency.h">
      <Filter>Header Files\Nodes</Filter>
    </ClInclude>
    <ClInclude Include="Nodes\Set.h">
      <Filter>Header Files\Nodes</Filter>
    </ClInclude>
    <ClInclude Include="Nodes\Strings.h">
      <Filter>Header Files\Nodes</Filter>
    </ClInclude>
    <ClInclude Include="Nodes\GeneralizedFunction.h">
      <Filter>Header Files\Nodes</Filter>
    </ClInclude>
    <ClInclude Include="EngineItem.h">
      <Filter>Header Files</Filter>
    </ClInclude>
    <ClInclude Include="BinarySymbolData.h">
      <Filter>Header Files</Filter>
    </ClInclude>
    <ClInclude Include="BinarySymbol.h">
      <Filter>Header Files</Filter>
    </ClInclude>
    <ClInclude Include="SymbolReference.h">
      <Filter>Header Files</Filter>
    </ClInclude>
  </ItemGroup>
</Project>