<?xml version="1.0" encoding="utf-8"?>
<Project ToolsVersion="4.0" xmlns="http://schemas.microsoft.com/developer/msbuild/2003">
  <ItemGroup>
    <Filter Include="Source Files">
      <UniqueIdentifier>{691e3656-dc95-4041-9a37-1c40dcfb8d6d}</UniqueIdentifier>
      <Extensions>cpp;c;cxx;rc;def;r;odl;idl;hpj;bat</Extensions>
    </Filter>
    <Filter Include="Header Files">
      <UniqueIdentifier>{a53fe353-19af-463a-8f31-f25d3892a93b}</UniqueIdentifier>
      <Extensions>h;hpp;hxx;hm;inl</Extensions>
    </Filter>
    <Filter Include="Resource Files">
      <UniqueIdentifier>{872539be-e7da-442a-9488-b6f8fab8d7d5}</UniqueIdentifier>
      <Extensions>rc;ico;cur;bmp;dlg;rc2;rct;bin;rgs;gif;jpg;jpeg;jpe;resx;tiff;tif;png;wav;mfcribbon-ms</Extensions>
    </Filter>
  </ItemGroup>
  <ItemGroup>
    <ClCompile Include="ColumnPropertiesDlg.cpp">
      <Filter>Source Files</Filter>
    </ClCompile>
    <ClCompile Include="ConditionEdit.cpp">
      <Filter>Source Files</Filter>
    </ClCompile>
    <ClCompile Include="ConditionGrid.cpp">
      <Filter>Source Files</Filter>
    </ClCompile>
    <ClCompile Include="DragOptionsDlg.cpp">
      <Filter>Source Files</Filter>
    </ClCompile>
    <ClCompile Include="DropRule.cpp">
      <Filter>Source Files</Filter>
    </ClCompile>
    <ClCompile Include="FormFilePropertiesDlg.cpp">
      <Filter>Source Files</Filter>
    </ClCompile>
    <ClCompile Include="FieldPropertiesDlg.cpp">
      <Filter>Source Files</Filter>
    </ClCompile>
    <ClCompile Include="FieldFontDlg.cpp">
      <Filter>Source Files</Filter>
    </ClCompile>
    <ClCompile Include="FormDoc.cpp">
      <Filter>Source Files</Filter>
    </ClCompile>
    <ClCompile Include="FormGrid.cpp">
      <Filter>Source Files</Filter>
    </ClCompile>
    <ClCompile Include="FormID.CPP">
      <Filter>Source Files</Filter>
    </ClCompile>
    <ClCompile Include="FormView.cpp">
      <Filter>Source Files</Filter>
    </ClCompile>
    <ClCompile Include="FrmChWnd.cpp">
      <Filter>Source Files</Filter>
    </ClCompile>
    <ClCompile Include="FrmTrCtl.CPP">
      <Filter>Source Files</Filter>
    </ClCompile>
    <ClCompile Include="FSplWnd.cpp">
      <Filter>Source Files</Filter>
    </ClCompile>
    <ClCompile Include="GlobalFontDlg.cpp">
      <Filter>Source Files</Filter>
    </ClCompile>
    <ClCompile Include="GridDlgs.cpp">
      <Filter>Source Files</Filter>
    </ClCompile>
    <ClCompile Include="GridPropertiesDlg.cpp">
      <Filter>Source Files</Filter>
    </ClCompile>
    <ClCompile Include="LevelPropertiesDlg.cpp">
      <Filter>Source Files</Filter>
    </ClCompile>
    <ClCompile Include="FormFileOptionsDlg.cpp">
      <Filter>Source Files</Filter>
    </ClCompile>
    <ClCompile Include="FormPropertiesDlg.cpp">
      <Filter>Source Files</Filter>
    </ClCompile>
    <ClCompile Include="QSFCndVw.cpp">
      <Filter>Source Files</Filter>
    </ClCompile>
    <ClCompile Include="QSFEView.cpp">
      <Filter>Source Files</Filter>
    </ClCompile>
    <ClCompile Include="RunAsBatchDlg.cpp">
      <Filter>Source Files</Filter>
    </ClCompile>
    <ClCompile Include="StdAfx.cpp">
      <Filter>Source Files</Filter>
    </ClCompile>
    <ClCompile Include="SView.CPP">
      <Filter>Source Files</Filter>
    </ClCompile>
    <ClCompile Include="tracker.cpp">
      <Filter>Source Files</Filter>
    </ClCompile>
    <ClCompile Include="TextPropertiesDlg.cpp">
      <Filter>Source Files</Filter>
    </ClCompile>
    <ClCompile Include="zFormF.cpp">
      <Filter>Source Files</Filter>
    </ClCompile>
    <ClCompile Include="MultipleFieldPropertiesDlg.cpp">
      <Filter>Source Files</Filter>
    </ClCompile>
    <ClCompile Include="KeyboardInputDlg.cpp">
      <Filter>Source Files</Filter>
    </ClCompile>
    <ClCompile Include="FieldColorsDlg.cpp">
      <Filter>Source Files</Filter>
    </ClCompile>
    <ClCompile Include="SyncParamsDlg.cpp">
      <Filter>Source Files</Filter>
    </ClCompile>
    <ClCompile Include="DataSourceOptionsDlg.cpp">
      <Filter>Source Files</Filter>
    </ClCompile>
    <ClCompile Include="BlockPropertiesDlg.cpp">
      <Filter>Source Files</Filter>
    </ClCompile>
    <ClCompile Include="MappingOptionsDlg.cpp">
      <Filter>Source Files</Filter>
    </ClCompile>
    <ClCompile Include="QSFEditToolbar.cpp">
      <Filter>Source Files</Filter>
    </ClCompile>
    <ClCompile Include="QSFEditToolBarComboBoxButton.cpp">
      <Filter>Source Files</Filter>
    </ClCompile>
    <ClCompile Include="QSFEditStyleDlg.cpp">
      <Filter>Source Files</Filter>
    </ClCompile>
    <ClCompile Include="TableToolbarDropdown.cpp">
      <Filter>Source Files</Filter>
    </ClCompile>
    <ClCompile Include="TableToolbarButton.cpp">
      <Filter>Source Files</Filter>
    </ClCompile>
    <ClCompile Include="QSFEditToolBarStyledComboBoxButton.cpp">
      <Filter>Source Files</Filter>
    </ClCompile>
    <ClCompile Include="CapiEditorViewModel.cpp">
      <Filter>Source Files</Filter>
    </ClCompile>
    <ClCompile Include="QSFEditNumericSortToolBarComboBoxButton.cpp">
      <Filter>Source Files</Filter>
    </ClCompile>
    <ClCompile Include="BoxToolBar.cpp">
      <Filter>Source Files</Filter>
    </ClCompile>
    <ClCompile Include="TextFontDlg.cpp">
      <Filter>Source Files</Filter>
    </ClCompile>
  </ItemGroup>
  <ItemGroup>
    <None Include="Res\box_tool.bmp">
      <Filter>Resource Files</Filter>
    </None>
    <None Include="Res\col_orie.bmp">
      <Filter>Resource Files</Filter>
    </None>
    <None Include="res\form.ico">
      <Filter>Resource Files</Filter>
    </None>
    <None Include="RES\IDR_FORM.ICO">
      <Filter>Resource Files</Filter>
    </None>
    <None Include="Res\level.ico">
      <Filter>Resource Files</Filter>
    </None>
    <None Include="Res\mirror.ico">
      <Filter>Resource Files</Filter>
    </None>
    <None Include="Res\row_orie.bmp">
      <Filter>Resource Files</Filter>
    </None>
    <None Include="res\TOOLBAR.BMP">
      <Filter>Resource Files</Filter>
    </None>
    <None Include="Res\Warning_yellow_7231.ico">
      <Filter>Resource Files</Filter>
    </None>
    <None Include="Res\field.ico">
      <Filter>Resource Files</Filter>
    </None>
    <None Include="Res\level_logic.ico">
      <Filter>Resource Files</Filter>
    </None>
    <None Include="res\form_logic.ico">
      <Filter>Resource Files</Filter>
    </None>
    <None Include="Res\form_looping.ico">
      <Filter>Resource Files</Filter>
    </None>
    <None Include="res\form_looping_logic.ico">
      <Filter>Resource Files</Filter>
    </None>
    <None Include="Res\formfile.ico">
      <Filter>Resource Files</Filter>
    </None>
    <None Include="Res\formfile_logic.ico">
      <Filter>Resource Files</Filter>
    </None>
    <None Include="Res\roster.ico">
      <Filter>Resource Files</Filter>
    </None>
    <None Include="res\roster_logic.ico">
      <Filter>Resource Files</Filter>
    </None>
    <None Include="res\mirror_logic.ico">
      <Filter>Resource Files</Filter>
    </None>
    <None Include="Res\protected.ico">
      <Filter>Resource Files</Filter>
    </None>
    <None Include="res\protected_logic.ico">
      <Filter>Resource Files</Filter>
    </None>
    <None Include="res\field_logic.ico">
      <Filter>Resource Files</Filter>
    </None>
    <None Include="Res\field_question.ico">
      <Filter>Resource Files</Filter>
    </None>
    <None Include="Res\field_logic_question.ico">
      <Filter>Resource Files</Filter>
    </None>
  </ItemGroup>
  <ItemGroup>
    <ClInclude Include="ColumnPropertiesDlg.h">
      <Filter>Header Files</Filter>
    </ClInclude>
    <ClInclude Include="ConditionEdit.h">
      <Filter>Header Files</Filter>
    </ClInclude>
    <ClInclude Include="ConditionGrid.h">
      <Filter>Header Files</Filter>
    </ClInclude>
    <ClInclude Include="DragOptionsDlg.h">
      <Filter>Header Files</Filter>
    </ClInclude>
    <ClInclude Include="DropRule.h">
      <Filter>Header Files</Filter>
    </ClInclude>
    <ClInclude Include="FormFilePropertiesDlg.h">
      <Filter>Header Files</Filter>
    </ClInclude>
    <ClInclude Include="FieldPropertiesDlg.h">
      <Filter>Header Files</Filter>
    </ClInclude>
    <ClInclude Include="FieldFontDlg.h">
      <Filter>Header Files</Filter>
    </ClInclude>
    <ClInclude Include="FormDoc.h">
      <Filter>Header Files</Filter>
    </ClInclude>
    <ClInclude Include="FormGrid.h">
      <Filter>Header Files</Filter>
    </ClInclude>
    <ClInclude Include="FormID.H">
      <Filter>Header Files</Filter>
    </ClInclude>
    <ClInclude Include="FormView.h">
      <Filter>Header Files</Filter>
    </ClInclude>
    <ClInclude Include="FrmChWnd.h">
      <Filter>Header Files</Filter>
    </ClInclude>
    <ClInclude Include="FrmTrCtl.H">
      <Filter>Header Files</Filter>
    </ClInclude>
    <ClInclude Include="FSplWnd.h">
      <Filter>Header Files</Filter>
    </ClInclude>
    <ClInclude Include="GlobalFontDlg.h">
      <Filter>Header Files</Filter>
    </ClInclude>
    <ClInclude Include="GridDlgs.h">
      <Filter>Header Files</Filter>
    </ClInclude>
    <ClInclude Include="GridPropertiesDlg.h">
      <Filter>Header Files</Filter>
    </ClInclude>
    <ClInclude Include="LevelPropertiesDlg.h">
      <Filter>Header Files</Filter>
    </ClInclude>
    <ClInclude Include="FormFileOptionsDlg.h">
      <Filter>Header Files</Filter>
    </ClInclude>
    <ClInclude Include="FormPropertiesDlg.h">
      <Filter>Header Files</Filter>
    </ClInclude>
    <ClInclude Include="QSFCndVw.h">
      <Filter>Header Files</Filter>
    </ClInclude>
    <ClInclude Include="QSFEView.h">
      <Filter>Header Files</Filter>
    </ClInclude>
    <ClInclude Include="RunAsBatchDlg.h">
      <Filter>Header Files</Filter>
    </ClInclude>
    <ClInclude Include="StdAfx.h">
      <Filter>Header Files</Filter>
    </ClInclude>
    <ClInclude Include="SView.H">
      <Filter>Header Files</Filter>
    </ClInclude>
    <ClInclude Include="Tracker.h">
      <Filter>Header Files</Filter>
    </ClInclude>
    <ClInclude Include="TextPropertiesDlg.h">
      <Filter>Header Files</Filter>
    </ClInclude>
    <ClInclude Include="zFormF.h">
      <Filter>Header Files</Filter>
    </ClInclude>
    <ClInclude Include="MultipleFieldPropertiesDlg.h">
      <Filter>Header Files</Filter>
    </ClInclude>
    <ClInclude Include="KeyboardInputDlg.h">
      <Filter>Header Files</Filter>
    </ClInclude>
    <ClInclude Include="FieldColorsDlg.h">
      <Filter>Header Files</Filter>
    </ClInclude>
    <ClInclude Include="SyncParamsDlg.h">
      <Filter>Header Files</Filter>
    </ClInclude>
    <ClInclude Include="DataSourceOptionsDlg.h">
      <Filter>Header Files</Filter>
    </ClInclude>
    <ClInclude Include="BlockPropertiesDlg.h">
      <Filter>Header Files</Filter>
    </ClInclude>
    <ClInclude Include="MappingOptionsDlg.h">
      <Filter>Header Files</Filter>
    </ClInclude>
    <ClInclude Include="QSFEditToolbar.h">
      <Filter>Header Files</Filter>
    </ClInclude>
    <ClInclude Include="QSFEditToolBarComboBoxButton.h">
      <Filter>Header Files</Filter>
    </ClInclude>
    <ClInclude Include="QSFEditStyleDlg.h">
      <Filter>Header Files</Filter>
    </ClInclude>
    <ClInclude Include="TableToolbarDropdown.h">
      <Filter>Header Files</Filter>
    </ClInclude>
    <ClInclude Include="TableToolbarButton.h">
      <Filter>Header Files</Filter>
    </ClInclude>
    <ClInclude Include="QSFEditToolBarStyledComboBoxButton.h">
      <Filter>Header Files</Filter>
    </ClInclude>
    <ClInclude Include="CapiEditorViewModel.h">
      <Filter>Header Files</Filter>
    </ClInclude>
    <ClInclude Include="QSFEditNumericSortToolBarComboBoxButton.h">
      <Filter>Header Files</Filter>
    </ClInclude>
    <ClInclude Include="UWM.h">
      <Filter>Header Files</Filter>
    </ClInclude>
    <ClInclude Include="BoxToolBar.h">
      <Filter>Header Files</Filter>
    </ClInclude>
    <ClInclude Include="resource.h">
      <Filter>Header Files</Filter>
    </ClInclude>
    <ClInclude Include="TextFontDlg.h">
      <Filter>Header Files</Filter>
    </ClInclude>
  </ItemGroup>
  <ItemGroup>
    <Image Include="Res\qsf_editor_toolbar.png">
      <Filter>Resource Files</Filter>
    </Image>
    <Image Include="Res\Add.bmp">
      <Filter>Resource Files</Filter>
    </Image>
    <Image Include="Res\Remove.png">
      <Filter>Resource Files</Filter>
    </Image>
    <Image Include="Res\RemoveDisabled.png">
      <Filter>Resource Files</Filter>
    </Image>
    <Image Include="Res\Add.png">
      <Filter>Resource Files</Filter>
    </Image>
  </ItemGroup>
  <ItemGroup>
    <ResourceCompile Include="zFormF.rc">
      <Filter>Resource Files</Filter>
    </ResourceCompile>
  </ItemGroup>
</Project>