<?xml version="1.0" encoding="utf-8"?>
<Project ToolsVersion="4.0" xmlns="http://schemas.microsoft.com/developer/msbuild/2003">
  <ItemGroup>
    <Filter Include="Source Files">
      <UniqueIdentifier>{5878fbf6-6f60-4f10-a299-9c147d674929}</UniqueIdentifier>
      <Extensions>cpp;c;cxx;rc;def;r;odl;idl;hpj;bat</Extensions>
    </Filter>
    <Filter Include="Header Files">
      <UniqueIdentifier>{d9c193e8-c06a-4eb9-8c49-0971ba14cc60}</UniqueIdentifier>
      <Extensions>h;hpp;hxx;hm;inl</Extensions>
    </Filter>
  </ItemGroup>
  <ItemGroup>
    <ClCompile Include="basetab2.cpp">
      <Filter>Source Files</Filter>
    </ClCompile>
    <ClCompile Include="BreakIt.cpp">
      <Filter>Source Files</Filter>
    </ClCompile>
    <ClCompile Include="ccross.cpp">
      <Filter>Source Files</Filter>
    </ClCompile>
    <ClCompile Include="cLinkSta.cpp">
      <Filter>Source Files</Filter>
    </ClCompile>
    <ClCompile Include="cLinkSub.cpp">
      <Filter>Source Files</Filter>
    </ClCompile>
    <ClCompile Include="cLinkTab.cpp">
      <Filter>Source Files</Filter>
    </ClCompile>
    <ClCompile Include="cLinkTer.cpp">
      <Filter>Source Files</Filter>
    </ClCompile>
    <ClCompile Include="cLinkUnt.cpp">
      <Filter>Source Files</Filter>
    </ClCompile>
    <ClCompile Include="cLinkVar.cpp">
      <Filter>Source Files</Filter>
    </ClCompile>
    <ClCompile Include="coordmem.cpp">
      <Filter>Source Files</Filter>
    </ClCompile>
    <ClCompile Include="ctstat.cpp">
      <Filter>Source Files</Filter>
    </ClCompile>
    <ClCompile Include="ctstatv.cpp">
      <Filter>Source Files</Filter>
    </ClCompile>
    <ClCompile Include="StdAfx.cpp">
      <Filter>Source Files</Filter>
    </ClCompile>
    <ClCompile Include="subexpr.cpp">
      <Filter>Source Files</Filter>
    </ClCompile>
    <ClCompile Include="subrange.cpp">
      <Filter>Source Files</Filter>
    </ClCompile>
    <ClCompile Include="TableAc.cpp">
      <Filter>Source Files</Filter>
    </ClCompile>
    <ClCompile Include="TbdFile.cpp">
      <Filter>Source Files</Filter>
    </ClCompile>
    <ClCompile Include="TbdFileM.cpp">
      <Filter>Source Files</Filter>
    </ClCompile>
    <ClCompile Include="TbdSlice.cpp">
      <Filter>Source Files</Filter>
    </ClCompile>
    <ClCompile Include="TbdTable.cpp">
      <Filter>Source Files</Filter>
    </ClCompile>
    <ClCompile Include="TbiFile.cpp">
      <Filter>Source Files</Filter>
    </ClCompile>
    <ClCompile Include="zTbdO.cpp">
      <Filter>Source Files</Filter>
    </ClCompile>
  </ItemGroup>
  <ItemGroup>
    <ClInclude Include="basetab2.h">
      <Filter>Header Files</Filter>
    </ClInclude>
    <ClInclude Include="BreakIt.h">
      <Filter>Header Files</Filter>
    </ClInclude>
    <ClInclude Include="ccross.h">
      <Filter>Header Files</Filter>
    </ClInclude>
    <ClInclude Include="cLinkSta.h">
      <Filter>Header Files</Filter>
    </ClInclude>
    <ClInclude Include="cLinkSub.h">
      <Filter>Header Files</Filter>
    </ClInclude>
    <ClInclude Include="cLinkTab.h">
      <Filter>Header Files</Filter>
    </ClInclude>
    <ClInclude Include="cLinkTer.h">
      <Filter>Header Files</Filter>
    </ClInclude>
    <ClInclude Include="cLinkUnt.h">
      <Filter>Header Files</Filter>
    </ClInclude>
    <ClInclude Include="cLinkVar.h">
      <Filter>Header Files</Filter>
    </ClInclude>
    <ClInclude Include="coordmem.h">
      <Filter>Header Files</Filter>
    </ClInclude>
    <ClInclude Include="cttree.h">
      <Filter>Header Files</Filter>
    </ClInclude>
    <ClInclude Include="defslot.h">
      <Filter>Header Files</Filter>
    </ClInclude>
    <ClInclude Include="StdAfx.h">
      <Filter>Header Files</Filter>
    </ClInclude>
    <ClInclude Include="subexpr.h">
      <Filter>Header Files</Filter>
    </ClInclude>
    <ClInclude Include="subrange.h">
      <Filter>Header Files</Filter>
    </ClInclude>
    <ClInclude Include="TableAc.h">
      <Filter>Header Files</Filter>
    </ClInclude>
    <ClInclude Include="TbdFile.h">
      <Filter>Header Files</Filter>
    </ClInclude>
    <ClInclude Include="TbdFileM.h">
      <Filter>Header Files</Filter>
    </ClInclude>
    <ClInclude Include="TbdSlice.h">
      <Filter>Header Files</Filter>
    </ClInclude>
    <ClInclude Include="TbdTable.h">
      <Filter>Header Files</Filter>
    </ClInclude>
    <ClInclude Include="TbiFile.h">
      <Filter>Header Files</Filter>
    </ClInclude>
    <ClInclude Include="ctstat.h">
      <Filter>Header Files</Filter>
    </ClInclude>
    <ClInclude Include="ctstatv.h">
      <Filter>Header Files</Filter>
    </ClInclude>
    <ClInclude Include="Bitoper.h">
      <Filter>Header Files</Filter>
    </ClInclude>
  </ItemGroup>
</Project>