<?xml version="1.0" encoding="utf-8"?>
<Project ToolsVersion="4.0" xmlns="http://schemas.microsoft.com/developer/msbuild/2003">
  <ItemGroup>
    <Filter Include="Source Files">
      <UniqueIdentifier>{4FC737F1-C7A5-4376-A066-2A32D752A2FF}</UniqueIdentifier>
      <Extensions>cpp;c;cc;cxx;def;odl;idl;hpj;bat;asm;asmx</Extensions>
    </Filter>
    <Filter Include="Header Files">
      <UniqueIdentifier>{93995380-89BD-4b04-88EB-625FBE52EBFB}</UniqueIdentifier>
      <Extensions>h;hh;hpp;hxx;hm;inl;inc;xsd</Extensions>
    </Filter>
    <Filter Include="easylogging">
      <UniqueIdentifier>{762e0119-2314-4724-9fd0-f3a59d944838}</UniqueIdentifier>
    </Filter>
  </ItemGroup>
  <ItemGroup>
    <ClInclude Include="stdafx.h">
      <Filter>Header Files</Filter>
    </ClInclude>
    <ClInclude Include="zSyncO.h">
      <Filter>Header Files</Filter>
    </ClInclude>
    <ClInclude Include="ConnectResponse.h">
      <Filter>Header Files</Filter>
    </ClInclude>
    <ClInclude Include="ISyncServerConnection.h">
      <Filter>Header Files</Filter>
    </ClInclude>
    <ClInclude Include="ISyncServerConnectionFactory.h">
      <Filter>Header Files</Filter>
    </ClInclude>
    <ClInclude Include="JsonConverter.h">
      <Filter>Header Files</Filter>
    </ClInclude>
    <ClInclude Include="SyncClient.h">
      <Filter>Header Files</Filter>
    </ClInclude>
    <ClInclude Include="SyncRequest.h">
      <Filter>Header Files</Filter>
    </ClInclude>
    <ClInclude Include="SyncServerConnectionFactory.h">
      <Filter>Header Files</Filter>
    </ClInclude>
    <ClInclude Include="BluetoothSyncServerConnection.h">
      <Filter>Header Files</Filter>
    </ClInclude>
    <ClInclude Include="SyncObexHandler.h">
      <Filter>Header Files</Filter>
    </ClInclude>
    <ClInclude Include="SyncException.h">
      <Filter>Header Files</Filter>
    </ClInclude>
    <ClInclude Include="ObexClient.h">
      <Filter>Header Files</Filter>
    </ClInclude>
    <ClInclude Include="IObexTransport.h">
      <Filter>Header Files</Filter>
    </ClInclude>
    <ClInclude Include="ObexConstants.h">
      <Filter>Header Files</Filter>
    </ClInclude>
    <ClInclude Include="ObexHeader.h">
      <Filter>Header Files</Filter>
    </ClInclude>
    <ClInclude Include="WinObexBluetoothTransport.h">
      <Filter>Header Files</Filter>
    </ClInclude>
    <ClInclude Include="ObexPacket.h">
      <Filter>Header Files</Filter>
    </ClInclude>
    <ClInclude Include="OauthTokenRequest.h">
      <Filter>Header Files</Filter>
    </ClInclude>
    <ClInclude Include="OauthTokenResponse.h">
      <Filter>Header Files</Filter>
    </ClInclude>
    <ClInclude Include="ObexPacketSerializer.h">
      <Filter>Header Files</Filter>
    </ClInclude>
    <ClInclude Include="IBluetoothAdapter.h">
      <Filter>Header Files</Filter>
    </ClInclude>
    <ClInclude Include="WinBluetoothAdapter.h">
      <Filter>Header Files</Filter>
    </ClInclude>
    <ClInclude Include="BluetoothObexConnection.h">
      <Filter>Header Files</Filter>
    </ClInclude>
    <ClInclude Include="ISyncListener.h">
      <Filter>Header Files</Filter>
    </ClInclude>
    <ClInclude Include="BluetoothObexServer.h">
      <Filter>Header Files</Filter>
    </ClInclude>
    <ClInclude Include="IObexResource.h">
      <Filter>Header Files</Filter>
    </ClInclude>
    <ClInclude Include="WinBluetoothScanner.h">
      <Filter>Header Files</Filter>
    </ClInclude>
    <ClInclude Include="IDataRepositoryRetriever.h">
      <Filter>Header Files</Filter>
    </ClInclude>
    <ClInclude Include="AppSyncParamRunner.h">
      <Filter>Header Files</Filter>
    </ClInclude>
    <ClInclude Include="SyncErrorResponse.h">
      <Filter>Header Files</Filter>
    </ClInclude>
    <ClInclude Include="CSWebSyncServerConnection.h">
      <Filter>Header Files</Filter>
    </ClInclude>
    <ClInclude Include="BluetoothDeviceInfo.h">
      <Filter>Header Files</Filter>
    </ClInclude>
    <ClInclude Include="ILoginDialog.h">
      <Filter>Header Files</Filter>
    </ClInclude>
    <ClInclude Include="DropboxSyncServerConnection.h">
      <Filter>Header Files</Filter>
    </ClInclude>
    <ClInclude Include="ExponentialBackoff.h">
      <Filter>Header Files</Filter>
    </ClInclude>
    <ClInclude Include="DropboxDb.h">
      <Filter>Header Files</Filter>
    </ClInclude>
    <ClInclude Include="SyncCustomHeaders.h">
      <Filter>Header Files</Filter>
    </ClInclude>
    <ClInclude Include="FtpSyncServerConnection.h">
      <Filter>Header Files</Filter>
    </ClInclude>
    <ClInclude Include="SyncUtil.h">
      <Filter>Header Files</Filter>
    </ClInclude>
    <ClInclude Include="DictionaryInfo.h">
      <Filter>Header Files</Filter>
    </ClInclude>
    <ClInclude Include="IDropboxAuthDialog.h">
      <Filter>Header Files</Filter>
    </ClInclude>
    <ClInclude Include="SyncGetResponse.h">
      <Filter>Header Files</Filter>
    </ClInclude>
    <ClInclude Include="SyncPutResponse.h">
      <Filter>Header Files</Filter>
    </ClInclude>
    <ClInclude Include="FileBasedSmartSyncer.h">
      <Filter>Header Files</Filter>
    </ClInclude>
    <ClInclude Include="IChooseBluetoothDeviceDialog.h">
      <Filter>Header Files</Filter>
    </ClInclude>
    <ClInclude Include="ApplicationPackage.h">
      <Filter>Header Files</Filter>
    </ClInclude>
    <ClInclude Include="DefaultChunk.h">
      <Filter>Header Files</Filter>
    </ClInclude>
    <ClInclude Include="BluetoothChunk.h">
      <Filter>Header Files</Filter>
    </ClInclude>
    <ClInclude Include="ObexServer.h">
      <Filter>Header Files</Filter>
    </ClInclude>
    <ClInclude Include="IDataChunk.h">
      <Filter>Header Files</Filter>
    </ClInclude>
    <ClInclude Include="SyncCredentialStore.h">
      <Filter>Header Files</Filter>
    </ClInclude>
    <ClInclude Include="LocalFileSyncServerConnection.h">
      <Filter>Header Files</Filter>
    </ClInclude>
    <ClInclude Include="DropboxLocalSyncServerConnection.h">
      <Filter>Header Files</Filter>
    </ClInclude>
    <ClInclude Include="CSWebDataChunk.h">
      <Filter>Header Files</Filter>
    </ClInclude>
    <ClInclude Include="..\external\easylogging\easylogging++.h">
      <Filter>easylogging</Filter>
    </ClInclude>
    <ClInclude Include="SyncMessage.h">
      <Filter>Header Files</Filter>
    </ClInclude>
    <ClInclude Include="BarcodeCredentials.h">
      <Filter>Header Files</Filter>
    </ClInclude>
    <ClInclude Include="CaseJsonStreamParser.h">
      <Filter>Header Files</Filter>
    </ClInclude>
    <ClInclude Include="JsonStreamParser.h">
      <Filter>Header Files</Filter>
    </ClInclude>
    <ClInclude Include="CaseJsonWriter.h">
      <Filter>Header Files</Filter>
    </ClInclude>
    <ClInclude Include="CaseObservable.h">
      <Filter>Header Files</Filter>
    </ClInclude>
    <ClInclude Include="SyncLogCaseConstructionReporter.h">
      <Filter>Header Files</Filter>
    </ClInclude>
    <ClInclude Include="FileBasedParadataSyncer.h">
      <Filter>Header Files</Filter>
    </ClInclude>
    <ClInclude Include="WinBluetoothNameSetter.h">
      <Filter>Header Files</Filter>
    </ClInclude>
  </ItemGroup>
  <ItemGroup>
    <ClCompile Include="stdafx.cpp">
      <Filter>Source Files</Filter>
    </ClCompile>
    <ClCompile Include="ConnectResponse.cpp">
      <Filter>Source Files</Filter>
    </ClCompile>
    <ClCompile Include="JsonConverter.cpp">
      <Filter>Source Files</Filter>
    </ClCompile>
    <ClCompile Include="SyncClient.cpp">
      <Filter>Source Files</Filter>
    </ClCompile>
    <ClCompile Include="SyncRequest.cpp">
      <Filter>Source Files</Filter>
    </ClCompile>
    <ClCompile Include="SyncServerConnectionFactory.cpp">
      <Filter>Source Files</Filter>
    </ClCompile>
    <ClCompile Include="BluetoothSyncServerConnection.cpp">
      <Filter>Source Files</Filter>
    </ClCompile>
    <ClCompile Include="SyncObexHandler.cpp">
      <Filter>Source Files</Filter>
    </ClCompile>
    <ClCompile Include="ObexClient.cpp">
      <Filter>Source Files</Filter>
    </ClCompile>
    <ClCompile Include="ObexConstants.cpp">
      <Filter>Source Files</Filter>
    </ClCompile>
    <ClCompile Include="ObexHeader.cpp">
      <Filter>Source Files</Filter>
    </ClCompile>
    <ClCompile Include="WinObexBluetoothTransport.cpp">
      <Filter>Source Files</Filter>
    </ClCompile>
    <ClCompile Include="ObexPacket.cpp">
      <Filter>Source Files</Filter>
    </ClCompile>
    <ClCompile Include="OauthTokenRequest.cpp">
      <Filter>Source Files</Filter>
    </ClCompile>
    <ClCompile Include="OauthTokenResponse.cpp">
      <Filter>Source Files</Filter>
    </ClCompile>
    <ClCompile Include="ObexServer.cpp">
      <Filter>Source Files</Filter>
    </ClCompile>
    <ClCompile Include="ObexPacketSerializer.cpp">
      <Filter>Source Files</Filter>
    </ClCompile>
    <ClCompile Include="BluetoothObexConnection.cpp">
      <Filter>Source Files</Filter>
    </ClCompile>
    <ClCompile Include="WinBluetoothAdapter.cpp">
      <Filter>Source Files</Filter>
    </ClCompile>
    <ClCompile Include="BluetoothObexServer.cpp">
      <Filter>Source Files</Filter>
    </ClCompile>
    <ClCompile Include="WinBluetoothScanner.cpp">
      <Filter>Source Files</Filter>
    </ClCompile>
    <ClCompile Include="AppSyncParamRunner.cpp">
      <Filter>Source Files</Filter>
    </ClCompile>
    <ClCompile Include="SyncErrorResponse.cpp">
      <Filter>Source Files</Filter>
    </ClCompile>
    <ClCompile Include="CSWebSyncServerConnection.cpp">
      <Filter>Source Files</Filter>
    </ClCompile>
    <ClCompile Include="DropboxSyncServerConnection.cpp">
      <Filter>Source Files</Filter>
    </ClCompile>
    <ClCompile Include="ExponentialBackoff.cpp">
      <Filter>Source Files</Filter>
    </ClCompile>
    <ClCompile Include="DropboxDb.cpp">
      <Filter>Source Files</Filter>
    </ClCompile>
    <ClCompile Include="SyncCustomHeaders.cpp">
      <Filter>Source Files</Filter>
    </ClCompile>
    <ClCompile Include="FtpSyncServerConnection.cpp">
      <Filter>Source Files</Filter>
    </ClCompile>
    <ClCompile Include="SyncGetResponse.cpp">
      <Filter>Source Files</Filter>
    </ClCompile>
    <ClCompile Include="SyncPutResponse.cpp">
      <Filter>Source Files</Filter>
    </ClCompile>
    <ClCompile Include="ApplicationPackage.cpp">
      <Filter>Source Files</Filter>
    </ClCompile>
    <ClCompile Include="DefaultChunk.cpp">
      <Filter>Source Files</Filter>
    </ClCompile>
    <ClCompile Include="BluetoothChunk.cpp">
      <Filter>Source Files</Filter>
    </ClCompile>
    <ClCompile Include="LocalFileSyncServerConnection.cpp">
      <Filter>Source Files</Filter>
    </ClCompile>
    <ClCompile Include="DropboxLocalSyncServerConnection.cpp">
      <Filter>Source Files</Filter>
    </ClCompile>
    <ClCompile Include="CSWebDataChunk.cpp">
      <Filter>Source Files</Filter>
    </ClCompile>
    <ClCompile Include="..\external\easylogging\easylogging++.cc">
      <Filter>easylogging</Filter>
    </ClCompile>
    <ClCompile Include="WinBluetoothNameSetter.cpp">
      <Filter>Source Files</Filter>
    </ClCompile>
  </ItemGroup>
  <ItemGroup>
    <None Include="SyncClientClasses.cd" />
    <None Include="SyncServerClasses.cd" />
  </ItemGroup>
</Project>