<?xml version="1.0" encoding="utf-8"?>
<Project ToolsVersion="4.0" xmlns="http://schemas.microsoft.com/developer/msbuild/2003">
  <ItemGroup>
    <Filter Include="Source Files">
      <UniqueIdentifier>{4FC737F1-C7A5-4376-A066-2A32D752A2FF}</UniqueIdentifier>
      <Extensions>cpp;c;cc;cxx;c++;cppm;ixx;def;odl;idl;hpj;bat;asm;asmx</Extensions>
    </Filter>
    <Filter Include="Header Files">
      <UniqueIdentifier>{93995380-89BD-4b04-88EB-625FBE52EBFB}</UniqueIdentifier>
      <Extensions>h;hh;hpp;hxx;h++;hm;inl;inc;ipp;xsd</Extensions>
    </Filter>
    <Filter Include="Header Files\CaseConverters">
      <UniqueIdentifier>{8be825aa-b4be-4bff-9e87-6c55de60501e}</UniqueIdentifier>
    </Filter>
    <Filter Include="Source Files\CaseConverters">
      <UniqueIdentifier>{00743212-d94f-4dce-bd61-63bb3b4f1ecf}</UniqueIdentifier>
    </Filter>
    <Filter Include="Header Files\CaseConstructionReporter">
      <UniqueIdentifier>{7f14433c-8e53-492a-96f0-673ec5cb7b8c}</UniqueIdentifier>
    </Filter>
    <Filter Include="Source Files\CaseConstructionReporter">
      <UniqueIdentifier>{640799c7-0c9b-4fd6-a92f-50837b202ec0}</UniqueIdentifier>
    </Filter>
  </ItemGroup>
  <ItemGroup>
    <ClCompile Include="stdafx.cpp">
      <Filter>Source Files</Filter>
    </ClCompile>
    <ClCompile Include="BinaryCaseItem.cpp">
      <Filter>Source Files</Filter>
    </ClCompile>
    <ClCompile Include="Case.cpp">
      <Filter>Source Files</Filter>
    </ClCompile>
    <ClCompile Include="CaseIO.cpp">
      <Filter>Source Files</Filter>
    </ClCompile>
    <ClCompile Include="CaseLevel.cpp">
      <Filter>Source Files</Filter>
    </ClCompile>
    <ClCompile Include="CaseRecord.cpp">
      <Filter>Source Files</Filter>
    </ClCompile>
    <ClCompile Include="CaseAccess.cpp">
      <Filter>Source Files</Filter>
    </ClCompile>
    <ClCompile Include="CaseItem.cpp">
      <Filter>Source Files</Filter>
    </ClCompile>
    <ClCompile Include="CaseItemIndex.cpp">
      <Filter>Source Files</Filter>
    </ClCompile>
    <ClCompile Include="CaseItemPrinter.cpp">
      <Filter>Source Files</Filter>
    </ClCompile>
    <ClCompile Include="CaseItemReference.cpp">
      <Filter>Source Files</Filter>
    </ClCompile>
    <ClCompile Include="FixedWidthNumericCaseItem.cpp">
      <Filter>Source Files</Filter>
    </ClCompile>
    <ClCompile Include="FixedWidthNumericWithStringBufferCaseItem.cpp">
      <Filter>Source Files</Filter>
    </ClCompile>
    <ClCompile Include="FixedWidthStringCaseItem.cpp">
      <Filter>Source Files</Filter>
    </ClCompile>
    <ClCompile Include="ItemSubitemSyncTask.cpp">
      <Filter>Source Files</Filter>
    </ClCompile>
    <ClCompile Include="NumericCaseItem.cpp">
      <Filter>Source Files</Filter>
    </ClCompile>
    <ClCompile Include="Pre74_Case.cpp">
      <Filter>Source Files</Filter>
    </ClCompile>
    <ClCompile Include="StringCaseItem.cpp">
      <Filter>Source Files</Filter>
    </ClCompile>
    <ClCompile Include="VectorClock.cpp">
      <Filter>Source Files</Filter>
    </ClCompile>
    <ClCompile Include="TextToCaseConverter.cpp">
      <Filter>Source Files\CaseConverters</Filter>
    </ClCompile>
    <ClCompile Include="CaseToHtmlConverter.cpp">
      <Filter>Source Files\CaseConverters</Filter>
    </ClCompile>
    <ClCompile Include="StringBasedCaseConstructionReporter.cpp">
      <Filter>Source Files\CaseConstructionReporter</Filter>
    </ClCompile>
    <ClCompile Include="CaseJsonSerializer.cpp">
      <Filter>Source Files\CaseConverters</Filter>
    </ClCompile>
  </ItemGroup>
  <ItemGroup>
    <ClInclude Include="zCaseO.h">
      <Filter>Header Files</Filter>
    </ClInclude>
    <ClInclude Include="stdafx.h">
      <Filter>Header Files</Filter>
    </ClInclude>
    <ClInclude Include="BinaryCaseItem.h">
      <Filter>Header Files</Filter>
    </ClInclude>
    <ClInclude Include="Case.h">
      <Filter>Header Files</Filter>
    </ClInclude>
    <ClInclude Include="CaseConstructionHelpers.h">
      <Filter>Header Files</Filter>
    </ClInclude>
    <ClInclude Include="CaseDefines.h">
      <Filter>Header Files</Filter>
    </ClInclude>
    <ClInclude Include="CaseKey.h">
      <Filter>Header Files</Filter>
    </ClInclude>
    <ClInclude Include="CaseLevel.h">
      <Filter>Header Files</Filter>
    </ClInclude>
    <ClInclude Include="CaseRecord.h">
      <Filter>Header Files</Filter>
    </ClInclude>
    <ClInclude Include="CaseSummary.h">
      <Filter>Header Files</Filter>
    </ClInclude>
    <ClInclude Include="CaseAccess.h">
      <Filter>Header Files</Filter>
    </ClInclude>
    <ClInclude Include="CaseItem.h">
      <Filter>Header Files</Filter>
    </ClInclude>
    <ClInclude Include="CaseItemHelpers.h">
      <Filter>Header Files</Filter>
    </ClInclude>
    <ClInclude Include="CaseItemIndex.h">
      <Filter>Header Files</Filter>
    </ClInclude>
    <ClInclude Include="CaseItemPrinter.h">
      <Filter>Header Files</Filter>
    </ClInclude>
    <ClInclude Include="CaseItemReference.h">
      <Filter>Header Files</Filter>
    </ClInclude>
    <ClInclude Include="FixedWidthNumericCaseItem.h">
      <Filter>Header Files</Filter>
    </ClInclude>
    <ClInclude Include="FixedWidthNumericWithStringBufferCaseItem.h">
      <Filter>Header Files</Filter>
    </ClInclude>
    <ClInclude Include="FixedWidthStringCaseItem.h">
      <Filter>Header Files</Filter>
    </ClInclude>
    <ClInclude Include="FullLineProcessor.h">
      <Filter>Header Files</Filter>
    </ClInclude>
    <ClInclude Include="IPostSetValueTask.h">
      <Filter>Header Files</Filter>
    </ClInclude>
    <ClInclude Include="ItemSubitemSyncTask.h">
      <Filter>Header Files</Filter>
    </ClInclude>
    <ClInclude Include="KeyChangeTask.h">
      <Filter>Header Files</Filter>
    </ClInclude>
    <ClInclude Include="NamedReference.h">
      <Filter>Header Files</Filter>
    </ClInclude>
    <ClInclude Include="Note.h">
      <Filter>Header Files</Filter>
    </ClInclude>
    <ClInclude Include="NoteSorter.h">
      <Filter>Header Files</Filter>
    </ClInclude>
    <ClInclude Include="NumericCaseItem.h">
      <Filter>Header Files</Filter>
    </ClInclude>
    <ClInclude Include="Pre74_Case.h">
      <Filter>Header Files</Filter>
    </ClInclude>
    <ClInclude Include="StringCaseItem.h">
      <Filter>Header Files</Filter>
    </ClInclude>
    <ClInclude Include="VectorClock.h">
      <Filter>Header Files</Filter>
    </ClInclude>
    <ClInclude Include="CaseToHtmlConverter.h">
      <Filter>Header Files\CaseConverters</Filter>
    </ClInclude>
    <ClInclude Include="TextToCaseConverter.h">
      <Filter>Header Files\CaseConverters</Filter>
    </ClInclude>
    <ClInclude Include="StringBasedCaseConstructionReporter.h">
      <Filter>Header Files\CaseConstructionReporter</Filter>
    </ClInclude>
    <ClInclude Include="StdioCaseConstructionReporter.h">
      <Filter>Header Files\CaseConstructionReporter</Filter>
    </ClInclude>
    <ClInclude Include="CaseConstructionReporter.h">
      <Filter>Header Files\CaseConstructionReporter</Filter>
    </ClInclude>
    <ClInclude Include="CaseJsonSerializer.h">
      <Filter>Header Files\CaseConverters</Filter>
    </ClInclude>
    <ClInclude Include="CaseItemJsonWriter.h">
      <Filter>Header Files\CaseConverters</Filter>
    </ClInclude>
    <ClInclude Include="CaseBinaryDataVirtualFileMappingHandler.h">
      <Filter>Header Files</Filter>
    </ClInclude>
  </ItemGroup>
</Project>