<?xml version="1.0" encoding="utf-8"?>
<Project ToolsVersion="4.0" xmlns="http://schemas.microsoft.com/developer/msbuild/2003">
  <ItemGroup>
    <Filter Include="Source Files">
      <UniqueIdentifier>{36d3ea0e-e94f-4273-8e87-4e982e2351d2}</UniqueIdentifier>
      <Extensions>cpp;c;cxx;rc;def;r;odl;idl;hpj;bat</Extensions>
    </Filter>
    <Filter Include="Resource Files">
      <UniqueIdentifier>{345263c6-d3d4-484f-a29d-eb9cf3ecfa2d}</UniqueIdentifier>
      <Extensions>rc;ico;cur;bmp;dlg;rc2;rct;bin;rgs;gif;jpg;jpeg;jpe;resx;tiff;tif;png;wav;mfcribbon-ms</Extensions>
    </Filter>
    <Filter Include="Header Files">
      <UniqueIdentifier>{e245c7e8-c631-4cc0-9a44-2e85ebaff07b}</UniqueIdentifier>
      <Extensions>h;hpp;hxx;hm;inl</Extensions>
    </Filter>
  </ItemGroup>
  <ItemGroup>
    <ClCompile Include="AplDoc.cpp">
      <Filter>Source Files</Filter>
    </ClCompile>
    <ClCompile Include="SelectAppDlg.cpp">
      <Filter>Source Files</Filter>
    </ClCompile>
    <ClCompile Include="ChildFrm.cpp">
      <Filter>Source Files</Filter>
    </ClCompile>
    <ClCompile Include="CSPro.cpp">
      <Filter>Source Files</Filter>
    </ClCompile>
    <ClCompile Include="DTYPEDLG.CPP">
      <Filter>Source Files</Filter>
    </ClCompile>
    <ClCompile Include="HidDTmpl.cpp">
      <Filter>Source Files</Filter>
    </ClCompile>
    <ClCompile Include="MainFrm.cpp">
      <Filter>Source Files</Filter>
    </ClCompile>
    <ClCompile Include="MDlgBar.cpp">
      <Filter>Source Files</Filter>
    </ClCompile>
    <ClCompile Include="MsrDoc.cpp">
      <Filter>Source Files</Filter>
    </ClCompile>
    <ClCompile Include="MsrView.cpp">
      <Filter>Source Files</Filter>
    </ClCompile>
    <ClCompile Include="MTabCtl.cpp">
      <Filter>Source Files</Filter>
    </ClCompile>
    <ClCompile Include="ObjTCtrl.cpp">
      <Filter>Source Files</Filter>
    </ClCompile>
    <ClCompile Include="SelectDocsDlg.cpp">
      <Filter>Source Files</Filter>
    </ClCompile>
    <ClCompile Include="StartDlg.cpp">
      <Filter>Source Files</Filter>
    </ClCompile>
    <ClCompile Include="StdAfx.cpp">
      <Filter>Source Files</Filter>
    </ClCompile>
    <ClCompile Include="AboutMenuDialogs.cpp">
      <Filter>Source Files</Filter>
    </ClCompile>
    <ClCompile Include="FontPrefDlg.cpp">
      <Filter>Source Files</Filter>
    </ClCompile>
    <ClCompile Include="FakeDropDoc.cpp">
      <Filter>Source Files</Filter>
    </ClCompile>
    <ClCompile Include="VersionShifterDlg.cpp">
      <Filter>Source Files</Filter>
    </ClCompile>
    <ClCompile Include="PropertiesDlgParadataPage.cpp">
      <Filter>Source Files</Filter>
    </ClCompile>
    <ClCompile Include="CapiMacrosDlg.cpp">
      <Filter>Source Files</Filter>
    </ClCompile>
    <ClCompile Include="CommonStoreDlg.cpp">
      <Filter>Source Files</Filter>
    </ClCompile>
    <ClCompile Include="LogicReference.cpp">
      <Filter>Source Files</Filter>
    </ClCompile>
    <ClCompile Include="AplFileAssociationsDlg.cpp">
      <Filter>Source Files</Filter>
    </ClCompile>
    <ClCompile Include="AplFileAssociationsGrid.cpp">
      <Filter>Source Files</Filter>
    </ClCompile>
    <ClCompile Include="SymbolAnalysisDlg.cpp">
      <Filter>Source Files</Filter>
    </ClCompile>
    <ClCompile Include="FileTreeNode.cpp">
      <Filter>Source Files</Filter>
    </ClCompile>
    <ClCompile Include="ReportPropertiesDlg.cpp">
      <Filter>Source Files</Filter>
    </ClCompile>
    <ClCompile Include="PropertiesDlg.cpp">
      <Filter>Source Files</Filter>
    </ClCompile>
    <ClCompile Include="PropertiesDlgMappingPage.cpp">
      <Filter>Source Files</Filter>
    </ClCompile>
    <ClCompile Include="PropertiesDlgMappingTileProviderPage.cpp">
      <Filter>Source Files</Filter>
    </ClCompile>
    <ClCompile Include="PropertiesDlgAdvancedFeaturesPage.cpp">
      <Filter>Source Files</Filter>
    </ClCompile>
    <ClCompile Include="Report.cpp">
      <Filter>Source Files</Filter>
    </ClCompile>
    <ClCompile Include="OnKeyCharacterMapDlg.cpp">
      <Filter>Source Files</Filter>
    </ClCompile>
    <ClCompile Include="NewFileCreator.cpp">
      <Filter>Source Files</Filter>
    </ClCompile>
    <ClCompile Include="NewFileDlg.cpp">
      <Filter>Source Files</Filter>
    </ClCompile>
    <ClCompile Include="PropertiesDlgApplicationPropertiesFilePage.cpp">
      <Filter>Source Files</Filter>
    </ClCompile>
    <ClCompile Include="PropertiesDlgLogicSettingsPage.cpp">
      <Filter>Source Files</Filter>
    </ClCompile>
    <ClCompile Include="PropertiesDlgPage.cpp">
      <Filter>Source Files</Filter>
    </ClCompile>
    <ClCompile Include="PropertiesDlgJsonPage.cpp">
      <Filter>Source Files</Filter>
    </ClCompile>
    <ClCompile Include="CodeMenu.cpp">
      <Filter>Source Files</Filter>
    </ClCompile>
  </ItemGroup>
  <ItemGroup>
    <None Include="Res\bch_file.ico">
      <Filter>Resource Files</Filter>
    </None>
    <None Include="Res\encfile.ico">
      <Filter>Resource Files</Filter>
    </None>
    <None Include="Res\ent_file.ico">
      <Filter>Resource Files</Filter>
    </None>
    <None Include="RES\ico00001.ico">
      <Filter>Resource Files</Filter>
    </None>
    <None Include="Res\ico00002.ico">
      <Filter>Resource Files</Filter>
    </None>
    <None Include="Res\Idr_main.ico">
      <Filter>Resource Files</Filter>
    </None>
    <None Include="Res\mgf_file.ico">
      <Filter>Resource Files</Filter>
    </None>
    <None Include="Res\New.ico">
      <Filter>Resource Files</Filter>
    </None>
    <None Include="Res\open.ico">
      <Filter>Resource Files</Filter>
    </None>
    <None Include="Res\ord_file.ico">
      <Filter>Resource Files</Filter>
    </None>
    <None Include="Res\qsf_file.ico">
      <Filter>Resource Files</Filter>
    </None>
    <None Include="Res\samerr.ico">
      <Filter>Resource Files</Filter>
    </None>
    <None Include="RES\SPLASH.BMP">
      <Filter>Resource Files</Filter>
    </None>
    <None Include="res\Toolbar.bmp">
      <Filter>Resource Files</Filter>
    </None>
    <None Include="Res\xtb_file.ico">
      <Filter>Resource Files</Filter>
    </None>
    <None Include="Res\xts_file.ico">
      <Filter>Resource Files</Filter>
    </None>
    <None Include="Res\AboutBoxLogo.bmp">
      <Filter>Resource Files</Filter>
    </None>
    <None Include="Res\ent_file_capi.ico">
      <Filter>Resource Files</Filter>
    </None>
    <None Include="Res\iconAssociationFiller.ico">
      <Filter>Resource Files</Filter>
    </None>
    <None Include="res\Resource Folder.ico">
      <Filter>Resource Files</Filter>
    </None>
    <None Include="Res\CSPro.rc2">
      <Filter>Resource Files</Filter>
    </None>
  </ItemGroup>
  <ItemGroup>
    <ClInclude Include="AplDoc.h">
      <Filter>Header Files</Filter>
    </ClInclude>
    <ClInclude Include="SelectAppDlg.h">
      <Filter>Header Files</Filter>
    </ClInclude>
    <ClInclude Include="ChildFrm.h">
      <Filter>Header Files</Filter>
    </ClInclude>
    <ClInclude Include="CSPro.h">
      <Filter>Header Files</Filter>
    </ClInclude>
    <ClInclude Include="DTYPEDLG.H">
      <Filter>Header Files</Filter>
    </ClInclude>
    <ClInclude Include="HidDTmpl.h">
      <Filter>Header Files</Filter>
    </ClInclude>
    <ClInclude Include="MainFrm.h">
      <Filter>Header Files</Filter>
    </ClInclude>
    <ClInclude Include="MDlgBar.h">
      <Filter>Header Files</Filter>
    </ClInclude>
    <ClInclude Include="MsrDoc.h">
      <Filter>Header Files</Filter>
    </ClInclude>
    <ClInclude Include="MsrView.h">
      <Filter>Header Files</Filter>
    </ClInclude>
    <ClInclude Include="MTabCtl.h">
      <Filter>Header Files</Filter>
    </ClInclude>
    <ClInclude Include="ObjTCtrl.h">
      <Filter>Header Files</Filter>
    </ClInclude>
    <ClInclude Include="SelectDocsDlg.h">
      <Filter>Header Files</Filter>
    </ClInclude>
    <ClInclude Include="StartDlg.h">
      <Filter>Header Files</Filter>
    </ClInclude>
    <ClInclude Include="StdAfx.h">
      <Filter>Header Files</Filter>
    </ClInclude>
    <ClInclude Include="AboutMenuDialogs.h">
      <Filter>Header Files</Filter>
    </ClInclude>
    <ClInclude Include="FontPrefDlg.h">
      <Filter>Header Files</Filter>
    </ClInclude>
    <ClInclude Include="FakeDropDoc.h">
      <Filter>Header Files</Filter>
    </ClInclude>
    <ClInclude Include="VersionShifterDlg.h">
      <Filter>Header Files</Filter>
    </ClInclude>
    <ClInclude Include="PropertiesDlgParadataPage.h">
      <Filter>Header Files</Filter>
    </ClInclude>
    <ClInclude Include="CapiMacrosDlg.h">
      <Filter>Header Files</Filter>
    </ClInclude>
    <ClInclude Include="CommonStoreDlg.h">
      <Filter>Header Files</Filter>
    </ClInclude>
    <ClInclude Include="AplFileAssociationsDlg.h">
      <Filter>Header Files</Filter>
    </ClInclude>
    <ClInclude Include="AplFileAssociationsGrid.h">
      <Filter>Header Files</Filter>
    </ClInclude>
    <ClInclude Include="SymbolAnalysisDlg.h">
      <Filter>Header Files</Filter>
    </ClInclude>
    <ClInclude Include="Resource.h">
      <Filter>Header Files</Filter>
    </ClInclude>
    <ClInclude Include="UWM.h">
      <Filter>Header Files</Filter>
    </ClInclude>
    <ClInclude Include="FileAssociation.h">
      <Filter>Header Files</Filter>
    </ClInclude>
    <ClInclude Include="FileTreeNode.h">
      <Filter>Header Files</Filter>
    </ClInclude>
    <ClInclude Include="ReportPropertiesDlg.h">
      <Filter>Header Files</Filter>
    </ClInclude>
    <ClInclude Include="PropertiesDlg.h">
      <Filter>Header Files</Filter>
    </ClInclude>
    <ClInclude Include="PropertiesDlgMappingPage.h">
      <Filter>Header Files</Filter>
    </ClInclude>
    <ClInclude Include="PropertiesDlgMappingTileProviderPage.h">
      <Filter>Header Files</Filter>
    </ClInclude>
    <ClInclude Include="PropertiesDlgPage.h">
      <Filter>Header Files</Filter>
    </ClInclude>
    <ClInclude Include="PropertiesDlgAdvancedFeaturesPage.h">
      <Filter>Header Files</Filter>
    </ClInclude>
    <ClInclude Include="OnKeyCharacterMapDlg.h">
      <Filter>Header Files</Filter>
    </ClInclude>
    <ClInclude Include="NewFileCreator.h">
      <Filter>Header Files</Filter>
    </ClInclude>
    <ClInclude Include="NewFileDlg.h">
      <Filter>Header Files</Filter>
    </ClInclude>
    <ClInclude Include="PropertiesDlgApplicationPropertiesFilePage.h">
      <Filter>Header Files</Filter>
    </ClInclude>
    <ClInclude Include="PropertiesDlgLogicSettingsPage.h">
      <Filter>Header Files</Filter>
    </ClInclude>
    <ClInclude Include="PropertiesDlgJsonPage.h">
      <Filter>Header Files</Filter>
    </ClInclude>
  </ItemGroup>
  <ItemGroup>
    <Image Include="Res\csdbe_file.ico">
      <Filter>Resource Files</Filter>
    </Image>
    <Image Include="Res\ent_file_operational_control.ico">
      <Filter>Resource Files</Filter>
    </Image>
    <Image Include="Res\ent_file_all_types.ico">
      <Filter>Resource Files</Filter>
    </Image>
  </ItemGroup>
  <ItemGroup>
    <ResourceCompile Include="CSPro.rc">
      <Filter>Resource Files</Filter>
    </ResourceCompile>
  </ItemGroup>
</Project>