<?xml version="1.0" encoding="utf-8"?>
<Project ToolsVersion="4.0" xmlns="http://schemas.microsoft.com/developer/msbuild/2003">
  <ItemGroup>
    <Filter Include="Source Files">
      <UniqueIdentifier>{4FC737F1-C7A5-4376-A066-2A32D752A2FF}</UniqueIdentifier>
      <Extensions>cpp;c;cc;cxx;def;odl;idl;hpj;bat;asm;asmx</Extensions>
    </Filter>
    <Filter Include="Header Files">
      <UniqueIdentifier>{93995380-89BD-4b04-88EB-625FBE52EBFB}</UniqueIdentifier>
      <Extensions>h;hh;hpp;hxx;hm;inl;inc;ipp;xsd</Extensions>
    </Filter>
  </ItemGroup>
  <ItemGroup>
    <ClCompile Include="stdafx.cpp">
      <Filter>Source Files</Filter>
    </ClCompile>
    <ClCompile Include="TextLister.cpp">
      <Filter>Source Files</Filter>
    </ClCompile>
    <ClCompile Include="CsvLister.cpp">
      <Filter>Source Files</Filter>
    </ClCompile>
    <ClCompile Include="TextWriteFile.cpp">
      <Filter>Source Files</Filter>
    </ClCompile>
    <ClCompile Include="Lister.cpp">
      <Filter>Source Files</Filter>
    </ClCompile>
    <ClCompile Include="HtmlLister.cpp">
      <Filter>Source Files</Filter>
    </ClCompile>
    <ClCompile Include="ErrorLister.cpp">
      <Filter>Source Files</Filter>
    </ClCompile>
    <ClCompile Include="ListingHelpers.cpp">
      <Filter>Source Files</Filter>
    </ClCompile>
    <ClCompile Include="DataFileLister.cpp">
      <Filter>Source Files</Filter>
    </ClCompile>
    <ClCompile Include="ExcelLister.cpp">
      <Filter>Source Files</Filter>
    </ClCompile>
    <ClCompile Include="JsonLister.cpp">
      <Filter>Source Files</Filter>
    </ClCompile>
  </ItemGroup>
  <ItemGroup>
    <ClInclude Include="zListingO.h">
      <Filter>Header Files</Filter>
    </ClInclude>
    <ClInclude Include="stdafx.h">
      <Filter>Header Files</Filter>
    </ClInclude>
    <ClInclude Include="NullLister.h">
      <Filter>Header Files</Filter>
    </ClInclude>
    <ClInclude Include="TextLister.h">
      <Filter>Header Files</Filter>
    </ClInclude>
    <ClInclude Include="CsvLister.h">
      <Filter>Header Files</Filter>
    </ClInclude>
    <ClInclude Include="WriteFile.h">
      <Filter>Header Files</Filter>
    </ClInclude>
    <ClInclude Include="TextWriteFile.h">
      <Filter>Header Files</Filter>
    </ClInclude>
    <ClInclude Include="Lister.h">
      <Filter>Header Files</Filter>
    </ClInclude>
    <ClInclude Include="ListerWriteFile.h">
      <Filter>Header Files</Filter>
    </ClInclude>
    <ClInclude Include="HtmlLister.h">
      <Filter>Header Files</Filter>
    </ClInclude>
    <ClInclude Include="ErrorLister.h">
      <Filter>Header Files</Filter>
    </ClInclude>
    <ClInclude Include="ListingHelpers.h">
      <Filter>Header Files</Filter>
    </ClInclude>
    <ClInclude Include="HeaderAttribute.h">
      <Filter>Header Files</Filter>
    </ClInclude>
    <ClInclude Include="DataFileLister.h">
      <Filter>Header Files</Filter>
    </ClInclude>
    <ClInclude Include="ExcelLister.h">
      <Filter>Header Files</Filter>
    </ClInclude>
    <ClInclude Include="JsonLister.h">
      <Filter>Header Files</Filter>
    </ClInclude>
  </ItemGroup>
</Project>