<?xml version="1.0" encoding="utf-8"?>
<Project ToolsVersion="4.0" xmlns="http://schemas.microsoft.com/developer/msbuild/2003">
  <ItemGroup>
    <Filter Include="Header Files">
      <UniqueIdentifier>{93995380-89BD-4b04-88EB-625FBE52EBFB}</UniqueIdentifier>
      <Extensions>h;hh;hpp;hxx;h++;hm;inl;inc;ipp;xsd</Extensions>
    </Filter>
  </ItemGroup>
  <ItemGroup>
    <ClInclude Include="3dException.h">
      <Filter>Header Files</Filter>
    </ClInclude>
    <ClInclude Include="Apl.h">
      <Filter>Header Files</Filter>
    </ClInclude>
    <ClInclude Include="Batdrv.h">
      <Filter>Header Files</Filter>
    </ClInclude>
    <ClInclude Include="BATIFAZ.H">
      <Filter>Header Files</Filter>
    </ClInclude>
    <ClInclude Include="BREAKID.H">
      <Filter>Header Files</Filter>
    </ClInclude>
    <ClInclude Include="calcifaz.h">
      <Filter>Header Files</Filter>
    </ClInclude>
    <ClInclude Include="ChainedSymbol.h">
      <Filter>Header Files</Filter>
    </ClInclude>
    <ClInclude Include="citer.h">
      <Filter>Header Files</Filter>
    </ClInclude>
    <ClInclude Include="COMMONIN.H">
      <Filter>Header Files</Filter>
    </ClInclude>
    <ClInclude Include="Comp.h">
      <Filter>Header Files</Filter>
    </ClInclude>
    <ClInclude Include="CompCTab.h">
      <Filter>Header Files</Filter>
    </ClInclude>
    <ClInclude Include="COMPILAD.H">
      <Filter>Header Files</Filter>
    </ClInclude>
    <ClInclude Include="COMPUTIL.H">
      <Filter>Header Files</Filter>
    </ClInclude>
    <ClInclude Include="Ctab.h">
      <Filter>Header Files</Filter>
    </ClInclude>
    <ClInclude Include="Ctab_Helper.h">
      <Filter>Header Files</Filter>
    </ClInclude>
    <ClInclude Include="CtDef.h">
      <Filter>Header Files</Filter>
    </ClInclude>
    <ClInclude Include="ctterm.h">
      <Filter>Header Files</Filter>
    </ClInclude>
    <ClInclude Include="CtUnit.h">
      <Filter>Header Files</Filter>
    </ClInclude>
    <ClInclude Include="Defines.h">
      <Filter>Header Files</Filter>
    </ClInclude>
    <ClInclude Include="DEFLD.H">
      <Filter>Header Files</Filter>
    </ClInclude>
    <ClInclude Include="DEPROG.H">
      <Filter>Header Files</Filter>
    </ClInclude>
    <ClInclude Include="Dict.h">
      <Filter>Header Files</Filter>
    </ClInclude>
    <ClInclude Include="Dicx.h">
      <Filter>Header Files</Filter>
    </ClInclude>
    <ClInclude Include="dimens.h">
      <Filter>Header Files</Filter>
    </ClInclude>
    <ClInclude Include="Engarea.h">
      <Filter>Header Files</Filter>
    </ClInclude>
    <ClInclude Include="Engdrv.h">
      <Filter>Header Files</Filter>
    </ClInclude>
    <ClInclude Include="Engine.h">
      <Filter>Header Files</Filter>
    </ClInclude>
    <ClInclude Include="Entdrv.h">
      <Filter>Header Files</Filter>
    </ClInclude>
    <ClInclude Include="Exappl.h">
      <Filter>Header Files</Filter>
    </ClInclude>
    <ClInclude Include="EXENTRY.H">
      <Filter>Header Files</Filter>
    </ClInclude>
    <ClInclude Include="Export.h">
      <Filter>Header Files</Filter>
    </ClInclude>
    <ClInclude Include="ExpresC_Include.h">
      <Filter>Header Files</Filter>
    </ClInclude>
    <ClInclude Include="flddef.h">
      <Filter>Header Files</Filter>
    </ClInclude>
    <ClInclude Include="Form2.h">
      <Filter>Header Files</Filter>
    </ClInclude>
    <ClInclude Include="GPSThreadInfo.h">
      <Filter>Header Files</Filter>
    </ClInclude>
    <ClInclude Include="helper.h">
      <Filter>Header Files</Filter>
    </ClInclude>
    <ClInclude Include="IntDrive.h">
      <Filter>Header Files</Filter>
    </ClInclude>
    <ClInclude Include="INTERPRE.H">
      <Filter>Header Files</Filter>
    </ClInclude>
    <ClInclude Include="ITEMDATA.H">
      <Filter>Header Files</Filter>
    </ClInclude>
    <ClInclude Include="Memctrl.h">
      <Filter>Header Files</Filter>
    </ClInclude>
    <ClInclude Include="Messages.h">
      <Filter>Header Files</Filter>
    </ClInclude>
    <ClInclude Include="NODES.H">
      <Filter>Header Files</Filter>
    </ClInclude>
    <ClInclude Include="ParadataDriver.h">
      <Filter>Header Files</Filter>
    </ClInclude>
    <ClInclude Include="ParameterManager.h">
      <Filter>Header Files</Filter>
    </ClInclude>
    <ClInclude Include="RangeFunctions.h">
      <Filter>Header Files</Filter>
    </ClInclude>
    <ClInclude Include="ReadyFlags.h">
      <Filter>Header Files</Filter>
    </ClInclude>
    <ClInclude Include="RELATION.H">
      <Filter>Header Files</Filter>
    </ClInclude>
    <ClInclude Include="relt.h">
      <Filter>Header Files</Filter>
    </ClInclude>
    <ClInclude Include="runmodes.h">
      <Filter>Header Files</Filter>
    </ClInclude>
    <ClInclude Include="SECX.H">
      <Filter>Header Files</Filter>
    </ClInclude>
    <ClInclude Include="SelcaseManager.h">
      <Filter>Header Files</Filter>
    </ClInclude>
    <ClInclude Include="Settings.h">
      <Filter>Header Files</Filter>
    </ClInclude>
    <ClInclude Include="StandardSystemIncludes.h">
      <Filter>Header Files</Filter>
    </ClInclude>
    <ClInclude Include="subtable.h">
      <Filter>Header Files</Filter>
    </ClInclude>
    <ClInclude Include="SyncListener.h">
      <Filter>Header Files</Filter>
    </ClInclude>
    <ClInclude Include="Tables.h">
      <Filter>Header Files</Filter>
    </ClInclude>
    <ClInclude Include="Tbd_save.h">
      <Filter>Header Files</Filter>
    </ClInclude>
    <ClInclude Include="TBDIFAZ.H">
      <Filter>Header Files</Filter>
    </ClInclude>
    <ClInclude Include="trace_macros.h">
      <Filter>Header Files</Filter>
    </ClInclude>
    <ClInclude Include="ttype.h">
      <Filter>Header Files</Filter>
    </ClInclude>
    <ClInclude Include="VarT.h">
      <Filter>Header Files</Filter>
    </ClInclude>
    <ClInclude Include="VARX.h">
      <Filter>Header Files</Filter>
    </ClInclude>
    <ClInclude Include="ProgramControl.h">
      <Filter>Header Files</Filter>
    </ClInclude>
    <ClInclude Include="ImputationDriver.h">
      <Filter>Header Files</Filter>
    </ClInclude>
    <ClInclude Include="LogicStackSaver.h">
      <Filter>Header Files</Filter>
    </ClInclude>
    <ClInclude Include="VariableWorker.h">
      <Filter>Header Files</Filter>
    </ClInclude>
    <ClInclude Include="FrequencyDriver.h">
      <Filter>Header Files</Filter>
    </ClInclude>
    <ClInclude Include="QuestionTextParamCache.h">
      <Filter>Header Files</Filter>
    </ClInclude>
    <ClInclude Include="StrictCompilerErrors.h">
      <Filter>Header Files</Filter>
    </ClInclude>
    <ClInclude Include="VTSTRUCT.h">
      <Filter>Header Files</Filter>
    </ClInclude>
    <ClInclude Include="CompilerCreator.h">
      <Filter>Header Files</Filter>
    </ClInclude>
    <ClInclude Include="EngineExecutor.h">
      <Filter>Header Files</Filter>
    </ClInclude>
    <ClInclude Include="DefaultParametersOnlyUserFunctionArgumentEvaluator.h">
      <Filter>Header Files</Filter>
    </ClInclude>
    <ClInclude Include="SelectDlgHelper.h">
      <Filter>Header Files</Filter>
    </ClInclude>
    <ClInclude Include="EngineFloatingPointMath.h">
      <Filter>Header Files</Filter>
    </ClInclude>
    <ClInclude Include="EngineStringComparer.h">
      <Filter>Header Files</Filter>
    </ClInclude>
    <ClInclude Include="EngineQuestionnaireViewer.h">
      <Filter>Header Files</Filter>
    </ClInclude>
    <ClInclude Include="ScopeChangeNodeIterator.h">
      <Filter>Header Files</Filter>
    </ClInclude>
    <ClInclude Include="CBorder.h">
      <Filter>Header Files</Filter>
    </ClInclude>
    <ClInclude Include="InterpreterMessageIssuer.h">
      <Filter>Header Files</Filter>
    </ClInclude>
    <ClInclude Include="InterpreterAccessor.h">
      <Filter>Header Files</Filter>
    </ClInclude>
    <ClInclude Include="EngineObjectTransporter.h">
      <Filter>Header Files</Filter>
    </ClInclude>
    <ClInclude Include="BinaryStorageFor80.h">
      <Filter>Header Files</Filter>
    </ClInclude>
    <ClInclude Include="Preprocessor.h">
      <Filter>Header Files</Filter>
    </ClInclude>
  </ItemGroup>
</Project>