<?xml version="1.0" encoding="utf-8"?>
<Project ToolsVersion="4.0" xmlns="http://schemas.microsoft.com/developer/msbuild/2003">
  <ItemGroup>
    <Filter Include="Source Files">
      <UniqueIdentifier>{18097eff-86b0-4a66-b98c-334b2fd0cd10}</UniqueIdentifier>
      <Extensions>cpp;c;cxx;rc;def;r;odl;idl;hpj;bat</Extensions>
    </Filter>
    <Filter Include="Header Files">
      <UniqueIdentifier>{b0df6c09-1c1b-444a-b156-2c3ea31c3ff4}</UniqueIdentifier>
      <Extensions>h;hpp;hxx;hm;inl</Extensions>
    </Filter>
  </ItemGroup>
  <ItemGroup>
    <ClCompile Include="FormFile.cpp">
      <Filter>Source Files</Filter>
    </ClCompile>
    <ClCompile Include="RenDlg.cpp">
      <Filter>Source Files</Filter>
    </ClCompile>
    <ClCompile Include="Roster.cpp">
      <Filter>Source Files</Filter>
    </ClCompile>
    <ClCompile Include="StdAfx.cpp">
      <Filter>Source Files</Filter>
    </ClCompile>
    <ClCompile Include="zFormO.cpp">
      <Filter>Source Files</Filter>
    </ClCompile>
    <ClCompile Include="DragOptions.cpp">
      <Filter>Source Files</Filter>
    </ClCompile>
    <ClCompile Include="RepeatedItemSerializer.cpp">
      <Filter>Source Files</Filter>
    </ClCompile>
    <ClCompile Include="Box.cpp">
      <Filter>Source Files</Filter>
    </ClCompile>
    <ClCompile Include="FormBase.cpp">
      <Filter>Source Files</Filter>
    </ClCompile>
    <ClCompile Include="Block.cpp">
      <Filter>Source Files</Filter>
    </ClCompile>
    <ClCompile Include="ItemBase.cpp">
      <Filter>Source Files</Filter>
    </ClCompile>
    <ClCompile Include="Text.cpp">
      <Filter>Source Files</Filter>
    </ClCompile>
    <ClCompile Include="Field.cpp">
      <Filter>Source Files</Filter>
    </ClCompile>
    <ClCompile Include="Group.cpp">
      <Filter>Source Files</Filter>
    </ClCompile>
    <ClCompile Include="Level.cpp">
      <Filter>Source Files</Filter>
    </ClCompile>
    <ClCompile Include="Form.cpp">
      <Filter>Source Files</Filter>
    </ClCompile>
    <ClCompile Include="RosterCells.cpp">
      <Filter>Source Files</Filter>
    </ClCompile>
    <ClCompile Include="RosterColumn.cpp">
      <Filter>Source Files</Filter>
    </ClCompile>
    <ClCompile Include="Definitions.cpp">
      <Filter>Source Files</Filter>
    </ClCompile>
    <ClCompile Include="FieldColors.cpp">
      <Filter>Source Files</Filter>
    </ClCompile>
  </ItemGroup>
  <ItemGroup>
    <ResourceCompile Include="zFormO.rc">
      <Filter>Source Files</Filter>
    </ResourceCompile>
  </ItemGroup>
  <ItemGroup>
    <ClInclude Include="FormFile.h">
      <Filter>Header Files</Filter>
    </ClInclude>
    <ClInclude Include="RenDlg.h">
      <Filter>Header Files</Filter>
    </ClInclude>
    <ClInclude Include="Roster.h">
      <Filter>Header Files</Filter>
    </ClInclude>
    <ClInclude Include="StdAfx.h">
      <Filter>Header Files</Filter>
    </ClInclude>
    <ClInclude Include="zFormO.h">
      <Filter>Header Files</Filter>
    </ClInclude>
    <ClInclude Include="FormFileIterator.h">
      <Filter>Header Files</Filter>
    </ClInclude>
    <ClInclude Include="resource.h">
      <Filter>Header Files</Filter>
    </ClInclude>
    <ClInclude Include="DragOptions.h">
      <Filter>Header Files</Filter>
    </ClInclude>
    <ClInclude Include="RepeatedItemSerializer.h">
      <Filter>Header Files</Filter>
    </ClInclude>
    <ClInclude Include="Box.h">
      <Filter>Header Files</Filter>
    </ClInclude>
    <ClInclude Include="FormBase.h">
      <Filter>Header Files</Filter>
    </ClInclude>
    <ClInclude Include="Block.h">
      <Filter>Header Files</Filter>
    </ClInclude>
    <ClInclude Include="ItemBase.h">
      <Filter>Header Files</Filter>
    </ClInclude>
    <ClInclude Include="Text.h">
      <Filter>Header Files</Filter>
    </ClInclude>
    <ClInclude Include="Field.h">
      <Filter>Header Files</Filter>
    </ClInclude>
    <ClInclude Include="Group.h">
      <Filter>Header Files</Filter>
    </ClInclude>
    <ClInclude Include="Level.h">
      <Filter>Header Files</Filter>
    </ClInclude>
    <ClInclude Include="Form.h">
      <Filter>Header Files</Filter>
    </ClInclude>
    <ClInclude Include="RosterCells.h">
      <Filter>Header Files</Filter>
    </ClInclude>
    <ClInclude Include="RosterColumn.h">
      <Filter>Header Files</Filter>
    </ClInclude>
    <ClInclude Include="Definitions.h">
      <Filter>Header Files</Filter>
    </ClInclude>
    <ClInclude Include="FieldColors.h">
      <Filter>Header Files</Filter>
    </ClInclude>
  </ItemGroup>
</Project>