<?xml version="1.0" encoding="utf-8"?>
<Project ToolsVersion="4.0" xmlns="http://schemas.microsoft.com/developer/msbuild/2003">
  <ItemGroup>
    <Filter Include="Source Files">
      <UniqueIdentifier>{51e721ab-0049-4556-9fa5-3fcef4f9d2a5}</UniqueIdentifier>
      <Extensions>cpp;c;cxx;rc;def;r;odl;idl;hpj;bat</Extensions>
    </Filter>
    <Filter Include="Header Files">
      <UniqueIdentifier>{4503f5ef-e084-4d66-bd9a-12e37280799f}</UniqueIdentifier>
      <Extensions>h;hpp;hxx;hm;inl</Extensions>
    </Filter>
    <Filter Include="Resource Files">
      <UniqueIdentifier>{12d69d42-132b-4614-b25f-82a2363878bc}</UniqueIdentifier>
      <Extensions>rc;ico;cur;bmp;dlg;rc2;rct;bin;rgs;gif;jpg;jpeg;jpe;resx;tiff;tif;png;wav;mfcribbon-ms</Extensions>
    </Filter>
  </ItemGroup>
  <ItemGroup>
    <ClCompile Include="CSCode.cpp">
      <Filter>Source Files</Filter>
    </ClCompile>
    <ClCompile Include="MainFrame.cpp">
      <Filter>Source Files</Filter>
    </ClCompile>
    <ClCompile Include="CodeDoc.cpp">
      <Filter>Source Files</Filter>
    </ClCompile>
    <ClCompile Include="CodeView.cpp">
      <Filter>Source Files</Filter>
    </ClCompile>
    <ClCompile Include="StdAfx.cpp">
      <Filter>Source Files</Filter>
    </ClCompile>
    <ClCompile Include="CodeFrame.cpp">
      <Filter>Source Files</Filter>
    </ClCompile>
    <ClCompile Include="LanguageSettings.cpp">
      <Filter>Source Files</Filter>
    </ClCompile>
    <ClCompile Include="BuildWnd.cpp">
      <Filter>Source Files</Filter>
    </ClCompile>
    <ClCompile Include="OutputWnd.cpp">
      <Filter>Source Files</Filter>
    </ClCompile>
    <ClCompile Include="ProcessorJson.cpp">
      <Filter>Source Files</Filter>
    </ClCompile>
    <ClCompile Include="HtmlViewerWnd.cpp">
      <Filter>Source Files</Filter>
    </ClCompile>
    <ClCompile Include="ProcessorJavaScript.cpp">
      <Filter>Source Files</Filter>
    </ClCompile>
    <ClCompile Include="HtmlDialogCodeView.cpp">
      <Filter>Source Files</Filter>
    </ClCompile>
    <ClCompile Include="ProcessorHtml.cpp">
      <Filter>Source Files</Filter>
    </ClCompile>
    <ClCompile Include="LocalhostSettingsDlg.cpp">
      <Filter>Source Files</Filter>
    </ClCompile>
    <ClCompile Include="HtmlDialogTemplates.cpp">
      <Filter>Source Files</Filter>
    </ClCompile>
    <ClCompile Include="HtmlDialogTemplatesDlg.cpp">
      <Filter>Source Files</Filter>
    </ClCompile>
    <ClCompile Include="ProcessorActionInvoker.cpp">
      <Filter>Source Files</Filter>
    </ClCompile>
    <ClCompile Include="LanguageSettingsPersister.cpp">
      <Filter>Source Files</Filter>
    </ClCompile>
    <ClCompile Include="ProcessorMessages.cpp">
      <Filter>Source Files</Filter>
    </ClCompile>
  </ItemGroup>
  <ItemGroup>
    <ClInclude Include="CSCode.h">
      <Filter>Header Files</Filter>
    </ClInclude>
    <ClInclude Include="MainFrame.h">
      <Filter>Header Files</Filter>
    </ClInclude>
    <ClInclude Include="CodeDoc.h">
      <Filter>Header Files</Filter>
    </ClInclude>
    <ClInclude Include="CodeView.h">
      <Filter>Header Files</Filter>
    </ClInclude>
    <ClInclude Include="StdAfx.h">
      <Filter>Header Files</Filter>
    </ClInclude>
    <ClInclude Include="Resource.h">
      <Filter>Header Files</Filter>
    </ClInclude>
    <ClInclude Include="CodeFrame.h">
      <Filter>Header Files</Filter>
    </ClInclude>
    <ClInclude Include="UWM.h">
      <Filter>Header Files</Filter>
    </ClInclude>
    <ClInclude Include="LanguageSettings.h">
      <Filter>Header Files</Filter>
    </ClInclude>
    <ClInclude Include="BuildWnd.h">
      <Filter>Header Files</Filter>
    </ClInclude>
    <ClInclude Include="OutputWnd.h">
      <Filter>Header Files</Filter>
    </ClInclude>
    <ClInclude Include="ProcessorJson.h">
      <Filter>Header Files</Filter>
    </ClInclude>
    <ClInclude Include="HtmlViewerWnd.h">
      <Filter>Header Files</Filter>
    </ClInclude>
    <ClInclude Include="ProcessorJavaScript.h">
      <Filter>Header Files</Filter>
    </ClInclude>
    <ClInclude Include="RunOperation.h">
      <Filter>Header Files</Filter>
    </ClInclude>
    <ClInclude Include="HtmlDialogCodeView.h">
      <Filter>Header Files</Filter>
    </ClInclude>
    <ClInclude Include="ProcessorHtml.h">
      <Filter>Header Files</Filter>
    </ClInclude>
    <ClInclude Include="CodeDocVirtualFileMappingHandler.h">
      <Filter>Header Files</Filter>
    </ClInclude>
    <ClInclude Include="LocalhostSettingsDlg.h">
      <Filter>Header Files</Filter>
    </ClInclude>
    <ClInclude Include="HtmlDialogTemplates.h">
      <Filter>Header Files</Filter>
    </ClInclude>
    <ClInclude Include="HtmlDialogTemplatesDlg.h">
      <Filter>Header Files</Filter>
    </ClInclude>
    <ClInclude Include="ProcessorActionInvoker.h">
      <Filter>Header Files</Filter>
    </ClInclude>
    <ClInclude Include="LanguageSettingsPersister.h">
      <Filter>Header Files</Filter>
    </ClInclude>
  </ItemGroup>
  <ItemGroup>
    <ResourceCompile Include="CSCode.rc">
      <Filter>Resource Files</Filter>
    </ResourceCompile>
  </ItemGroup>
  <ItemGroup>
    <Image Include="res\CSCode.ico">
      <Filter>Resource Files</Filter>
    </Image>
    <Image Include="res\Toolbar MainFrame.png">
      <Filter>Resource Files</Filter>
    </Image>
    <Image Include="res\Toolbar CodeFrame.png">
      <Filter>Resource Files</Filter>
    </Image>
    <Image Include="res\Toolbar Extra Icons.png">
      <Filter>Resource Files</Filter>
    </Image>
  </ItemGroup>
</Project>