<?xml version="1.0" encoding="utf-8"?>
<Project ToolsVersion="4.0" xmlns="http://schemas.microsoft.com/developer/msbuild/2003">
  <ItemGroup>
    <Filter Include="Source Files">
      <UniqueIdentifier>{4FC737F1-C7A5-4376-A066-2A32D752A2FF}</UniqueIdentifier>
      <Extensions>cpp;c;cc;cxx;c++;cppm;ixx;def;odl;idl;hpj;bat;asm;asmx</Extensions>
    </Filter>
    <Filter Include="Header Files">
      <UniqueIdentifier>{93995380-89BD-4b04-88EB-625FBE52EBFB}</UniqueIdentifier>
      <Extensions>h;hh;hpp;hxx;h++;hm;inl;inc;ipp;xsd</Extensions>
    </Filter>
  </ItemGroup>
  <ItemGroup>
    <ClCompile Include="stdafx.cpp">
      <Filter>Source Files</Filter>
    </ClCompile>
    <ClCompile Include="CaseConcatenator.cpp">
      <Filter>Source Files</Filter>
    </ClCompile>
    <ClCompile Include="TextConcatenator.cpp">
      <Filter>Source Files</Filter>
    </ClCompile>
    <ClCompile Include="Concatenator.cpp">
      <Filter>Source Files</Filter>
    </ClCompile>
    <ClCompile Include="CSConcatReporter.cpp">
      <Filter>Source Files</Filter>
    </ClCompile>
    <ClCompile Include="DuplicateCaseChecker.cpp">
      <Filter>Source Files</Filter>
    </ClCompile>
  </ItemGroup>
  <ItemGroup>
    <ClInclude Include="zConcatO.h">
      <Filter>Header Files</Filter>
    </ClInclude>
    <ClInclude Include="stdafx.h">
      <Filter>Header Files</Filter>
    </ClInclude>
    <ClInclude Include="CaseConcatenator.h">
      <Filter>Header Files</Filter>
    </ClInclude>
    <ClInclude Include="TextConcatenator.h">
      <Filter>Header Files</Filter>
    </ClInclude>
    <ClInclude Include="Concatenator.h">
      <Filter>Header Files</Filter>
    </ClInclude>
    <ClInclude Include="ConcatenatorReporter.h">
      <Filter>Header Files</Filter>
    </ClInclude>
    <ClInclude Include="CSConcatReporter.h">
      <Filter>Header Files</Filter>
    </ClInclude>
    <ClInclude Include="DuplicateCaseChecker.h">
      <Filter>Header Files</Filter>
    </ClInclude>
    <ClInclude Include="ConcatenatorHelpers.h">
      <Filter>Header Files</Filter>
    </ClInclude>
  </ItemGroup>
</Project>