<?xml version="1.0" encoding="utf-8"?>
<Project ToolsVersion="4.0" xmlns="http://schemas.microsoft.com/developer/msbuild/2003">
  <ItemGroup>
    <Filter Include="Source Files">
      <UniqueIdentifier>{4FC737F1-C7A5-4376-A066-2A32D752A2FF}</UniqueIdentifier>
      <Extensions>cpp;c;cc;cxx;c++;cppm;ixx;def;odl;idl;hpj;bat;asm;asmx</Extensions>
    </Filter>
    <Filter Include="Header Files">
      <UniqueIdentifier>{93995380-89BD-4b04-88EB-625FBE52EBFB}</UniqueIdentifier>
      <Extensions>h;hh;hpp;hxx;h++;hm;inl;inc;ipp;xsd</Extensions>
    </Filter>
    <Filter Include="easylogging">
      <UniqueIdentifier>{762e0119-2314-4724-9fd0-f3a59d944838}</UniqueIdentifier>
    </Filter>
  </ItemGroup>
  <ItemGroup>
    <ClCompile Include="stdafx.cpp">
      <Filter>Source Files</Filter>
    </ClCompile>
    <ClCompile Include="zNetwork.cpp">
      <Filter>Source Files</Filter>
    </ClCompile>
    <ClCompile Include="FileInfo.cpp">
      <Filter>Source Files</Filter>
    </ClCompile>
    <ClCompile Include="HeaderList.cpp">
      <Filter>Source Files</Filter>
    </ClCompile>
    <ClCompile Include="CurlFtpConnection.cpp">
      <Filter>Source Files</Filter>
    </ClCompile>
    <ClCompile Include="..\external\easylogging\easylogging++.cc">
      <Filter>easylogging</Filter>
    </ClCompile>
    <ClCompile Include="CurlHttpConnection.cpp">
      <Filter>Source Files</Filter>
    </ClCompile>
  </ItemGroup>
  <ItemGroup>
    <ClInclude Include="zNetwork.h">
      <Filter>Header Files</Filter>
    </ClInclude>
    <ClInclude Include="stdafx.h">
      <Filter>Header Files</Filter>
    </ClInclude>
    <ClInclude Include="FileInfo.h">
      <Filter>Header Files</Filter>
    </ClInclude>
    <ClInclude Include="IFtpConnection.h">
      <Filter>Header Files</Filter>
    </ClInclude>
    <ClInclude Include="HeaderList.h">
      <Filter>Header Files</Filter>
    </ClInclude>
    <ClInclude Include="ObservableResponseBody.h">
      <Filter>Header Files</Filter>
    </ClInclude>
    <ClInclude Include="IHttpConnection.h">
      <Filter>Header Files</Filter>
    </ClInclude>
    <ClInclude Include="..\external\easylogging\easylogging++.h">
      <Filter>easylogging</Filter>
    </ClInclude>
    <ClInclude Include="CurlHttpConnection.h">
      <Filter>Header Files</Filter>
    </ClInclude>
  </ItemGroup>
</Project>