<?xml version="1.0" encoding="utf-8"?>
<Project ToolsVersion="4.0" xmlns="http://schemas.microsoft.com/developer/msbuild/2003">
  <ItemGroup>
    <Filter Include="Source Files">
      <UniqueIdentifier>{cc91ed4e-69fc-417e-b172-45066bef32f3}</UniqueIdentifier>
      <Extensions>cpp;c;cxx;rc;def;r;odl;idl;hpj;bat</Extensions>
    </Filter>
    <Filter Include="Header Files">
      <UniqueIdentifier>{b5cc2133-ec44-4c98-93f8-3b9fac481cb4}</UniqueIdentifier>
      <Extensions>h;hpp;hxx;hm;inl</Extensions>
    </Filter>
    <Filter Include="Resource Files">
      <UniqueIdentifier>{62619a27-606e-452a-abec-42243c97f92f}</UniqueIdentifier>
      <Extensions>rc;ico;cur;bmp;dlg;rc2;rct;bin;rgs;gif;jpg;jpeg;jpe;resx;tiff;tif;png;wav;mfcribbon-ms</Extensions>
    </Filter>
  </ItemGroup>
  <ItemGroup>
    <ClCompile Include="AppFmtD.cpp">
      <Filter>Source Files</Filter>
    </ClCompile>
    <ClCompile Include="AreaDlg.cpp">
      <Filter>Source Files</Filter>
    </ClCompile>
    <ClCompile Include="ASCIIExp.cpp">
      <Filter>Source Files</Filter>
    </ClCompile>
    <ClCompile Include="CmpFmtD.cpp">
      <Filter>Source Files</Filter>
    </ClCompile>
    <ClCompile Include="ConDlg.cpp">
      <Filter>Source Files</Filter>
    </ClCompile>
    <ClCompile Include="ConGrid.cpp">
      <Filter>Source Files</Filter>
    </ClCompile>
    <ClCompile Include="DfStylDg.cpp">
      <Filter>Source Files</Filter>
    </ClCompile>
    <ClCompile Include="facing.cpp">
      <Filter>Source Files</Filter>
    </ClCompile>
    <ClCompile Include="FlashMsg.cpp">
      <Filter>Source Files</Filter>
    </ClCompile>
    <ClCompile Include="FmtClDlg.cpp">
      <Filter>Source Files</Filter>
    </ClCompile>
    <ClCompile Include="FmtFontD.cpp">
      <Filter>Source Files</Filter>
    </ClCompile>
    <ClCompile Include="GTblob.cpp">
      <Filter>Source Files</Filter>
    </ClCompile>
    <ClCompile Include="HTMLExpt.cpp">
      <Filter>Source Files</Filter>
    </ClCompile>
    <ClCompile Include="LogicDlg.cpp">
      <Filter>Source Files</Filter>
    </ClCompile>
    <ClCompile Include="PrtNvBar.cpp">
      <Filter>Source Files</Filter>
    </ClCompile>
    <ClCompile Include="PrtVDlg.cpp">
      <Filter>Source Files</Filter>
    </ClCompile>
    <ClCompile Include="PrtView.cpp">
      <Filter>Source Files</Filter>
    </ClCompile>
    <ClCompile Include="prtvundo.cpp">
      <Filter>Source Files</Filter>
    </ClCompile>
    <ClCompile Include="RTFExpt.cpp">
      <Filter>Source Files</Filter>
    </ClCompile>
    <ClCompile Include="StdAfx.cpp">
      <Filter>Source Files</Filter>
    </ClCompile>
    <ClCompile Include="TabChWnd.cpp">
      <Filter>Source Files</Filter>
    </ClCompile>
    <ClCompile Include="TabDoc.cpp">
      <Filter>Source Files</Filter>
    </ClCompile>
    <ClCompile Include="TabTreeNode.cpp">
      <Filter>Source Files</Filter>
    </ClCompile>
    <ClCompile Include="TabPDlg.cpp">
      <Filter>Source Files</Filter>
    </ClCompile>
    <ClCompile Include="TabTrCtl.cpp">
      <Filter>Source Files</Filter>
    </ClCompile>
    <ClCompile Include="TabView.cpp">
      <Filter>Source Files</Filter>
    </ClCompile>
    <ClCompile Include="TbHdrClc.cpp">
      <Filter>Source Files</Filter>
    </ClCompile>
    <ClCompile Include="TblFmtD.cpp">
      <Filter>Source Files</Filter>
    </ClCompile>
    <ClCompile Include="TBLGRID.CPP">
      <Filter>Source Files</Filter>
    </ClCompile>
    <ClCompile Include="TblPFmtD.cpp">
      <Filter>Source Files</Filter>
    </ClCompile>
    <ClCompile Include="TblPrtDg.cpp">
      <Filter>Source Files</Filter>
    </ClCompile>
    <ClCompile Include="TblUtDlg.cpp">
      <Filter>Source Files</Filter>
    </ClCompile>
    <ClCompile Include="TlyVrDlg.cpp">
      <Filter>Source Files</Filter>
    </ClCompile>
    <ClCompile Include="TSPDlg.cpp">
      <Filter>Source Files</Filter>
    </ClCompile>
    <ClCompile Include="TSView.CPP">
      <Filter>Source Files</Filter>
    </ClCompile>
    <ClCompile Include="TTallyFD.cpp">
      <Filter>Source Files</Filter>
    </ClCompile>
    <ClCompile Include="Tvdlg.cpp">
      <Filter>Source Files</Filter>
    </ClCompile>
    <ClCompile Include="zTableF.cpp">
      <Filter>Source Files</Filter>
    </ClCompile>
  </ItemGroup>
  <ItemGroup>
    <None Include="Res\BothInt.bmp">
      <Filter>Resource Files</Filter>
    </None>
    <None Include="Res\BothSep.bmp">
      <Filter>Resource Files</Filter>
    </None>
    <None Include="res\col.cur">
      <Filter>Resource Files</Filter>
    </None>
    <None Include="res\colplus.cur">
      <Filter>Resource Files</Filter>
    </None>
    <None Include="res\colstar.cur">
      <Filter>Resource Files</Filter>
    </None>
    <None Include="Res\colstarp.cur">
      <Filter>Resource Files</Filter>
    </None>
    <None Include="res\ico00001.ico">
      <Filter>Resource Files</Filter>
    </None>
    <None Include="res\ico00002.ico">
      <Filter>Resource Files</Filter>
    </None>
    <None Include="res\ico00003.ico">
      <Filter>Resource Files</Filter>
    </None>
    <None Include="res\icon1.ico">
      <Filter>Resource Files</Filter>
    </None>
    <None Include="res\itemc.ico">
      <Filter>Resource Files</Filter>
    </None>
    <None Include="res\row.cur">
      <Filter>Resource Files</Filter>
    </None>
    <None Include="res\rowplus.cur">
      <Filter>Resource Files</Filter>
    </None>
    <None Include="res\rowstar.cur">
      <Filter>Resource Files</Filter>
    </None>
    <None Include="Res\rowstarp.cur">
      <Filter>Resource Files</Filter>
    </None>
    <None Include="res\subitem.ico">
      <Filter>Resource Files</Filter>
    </None>
    <None Include="res\table.ico">
      <Filter>Resource Files</Filter>
    </None>
    <None Include="res\tablecol.ico">
      <Filter>Resource Files</Filter>
    </None>
    <None Include="Res\tablelog.ico">
      <Filter>Resource Files</Filter>
    </None>
    <None Include="res\tabulate.ico">
      <Filter>Resource Files</Filter>
    </None>
    <None Include="res\Toolbar.bmp">
      <Filter>Resource Files</Filter>
    </None>
    <None Include="Res\toolbar1.bmp">
      <Filter>Resource Files</Filter>
    </None>
    <None Include="res\vset.ico">
      <Filter>Resource Files</Filter>
    </None>
    <None Include="Res\xtbl.ico">
      <Filter>Resource Files</Filter>
    </None>
    <None Include="Res\xtblog.ico">
      <Filter>Resource Files</Filter>
    </None>
    <None Include="res\nodrop.cur">
      <Filter>Resource Files</Filter>
    </None>
  </ItemGroup>
  <ItemGroup>
    <ClInclude Include="AppFmtD.h">
      <Filter>Header Files</Filter>
    </ClInclude>
    <ClInclude Include="AreaDlg.h">
      <Filter>Header Files</Filter>
    </ClInclude>
    <ClInclude Include="ASCIIExp.h">
      <Filter>Header Files</Filter>
    </ClInclude>
    <ClInclude Include="CmpFmtD.h">
      <Filter>Header Files</Filter>
    </ClInclude>
    <ClInclude Include="ConDlg.h">
      <Filter>Header Files</Filter>
    </ClInclude>
    <ClInclude Include="ConGrid.h">
      <Filter>Header Files</Filter>
    </ClInclude>
    <ClInclude Include="DfStylDg.h">
      <Filter>Header Files</Filter>
    </ClInclude>
    <ClInclude Include="facing.h">
      <Filter>Header Files</Filter>
    </ClInclude>
    <ClInclude Include="FlashMsg.h">
      <Filter>Header Files</Filter>
    </ClInclude>
    <ClInclude Include="FmtClDlg.h">
      <Filter>Header Files</Filter>
    </ClInclude>
    <ClInclude Include="FmtFontD.h">
      <Filter>Header Files</Filter>
    </ClInclude>
    <ClInclude Include="GridExpt.h">
      <Filter>Header Files</Filter>
    </ClInclude>
    <ClInclude Include="GTblob.h">
      <Filter>Header Files</Filter>
    </ClInclude>
    <ClInclude Include="HTMLExpt.h">
      <Filter>Header Files</Filter>
    </ClInclude>
    <ClInclude Include="LogicDlg.h">
      <Filter>Header Files</Filter>
    </ClInclude>
    <ClInclude Include="PrtNvBar.h">
      <Filter>Header Files</Filter>
    </ClInclude>
    <ClInclude Include="PrtVDlg.h">
      <Filter>Header Files</Filter>
    </ClInclude>
    <ClInclude Include="PrtView.h">
      <Filter>Header Files</Filter>
    </ClInclude>
    <ClInclude Include="prtvundo.h">
      <Filter>Header Files</Filter>
    </ClInclude>
    <ClInclude Include="RTFExpt.h">
      <Filter>Header Files</Filter>
    </ClInclude>
    <ClInclude Include="StdAfx.h">
      <Filter>Header Files</Filter>
    </ClInclude>
    <ClInclude Include="TabChWnd.h">
      <Filter>Header Files</Filter>
    </ClInclude>
    <ClInclude Include="TabDoc.h">
      <Filter>Header Files</Filter>
    </ClInclude>
    <ClInclude Include="TabTreeNode.h">
      <Filter>Header Files</Filter>
    </ClInclude>
    <ClInclude Include="TabPDlg.h">
      <Filter>Header Files</Filter>
    </ClInclude>
    <ClInclude Include="TabTrCtl.h">
      <Filter>Header Files</Filter>
    </ClInclude>
    <ClInclude Include="TabView.h">
      <Filter>Header Files</Filter>
    </ClInclude>
    <ClInclude Include="TbHdrClc.h">
      <Filter>Header Files</Filter>
    </ClInclude>
    <ClInclude Include="TblFmtD.h">
      <Filter>Header Files</Filter>
    </ClInclude>
    <ClInclude Include="TBLGRID.H">
      <Filter>Header Files</Filter>
    </ClInclude>
    <ClInclude Include="TblPFmtD.h">
      <Filter>Header Files</Filter>
    </ClInclude>
    <ClInclude Include="TblPrtDg.h">
      <Filter>Header Files</Filter>
    </ClInclude>
    <ClInclude Include="TblUtDlg.h">
      <Filter>Header Files</Filter>
    </ClInclude>
    <ClInclude Include="TlyVrDlg.h">
      <Filter>Header Files</Filter>
    </ClInclude>
    <ClInclude Include="TSPDlg.h">
      <Filter>Header Files</Filter>
    </ClInclude>
    <ClInclude Include="TSView.H">
      <Filter>Header Files</Filter>
    </ClInclude>
    <ClInclude Include="TTallyFD.h">
      <Filter>Header Files</Filter>
    </ClInclude>
    <ClInclude Include="Tvdlg.h">
      <Filter>Header Files</Filter>
    </ClInclude>
    <ClInclude Include="zTableF.h">
      <Filter>Header Files</Filter>
    </ClInclude>
    <ClInclude Include="TabDropSource.h">
      <Filter>Header Files</Filter>
    </ClInclude>
    <ClInclude Include="resource_shared.h">
      <Filter>Header Files</Filter>
    </ClInclude>
    <ClInclude Include="UWM.h">
      <Filter>Header Files</Filter>
    </ClInclude>
    <ClInclude Include="resource.h">
      <Filter>Header Files</Filter>
    </ClInclude>
  </ItemGroup>
  <ItemGroup>
    <ResourceCompile Include="zTableF.rc">
      <Filter>Resource Files</Filter>
    </ResourceCompile>
  </ItemGroup>
</Project>