<?xml version="1.0" encoding="utf-8"?>
<Project ToolsVersion="4.0" xmlns="http://schemas.microsoft.com/developer/msbuild/2003">
  <ItemGroup>
    <Filter Include="Source Files">
      <UniqueIdentifier>{05ef3ee0-e3a9-4cd0-a717-da59503217ea}</UniqueIdentifier>
      <Extensions>cpp;c;cxx;rc;def;r;odl;idl;hpj;bat</Extensions>
    </Filter>
    <Filter Include="Header Files">
      <UniqueIdentifier>{a3eef649-e3c9-4c43-89f7-0873637ae548}</UniqueIdentifier>
      <Extensions>h;hpp;hxx;hm;inl</Extensions>
    </Filter>
  </ItemGroup>
  <ItemGroup>
    <ClCompile Include="GridCell.cpp">
      <Filter>Source Files</Filter>
    </ClCompile>
    <ClCompile Include="GridEnt.cpp">
      <Filter>Source Files</Filter>
    </ClCompile>
    <ClCompile Include="GridInt.cpp">
      <Filter>Source Files</Filter>
    </ClCompile>
    <ClCompile Include="GridLay.cpp">
      <Filter>Source Files</Filter>
    </ClCompile>
    <ClCompile Include="GridTrak.cpp">
      <Filter>Source Files</Filter>
    </ClCompile>
    <ClCompile Include="GridWnd.cpp">
      <Filter>Source Files</Filter>
    </ClCompile>
    <ClCompile Include="StdAfx.cpp">
      <Filter>Source Files</Filter>
    </ClCompile>
    <ClCompile Include="zGrid2O.cpp">
      <Filter>Source Files</Filter>
    </ClCompile>
  </ItemGroup>
  <ItemGroup>
    <ClInclude Include="GridCell.h">
      <Filter>Header Files</Filter>
    </ClInclude>
    <ClInclude Include="GridHit.h">
      <Filter>Header Files</Filter>
    </ClInclude>
    <ClInclude Include="GridTrak.h">
      <Filter>Header Files</Filter>
    </ClInclude>
    <ClInclude Include="GridWnd.h">
      <Filter>Header Files</Filter>
    </ClInclude>
    <ClInclude Include="StdAfx.h">
      <Filter>Header Files</Filter>
    </ClInclude>
    <ClInclude Include="zGrid2O.h">
      <Filter>Header Files</Filter>
    </ClInclude>
  </ItemGroup>
</Project>